Microsoft Visual Studio Solution File, Format Version 10.00
# Visual Studio 2008
Project("{2150E333-8FDC-42A3-9474-1A3956D46DE8}") = "lib", "lib", "{B09CC999-A6F7-4D48-90C8-7256197B7815}"
	ProjectSection(SolutionItems) = preProject
		..\..\lib\Castle.Core.dll = ..\..\lib\Castle.Core.dll
		..\..\lib\Castle.DynamicProxy.dll = ..\..\lib\Castle.DynamicProxy.dll
		..\..\lib\Castle.DynamicProxy2.dll = ..\..\lib\Castle.DynamicProxy2.dll
		..\..\lib\Castle.MicroKernel.dll = ..\..\lib\Castle.MicroKernel.dll
		..\..\lib\Castle.Windsor.dll = ..\..\lib\Castle.Windsor.dll
		..\..\lib\Iesi.Collections.dll = ..\..\lib\Iesi.Collections.dll
		..\..\lib\ILMerge.exe = ..\..\lib\ILMerge.exe
		..\..\lib\log4net.dll = ..\..\lib\log4net.dll
		..\..\lib\MbUnit.Framework.dll = ..\..\lib\MbUnit.Framework.dll
		lib\N2.Parts.dll = lib\N2.Parts.dll
		..\..\lib\NHibernate.Caches.SysCache.dll = ..\..\lib\NHibernate.Caches.SysCache.dll
		..\..\lib\NHibernate.dll = ..\..\lib\NHibernate.dll
		lib\readme.templates.txt = lib\readme.templates.txt
		..\..\lib\readme.txt = ..\..\lib\readme.txt
		..\..\lib\Rhino.Mocks.dll = ..\..\lib\Rhino.Mocks.dll
	EndProjectSection
	ProjectSection(FolderStartupServices) = postProject
		{B4F97281-0DBD-4835-9ED8-7DFB966E87FF} = {B4F97281-0DBD-4835-9ED8-7DFB966E87FF}
	EndProjectSection
EndProject
Project("{2150E333-8FDC-42A3-9474-1A3956D46DE8}") = "Templates", "Templates", "{6E0DECFB-AD5C-48D2-919C-F599C0B9D3B8}"
	ProjectSection(SolutionItems) = preProject
		readme.txt = readme.txt
	EndProjectSection
	ProjectSection(FolderStartupServices) = postProject
		{B4F97281-0DBD-4835-9ED8-7DFB966E87FF} = {B4F97281-0DBD-4835-9ED8-7DFB966E87FF}
	EndProjectSection
EndProject
Project("{2150E333-8FDC-42A3-9474-1A3956D46DE8}") = "doc", "doc", "{4A67B3CD-93C4-4597-BA8C-BDEE6B9AB601}"
	ProjectSection(SolutionItems) = preProject
		..\..\docs\history.txt = ..\..\docs\history.txt
		..\..\docs\License.txt = ..\..\docs\License.txt
		..\..\docs\readme.txt = ..\..\docs\readme.txt
		..\..\docs\templates_readme.txt = ..\..\docs\templates_readme.txt
		..\..\docs\todo.txt = ..\..\docs\todo.txt
	EndProjectSection
	ProjectSection(FolderStartupServices) = postProject
		{B4F97281-0DBD-4835-9ED8-7DFB966E87FF} = {B4F97281-0DBD-4835-9ED8-7DFB966E87FF}
	EndProjectSection
EndProject
Project("{FAE04EC0-301F-11D3-BF4B-00C04F79EFBC}") = "N2.Templates.UI", "UI\N2.Templates.UI.csproj", "{D42D096E-399D-4618-AEB4-9B023BA1316D}"
EndProject
Project("{FAE04EC0-301F-11D3-BF4B-00C04F79EFBC}") = "N2.Templates.ImageGallery", "UI\ImageGallery\N2.Templates.ImageGallery.csproj", "{1B75F6CD-5783-4EF8-A28C-A4F7B4EEE378}"
EndProject
Project("{FAE04EC0-301F-11D3-BF4B-00C04F79EFBC}") = "N2.Templates.News", "UI\News\N2.Templates.News.csproj", "{47172001-0EF6-42E4-B117-6BE96D22AE0D}"
EndProject
Project("{FAE04EC0-301F-11D3-BF4B-00C04F79EFBC}") = "N2.Templates.Search", "UI\Search\N2.Templates.Search.csproj", "{32A9A0BD-BB3D-441D-9678-661559302218}"
EndProject
Project("{FAE04EC0-301F-11D3-BF4B-00C04F79EFBC}") = "N2.Templates.Faq", "UI\Faq\N2.Templates.Faq.csproj", "{78B87E18-2B2E-4543-B944-0A1C16432CE3}"
EndProject
Project("{FAE04EC0-301F-11D3-BF4B-00C04F79EFBC}") = "N2.Templates.Survey", "Survey\N2.Templates.Survey.csproj", "{E750B8F9-9DC4-48C2-A5EE-D7C96F80933C}"
EndProject
Project("{FAE04EC0-301F-11D3-BF4B-00C04F79EFBC}") = "N2.Templates.Poll", "UI\Poll\N2.Templates.Poll.csproj", "{3F87BD2B-8331-4F42-A98C-70291ABAF4B7}"
EndProject
Project("{FAE04EC0-301F-11D3-BF4B-00C04F79EFBC}") = "N2.Templates.Security", "Security\N2.Templates.Security.csproj", "{CB6A29C5-8355-4C4C-B437-619F652B7540}"
EndProject
Project("{FAE04EC0-301F-11D3-BF4B-00C04F79EFBC}") = "N2.Templates.Scrum", "UI\Scrum\N2.Templates.Scrum.csproj", "{5ACE012F-5031-45F2-ABB9-AC3C23C692C6}"
EndProject
Project("{FAE04EC0-301F-11D3-BF4B-00C04F79EFBC}") = "N2.Templates.Advertisement", "UI\Advertisement\N2.Templates.Advertisement.csproj", "{23172B6B-3956-4109-997E-47819DEAB65A}"
EndProject
Project("{FAE04EC0-301F-11D3-BF4B-00C04F79EFBC}") = "N2.Templates", "N2.Templates\N2.Templates.csproj", "{03E2B45D-886A-479B-A8CA-0FE27EAAEF34}"
EndProject
Project("{FAE04EC0-301F-11D3-BF4B-00C04F79EFBC}") = "N2.Templates.Syndication", "Syndication\N2.Templates.Syndication.csproj", "{37C742D0-28E5-459E-80B9-9E645E932CB8}"
EndProject
Project("{FAE04EC0-301F-11D3-BF4B-00C04F79EFBC}") = "N2.Templates.Calendar", "UI\Calendar\N2.Templates.Calendar.csproj", "{F4ED449A-0D11-48B1-A964-9A0984FB613A}"
EndProject
Project("{FAE04EC0-301F-11D3-BF4B-00C04F79EFBC}") = "N2.Templates.Rss", "UI\RSS\N2.Templates.Rss.csproj", "{556470CD-D806-4D1C-9C27-AE9617CC776C}"
EndProject
Project("{FAE04EC0-301F-11D3-BF4B-00C04F79EFBC}") = "N2.Templates.Form", "UI\Form\N2.Templates.Form.csproj", "{CB581243-DF6B-4F4A-89E9-E5FFD67537E4}"
EndProject
Project("{FAE04EC0-301F-11D3-BF4B-00C04F79EFBC}") = "N2.Templates.SEO", "SEO\N2.Templates.SEO.csproj", "{5516D131-2DB8-4DE6-8D5D-238AB63F6EEC}"
EndProject
Project("{2150E333-8FDC-42A3-9474-1A3956D46DE8}") = "Modules", "Modules", "{149C354C-7167-4D0E-BA35-BB9BB284186D}"
EndProject
Project("{FAE04EC0-301F-11D3-BF4B-00C04F79EFBC}") = "Demo", "UI\Demo\Demo.csproj", "{998A9799-37C5-4BD8-9393-B8094D085B40}"
EndProject
Global
	GlobalSection(SolutionConfigurationPlatforms) = preSolution
		Debug|Any CPU = Debug|Any CPU
		Publish|Any CPU = Publish|Any CPU
		Release|Any CPU = Release|Any CPU
	EndGlobalSection
	GlobalSection(ProjectConfigurationPlatforms) = postSolution
		{D42D096E-399D-4618-AEB4-9B023BA1316D}.Debug|Any CPU.ActiveCfg = Debug|Any CPU
		{D42D096E-399D-4618-AEB4-9B023BA1316D}.Debug|Any CPU.Build.0 = Debug|Any CPU
		{D42D096E-399D-4618-AEB4-9B023BA1316D}.Publish|Any CPU.ActiveCfg = Release|Any CPU
		{D42D096E-399D-4618-AEB4-9B023BA1316D}.Publish|Any CPU.Build.0 = Release|Any CPU
		{D42D096E-399D-4618-AEB4-9B023BA1316D}.Release|Any CPU.ActiveCfg = Release|Any CPU
		{D42D096E-399D-4618-AEB4-9B023BA1316D}.Release|Any CPU.Build.0 = Release|Any CPU
		{1B75F6CD-5783-4EF8-A28C-A4F7B4EEE378}.Debug|Any CPU.ActiveCfg = Debug|Any CPU
		{1B75F6CD-5783-4EF8-A28C-A4F7B4EEE378}.Debug|Any CPU.Build.0 = Debug|Any CPU
		{1B75F6CD-5783-4EF8-A28C-A4F7B4EEE378}.Publish|Any CPU.ActiveCfg = Release|Any CPU
		{1B75F6CD-5783-4EF8-A28C-A4F7B4EEE378}.Publish|Any CPU.Build.0 = Release|Any CPU
		{1B75F6CD-5783-4EF8-A28C-A4F7B4EEE378}.Release|Any CPU.ActiveCfg = Release|Any CPU
		{1B75F6CD-5783-4EF8-A28C-A4F7B4EEE378}.Release|Any CPU.Build.0 = Release|Any CPU
		{47172001-0EF6-42E4-B117-6BE96D22AE0D}.Debug|Any CPU.ActiveCfg = Debug|Any CPU
		{47172001-0EF6-42E4-B117-6BE96D22AE0D}.Debug|Any CPU.Build.0 = Debug|Any CPU
		{47172001-0EF6-42E4-B117-6BE96D22AE0D}.Publish|Any CPU.ActiveCfg = Release|Any CPU
		{47172001-0EF6-42E4-B117-6BE96D22AE0D}.Publish|Any CPU.Build.0 = Release|Any CPU
		{47172001-0EF6-42E4-B117-6BE96D22AE0D}.Release|Any CPU.ActiveCfg = Release|Any CPU
		{47172001-0EF6-42E4-B117-6BE96D22AE0D}.Release|Any CPU.Build.0 = Release|Any CPU
		{32A9A0BD-BB3D-441D-9678-661559302218}.Debug|Any CPU.ActiveCfg = Debug|Any CPU
		{32A9A0BD-BB3D-441D-9678-661559302218}.Debug|Any CPU.Build.0 = Debug|Any CPU
		{32A9A0BD-BB3D-441D-9678-661559302218}.Publish|Any CPU.ActiveCfg = Release|Any CPU
		{32A9A0BD-BB3D-441D-9678-661559302218}.Publish|Any CPU.Build.0 = Release|Any CPU
		{32A9A0BD-BB3D-441D-9678-661559302218}.Release|Any CPU.ActiveCfg = Release|Any CPU
		{32A9A0BD-BB3D-441D-9678-661559302218}.Release|Any CPU.Build.0 = Release|Any CPU
		{78B87E18-2B2E-4543-B944-0A1C16432CE3}.Debug|Any CPU.ActiveCfg = Debug|Any CPU
		{78B87E18-2B2E-4543-B944-0A1C16432CE3}.Debug|Any CPU.Build.0 = Debug|Any CPU
		{78B87E18-2B2E-4543-B944-0A1C16432CE3}.Publish|Any CPU.ActiveCfg = Release|Any CPU
		{78B87E18-2B2E-4543-B944-0A1C16432CE3}.Publish|Any CPU.Build.0 = Release|Any CPU
		{78B87E18-2B2E-4543-B944-0A1C16432CE3}.Release|Any CPU.ActiveCfg = Release|Any CPU
		{78B87E18-2B2E-4543-B944-0A1C16432CE3}.Release|Any CPU.Build.0 = Release|Any CPU
		{E750B8F9-9DC4-48C2-A5EE-D7C96F80933C}.Debug|Any CPU.ActiveCfg = Debug|Any CPU
		{E750B8F9-9DC4-48C2-A5EE-D7C96F80933C}.Debug|Any CPU.Build.0 = Debug|Any CPU
		{E750B8F9-9DC4-48C2-A5EE-D7C96F80933C}.Publish|Any CPU.ActiveCfg = Release|Any CPU
		{E750B8F9-9DC4-48C2-A5EE-D7C96F80933C}.Publish|Any CPU.Build.0 = Release|Any CPU
		{E750B8F9-9DC4-48C2-A5EE-D7C96F80933C}.Release|Any CPU.ActiveCfg = Release|Any CPU
		{E750B8F9-9DC4-48C2-A5EE-D7C96F80933C}.Release|Any CPU.Build.0 = Release|Any CPU
		{3F87BD2B-8331-4F42-A98C-70291ABAF4B7}.Debug|Any CPU.ActiveCfg = Debug|Any CPU
		{3F87BD2B-8331-4F42-A98C-70291ABAF4B7}.Debug|Any CPU.Build.0 = Debug|Any CPU
		{3F87BD2B-8331-4F42-A98C-70291ABAF4B7}.Publish|Any CPU.ActiveCfg = Release|Any CPU
		{3F87BD2B-8331-4F42-A98C-70291ABAF4B7}.Publish|Any CPU.Build.0 = Release|Any CPU
		{3F87BD2B-8331-4F42-A98C-70291ABAF4B7}.Release|Any CPU.ActiveCfg = Release|Any CPU
		{3F87BD2B-8331-4F42-A98C-70291ABAF4B7}.Release|Any CPU.Build.0 = Release|Any CPU
		{CB6A29C5-8355-4C4C-B437-619F652B7540}.Debug|Any CPU.ActiveCfg = Debug|Any CPU
		{CB6A29C5-8355-4C4C-B437-619F652B7540}.Debug|Any CPU.Build.0 = Debug|Any CPU
		{CB6A29C5-8355-4C4C-B437-619F652B7540}.Publish|Any CPU.ActiveCfg = Release|Any CPU
		{CB6A29C5-8355-4C4C-B437-619F652B7540}.Publish|Any CPU.Build.0 = Release|Any CPU
		{CB6A29C5-8355-4C4C-B437-619F652B7540}.Release|Any CPU.ActiveCfg = Release|Any CPU
		{CB6A29C5-8355-4C4C-B437-619F652B7540}.Release|Any CPU.Build.0 = Release|Any CPU
		{5ACE012F-5031-45F2-ABB9-AC3C23C692C6}.Debug|Any CPU.ActiveCfg = Debug|Any CPU
		{5ACE012F-5031-45F2-ABB9-AC3C23C692C6}.Debug|Any CPU.Build.0 = Debug|Any CPU
		{5ACE012F-5031-45F2-ABB9-AC3C23C692C6}.Publish|Any CPU.ActiveCfg = Release|Any CPU
		{5ACE012F-5031-45F2-ABB9-AC3C23C692C6}.Publish|Any CPU.Build.0 = Release|Any CPU
		{5ACE012F-5031-45F2-ABB9-AC3C23C692C6}.Release|Any CPU.ActiveCfg = Release|Any CPU
		{5ACE012F-5031-45F2-ABB9-AC3C23C692C6}.Release|Any CPU.Build.0 = Release|Any CPU
		{23172B6B-3956-4109-997E-47819DEAB65A}.Debug|Any CPU.ActiveCfg = Debug|Any CPU
		{23172B6B-3956-4109-997E-47819DEAB65A}.Debug|Any CPU.Build.0 = Debug|Any CPU
		{23172B6B-3956-4109-997E-47819DEAB65A}.Publish|Any CPU.ActiveCfg = Release|Any CPU
		{23172B6B-3956-4109-997E-47819DEAB65A}.Publish|Any CPU.Build.0 = Release|Any CPU
		{23172B6B-3956-4109-997E-47819DEAB65A}.Release|Any CPU.ActiveCfg = Release|Any CPU
		{23172B6B-3956-4109-997E-47819DEAB65A}.Release|Any CPU.Build.0 = Release|Any CPU
		{03E2B45D-886A-479B-A8CA-0FE27EAAEF34}.Debug|Any CPU.ActiveCfg = Debug|Any CPU
		{03E2B45D-886A-479B-A8CA-0FE27EAAEF34}.Debug|Any CPU.Build.0 = Debug|Any CPU
		{03E2B45D-886A-479B-A8CA-0FE27EAAEF34}.Publish|Any CPU.ActiveCfg = Release|Any CPU
		{03E2B45D-886A-479B-A8CA-0FE27EAAEF34}.Publish|Any CPU.Build.0 = Release|Any CPU
		{03E2B45D-886A-479B-A8CA-0FE27EAAEF34}.Release|Any CPU.ActiveCfg = Release|Any CPU
		{03E2B45D-886A-479B-A8CA-0FE27EAAEF34}.Release|Any CPU.Build.0 = Release|Any CPU
		{37C742D0-28E5-459E-80B9-9E645E932CB8}.Debug|Any CPU.ActiveCfg = Debug|Any CPU
		{37C742D0-28E5-459E-80B9-9E645E932CB8}.Debug|Any CPU.Build.0 = Debug|Any CPU
		{37C742D0-28E5-459E-80B9-9E645E932CB8}.Publish|Any CPU.ActiveCfg = Release|Any CPU
		{37C742D0-28E5-459E-80B9-9E645E932CB8}.Publish|Any CPU.Build.0 = Release|Any CPU
		{37C742D0-28E5-459E-80B9-9E645E932CB8}.Release|Any CPU.ActiveCfg = Release|Any CPU
		{37C742D0-28E5-459E-80B9-9E645E932CB8}.Release|Any CPU.Build.0 = Release|Any CPU
		{F4ED449A-0D11-48B1-A964-9A0984FB613A}.Debug|Any CPU.ActiveCfg = Debug|Any CPU
		{F4ED449A-0D11-48B1-A964-9A0984FB613A}.Debug|Any CPU.Build.0 = Debug|Any CPU
		{F4ED449A-0D11-48B1-A964-9A0984FB613A}.Publish|Any CPU.ActiveCfg = Release|Any CPU
		{F4ED449A-0D11-48B1-A964-9A0984FB613A}.Publish|Any CPU.Build.0 = Release|Any CPU
		{F4ED449A-0D11-48B1-A964-9A0984FB613A}.Release|Any CPU.ActiveCfg = Release|Any CPU
		{F4ED449A-0D11-48B1-A964-9A0984FB613A}.Release|Any CPU.Build.0 = Release|Any CPU
		{556470CD-D806-4D1C-9C27-AE9617CC776C}.Debug|Any CPU.ActiveCfg = Debug|Any CPU
		{556470CD-D806-4D1C-9C27-AE9617CC776C}.Debug|Any CPU.Build.0 = Debug|Any CPU
		{556470CD-D806-4D1C-9C27-AE9617CC776C}.Publish|Any CPU.ActiveCfg = Release|Any CPU
		{556470CD-D806-4D1C-9C27-AE9617CC776C}.Publish|Any CPU.Build.0 = Release|Any CPU
		{556470CD-D806-4D1C-9C27-AE9617CC776C}.Release|Any CPU.ActiveCfg = Release|Any CPU
		{556470CD-D806-4D1C-9C27-AE9617CC776C}.Release|Any CPU.Build.0 = Release|Any CPU
		{CB581243-DF6B-4F4A-89E9-E5FFD67537E4}.Debug|Any CPU.ActiveCfg = Debug|Any CPU
		{CB581243-DF6B-4F4A-89E9-E5FFD67537E4}.Debug|Any CPU.Build.0 = Debug|Any CPU
		{CB581243-DF6B-4F4A-89E9-E5FFD67537E4}.Publish|Any CPU.ActiveCfg = Release|Any CPU
		{CB581243-DF6B-4F4A-89E9-E5FFD67537E4}.Publish|Any CPU.Build.0 = Release|Any CPU
		{CB581243-DF6B-4F4A-89E9-E5FFD67537E4}.Release|Any CPU.ActiveCfg = Release|Any CPU
		{CB581243-DF6B-4F4A-89E9-E5FFD67537E4}.Release|Any CPU.Build.0 = Release|Any CPU
		{5516D131-2DB8-4DE6-8D5D-238AB63F6EEC}.Debug|Any CPU.ActiveCfg = Debug|Any CPU
		{5516D131-2DB8-4DE6-8D5D-238AB63F6EEC}.Debug|Any CPU.Build.0 = Debug|Any CPU
		{5516D131-2DB8-4DE6-8D5D-238AB63F6EEC}.Publish|Any CPU.ActiveCfg = Release|Any CPU
		{5516D131-2DB8-4DE6-8D5D-238AB63F6EEC}.Publish|Any CPU.Build.0 = Release|Any CPU
		{5516D131-2DB8-4DE6-8D5D-238AB63F6EEC}.Release|Any CPU.ActiveCfg = Release|Any CPU
		{5516D131-2DB8-4DE6-8D5D-238AB63F6EEC}.Release|Any CPU.Build.0 = Release|Any CPU
		{998A9799-37C5-4BD8-9393-B8094D085B40}.Debug|Any CPU.ActiveCfg = Debug|Any CPU
		{998A9799-37C5-4BD8-9393-B8094D085B40}.Debug|Any CPU.Build.0 = Debug|Any CPU
		{998A9799-37C5-4BD8-9393-B8094D085B40}.Publish|Any CPU.ActiveCfg = Release|Any CPU
		{998A9799-37C5-4BD8-9393-B8094D085B40}.Publish|Any CPU.Build.0 = Release|Any CPU
		{998A9799-37C5-4BD8-9393-B8094D085B40}.Release|Any CPU.ActiveCfg = Release|Any CPU
		{998A9799-37C5-4BD8-9393-B8094D085B40}.Release|Any CPU.Build.0 = Release|Any CPU
	EndGlobalSection
	GlobalSection(SolutionProperties) = preSolution
		HideSolutionNode = FALSE
	EndGlobalSection
	GlobalSection(NestedProjects) = preSolution
		{47172001-0EF6-42E4-B117-6BE96D22AE0D} = {149C354C-7167-4D0E-BA35-BB9BB284186D}
		{32A9A0BD-BB3D-441D-9678-661559302218} = {149C354C-7167-4D0E-BA35-BB9BB284186D}
		{78B87E18-2B2E-4543-B944-0A1C16432CE3} = {149C354C-7167-4D0E-BA35-BB9BB284186D}
		{3F87BD2B-8331-4F42-A98C-70291ABAF4B7} = {149C354C-7167-4D0E-BA35-BB9BB284186D}
		{5ACE012F-5031-45F2-ABB9-AC3C23C692C6} = {149C354C-7167-4D0E-BA35-BB9BB284186D}
		{23172B6B-3956-4109-997E-47819DEAB65A} = {149C354C-7167-4D0E-BA35-BB9BB284186D}
		{F4ED449A-0D11-48B1-A964-9A0984FB613A} = {149C354C-7167-4D0E-BA35-BB9BB284186D}
		{556470CD-D806-4D1C-9C27-AE9617CC776C} = {149C354C-7167-4D0E-BA35-BB9BB284186D}
		{CB581243-DF6B-4F4A-89E9-E5FFD67537E4} = {149C354C-7167-4D0E-BA35-BB9BB284186D}
		{1B75F6CD-5783-4EF8-A28C-A4F7B4EEE378} = {149C354C-7167-4D0E-BA35-BB9BB284186D}
		{998A9799-37C5-4BD8-9393-B8094D085B40} = {149C354C-7167-4D0E-BA35-BB9BB284186D}
	EndGlobalSection
	GlobalSection(TextTemplating) = postSolution
		TextTemplating = 1
	EndGlobalSection
EndGlobal
