
Microsoft Visual Studio Solution File, Format Version 10.00
# Visual Studio 2008
Project("{FAE04EC0-301F-11D3-BF4B-00C04F79EFBC}") = "MvcWithProjectReferences", "wwwroot\MvcWithProjectReferences.csproj", "{1A6049A8-9F5D-4BBA-A0C5-106CBF4EAE0D}"
EndProject
Project("{FAE04EC0-301F-11D3-BF4B-00C04F79EFBC}") = "N2", "..\..\src\Framework\N2\N2.csproj", "{F3C813FE-C51B-4C10-85E2-FD2560E73E72}"
EndProject
Project("{FAE04EC0-301F-11D3-BF4B-00C04F79EFBC}") = "N2.Extensions", "..\..\src\Framework\Extensions\N2.Extensions.csproj", "{E1A4B329-2EA0-445E-B22F-08DBAD0DF497}"
EndProject
Project("{FAE04EC0-301F-11D3-BF4B-00C04F79EFBC}") = "N2.Extensions.Tests", "..\..\src\Framework\Extensions.Tests\N2.Extensions.Tests.csproj", "{84876FD2-9055-4A02-A163-1495E5659BC7}"
EndProject
Project("{FAE04EC0-301F-11D3-BF4B-00C04F79EFBC}") = "N2.Tests", "..\..\src\Framework\Tests\N2.Tests.csproj", "{4B026365-D03B-40B4-862B-11608BA756B0}"
EndProject
Global
	GlobalSection(SolutionConfigurationPlatforms) = preSolution
		Debug|Any CPU = Debug|Any CPU
		Publish|Any CPU = Publish|Any CPU
		Release|Any CPU = Release|Any CPU
	EndGlobalSection
	GlobalSection(ProjectConfigurationPlatforms) = postSolution
		{1A6049A8-9F5D-4BBA-A0C5-106CBF4EAE0D}.Debug|Any CPU.ActiveCfg = Debug|Any CPU
		{1A6049A8-9F5D-4BBA-A0C5-106CBF4EAE0D}.Debug|Any CPU.Build.0 = Debug|Any CPU
		{1A6049A8-9F5D-4BBA-A0C5-106CBF4EAE0D}.Publish|Any CPU.ActiveCfg = Release|Any CPU
		{1A6049A8-9F5D-4BBA-A0C5-106CBF4EAE0D}.Publish|Any CPU.Build.0 = Release|Any CPU
		{1A6049A8-9F5D-4BBA-A0C5-106CBF4EAE0D}.Release|Any CPU.ActiveCfg = Release|Any CPU
		{1A6049A8-9F5D-4BBA-A0C5-106CBF4EAE0D}.Release|Any CPU.Build.0 = Release|Any CPU
		{F3C813FE-C51B-4C10-85E2-FD2560E73E72}.Debug|Any CPU.ActiveCfg = Debug|Any CPU
		{F3C813FE-C51B-4C10-85E2-FD2560E73E72}.Debug|Any CPU.Build.0 = Debug|Any CPU
		{F3C813FE-C51B-4C10-85E2-FD2560E73E72}.Publish|Any CPU.ActiveCfg = Release|Any CPU
		{F3C813FE-C51B-4C10-85E2-FD2560E73E72}.Publish|Any CPU.Build.0 = Release|Any CPU
		{F3C813FE-C51B-4C10-85E2-FD2560E73E72}.Release|Any CPU.ActiveCfg = Release|Any CPU
		{F3C813FE-C51B-4C10-85E2-FD2560E73E72}.Release|Any CPU.Build.0 = Release|Any CPU
		{E1A4B329-2EA0-445E-B22F-08DBAD0DF497}.Debug|Any CPU.ActiveCfg = Debug|Any CPU
		{E1A4B329-2EA0-445E-B22F-08DBAD0DF497}.Debug|Any CPU.Build.0 = Debug|Any CPU
		{E1A4B329-2EA0-445E-B22F-08DBAD0DF497}.Publish|Any CPU.ActiveCfg = Release|Any CPU
		{E1A4B329-2EA0-445E-B22F-08DBAD0DF497}.Publish|Any CPU.Build.0 = Release|Any CPU
		{E1A4B329-2EA0-445E-B22F-08DBAD0DF497}.Release|Any CPU.ActiveCfg = Release|Any CPU
		{E1A4B329-2EA0-445E-B22F-08DBAD0DF497}.Release|Any CPU.Build.0 = Release|Any CPU
		{84876FD2-9055-4A02-A163-1495E5659BC7}.Debug|Any CPU.ActiveCfg = Debug|Any CPU
		{84876FD2-9055-4A02-A163-1495E5659BC7}.Debug|Any CPU.Build.0 = Debug|Any CPU
		{84876FD2-9055-4A02-A163-1495E5659BC7}.Publish|Any CPU.ActiveCfg = Release|Any CPU
		{84876FD2-9055-4A02-A163-1495E5659BC7}.Publish|Any CPU.Build.0 = Release|Any CPU
		{84876FD2-9055-4A02-A163-1495E5659BC7}.Release|Any CPU.ActiveCfg = Release|Any CPU
		{84876FD2-9055-4A02-A163-1495E5659BC7}.Release|Any CPU.Build.0 = Release|Any CPU
		{4B026365-D03B-40B4-862B-11608BA756B0}.Debug|Any CPU.ActiveCfg = Debug|Any CPU
		{4B026365-D03B-40B4-862B-11608BA756B0}.Debug|Any CPU.Build.0 = Debug|Any CPU
		{4B026365-D03B-40B4-862B-11608BA756B0}.Publish|Any CPU.ActiveCfg = Publish|Any CPU
		{4B026365-D03B-40B4-862B-11608BA756B0}.Publish|Any CPU.Build.0 = Publish|Any CPU
		{4B026365-D03B-40B4-862B-11608BA756B0}.Release|Any CPU.ActiveCfg = Release|Any CPU
		{4B026365-D03B-40B4-862B-11608BA756B0}.Release|Any CPU.Build.0 = Release|Any CPU
	EndGlobalSection
	GlobalSection(SolutionProperties) = preSolution
		HideSolutionNode = FALSE
	EndGlobalSection
EndGlobal
