
Microsoft Visual Studio Solution File, Format Version 12.00
# Visual Studio 2012
Project("{FAE04EC0-301F-11D3-BF4B-00C04F79EFBC}") = "MVC", "MVC\MVC.csproj", "{8DCCD781-4052-4AC7-8D7A-9F416659932B}"
EndProject
Project("{FAE04EC0-301F-11D3-BF4B-00C04F79EFBC}") = "CSharp", "CSharp\CSharp.csproj", "{1A4DD4BB-86DA-4A37-BCA1-E3259C46E913}"
EndProject
Global
	GlobalSection(SolutionConfigurationPlatforms) = preSolution
		Debug|.NET = Debug|.NET
		Debug|Any CPU = Debug|Any CPU
		Debug|Mixed Platforms = Debug|Mixed Platforms
		Release|.NET = Release|.NET
		Release|Any CPU = Release|Any CPU
		Release|Mixed Platforms = Release|Mixed Platforms
	EndGlobalSection
	GlobalSection(ProjectConfigurationPlatforms) = postSolution
		{8DCCD781-4052-4AC7-8D7A-9F416659932B}.Debug|.NET.ActiveCfg = Debug|Any CPU
		{8DCCD781-4052-4AC7-8D7A-9F416659932B}.Debug|Any CPU.ActiveCfg = Debug|Any CPU
		{8DCCD781-4052-4AC7-8D7A-9F416659932B}.Debug|Any CPU.Build.0 = Debug|Any CPU
		{8DCCD781-4052-4AC7-8D7A-9F416659932B}.Debug|Mixed Platforms.ActiveCfg = Debug|Any CPU
		{8DCCD781-4052-4AC7-8D7A-9F416659932B}.Debug|Mixed Platforms.Build.0 = Debug|Any CPU
		{8DCCD781-4052-4AC7-8D7A-9F416659932B}.Release|.NET.ActiveCfg = Release|Any CPU
		{8DCCD781-4052-4AC7-8D7A-9F416659932B}.Release|Any CPU.ActiveCfg = Release|Any CPU
		{8DCCD781-4052-4AC7-8D7A-9F416659932B}.Release|Any CPU.Build.0 = Release|Any CPU
		{8DCCD781-4052-4AC7-8D7A-9F416659932B}.Release|Mixed Platforms.ActiveCfg = Release|Any CPU
		{8DCCD781-4052-4AC7-8D7A-9F416659932B}.Release|Mixed Platforms.Build.0 = Release|Any CPU
		{1A4DD4BB-86DA-4A37-BCA1-E3259C46E913}.Debug|.NET.ActiveCfg = Debug|Any CPU
		{1A4DD4BB-86DA-4A37-BCA1-E3259C46E913}.Debug|Any CPU.ActiveCfg = Debug|Any CPU
		{1A4DD4BB-86DA-4A37-BCA1-E3259C46E913}.Debug|Any CPU.Build.0 = Debug|Any CPU
		{1A4DD4BB-86DA-4A37-BCA1-E3259C46E913}.Debug|Mixed Platforms.ActiveCfg = Debug|Any CPU
		{1A4DD4BB-86DA-4A37-BCA1-E3259C46E913}.Debug|Mixed Platforms.Build.0 = Debug|Any CPU
		{1A4DD4BB-86DA-4A37-BCA1-E3259C46E913}.Release|.NET.ActiveCfg = Release|Any CPU
		{1A4DD4BB-86DA-4A37-BCA1-E3259C46E913}.Release|Any CPU.ActiveCfg = Release|Any CPU
		{1A4DD4BB-86DA-4A37-BCA1-E3259C46E913}.Release|Any CPU.Build.0 = Release|Any CPU
		{1A4DD4BB-86DA-4A37-BCA1-E3259C46E913}.Release|Mixed Platforms.ActiveCfg = Release|Any CPU
		{1A4DD4BB-86DA-4A37-BCA1-E3259C46E913}.Release|Mixed Platforms.Build.0 = Release|Any CPU
	EndGlobalSection
	GlobalSection(SolutionProperties) = preSolution
		HideSolutionNode = FALSE
	EndGlobalSection
	GlobalSection(TextTemplating) = postSolution
		TextTemplating = 1
	EndGlobalSection
EndGlobal
