
Microsoft Visual Studio Solution File, Format Version 10.00
# Visual Studio 2008
Project("{2150E333-8FDC-42A3-9474-1A3956D46DE8}") = "Simple Web Site", "Simple Web Site", "{D037EABD-718B-468A-A23D-4439AF936DCD}"
	ProjectSection(FolderStartupServices) = postProject
		{B4F97281-0DBD-4835-9ED8-7DFB966E87FF} = {B4F97281-0DBD-4835-9ED8-7DFB966E87FF}
	EndProjectSection
EndProject
Project("{2150E333-8FDC-42A3-9474-1A3956D46DE8}") = "Parts", "Parts", "{11653C5A-A506-484F-B7FC-6CC9E0413633}"
	ProjectSection(FolderStartupServices) = postProject
		{B4F97281-0DBD-4835-9ED8-7DFB966E87FF} = {B4F97281-0DBD-4835-9ED8-7DFB966E87FF}
	EndProjectSection
EndProject
Project("{2150E333-8FDC-42A3-9474-1A3956D46DE8}") = "Medium Trust", "Medium Trust", "{85019B1D-187F-42E4-97DC-8E0BF58F23B7}"
	ProjectSection(FolderStartupServices) = postProject
		{B4F97281-0DBD-4835-9ED8-7DFB966E87FF} = {B4F97281-0DBD-4835-9ED8-7DFB966E87FF}
	EndProjectSection
EndProject
Project("{E24C65DC-7377-472B-9ABA-BC803B73C61A}") = "CS", "SimpleWebSite\CS\", "{7FC2ECE2-AB05-47B4-B7CE-87E965D66401}"
	ProjectSection(WebsiteProperties) = preProject
		SccProjectName = ""
		SccAuxPath = ""
		SccLocalPath = ""
		SccProvider = ""
		TargetFramework = "2.0"
		Debug.AspNetCompiler.VirtualPath = "/CS"
		Debug.AspNetCompiler.PhysicalPath = "SimpleWebSite\CS\"
		Debug.AspNetCompiler.TargetPath = "PrecompiledWeb\CS\"
		Debug.AspNetCompiler.Updateable = "true"
		Debug.AspNetCompiler.ForceOverwrite = "true"
		Debug.AspNetCompiler.FixedNames = "false"
		Debug.AspNetCompiler.Debug = "True"
		Release.AspNetCompiler.VirtualPath = "/CS"
		Release.AspNetCompiler.PhysicalPath = "SimpleWebSite\CS\"
		Release.AspNetCompiler.TargetPath = "PrecompiledWeb\CS\"
		Release.AspNetCompiler.Updateable = "true"
		Release.AspNetCompiler.ForceOverwrite = "true"
		Release.AspNetCompiler.FixedNames = "false"
		Release.AspNetCompiler.Debug = "False"
		VWDPort = "1547"
	EndProjectSection
EndProject
Project("{E24C65DC-7377-472B-9ABA-BC803B73C61A}") = "VB", "SimpleWebSite\VB\", "{6F26C30B-F727-44BA-8F41-24B199D0AC1C}"
	ProjectSection(WebsiteProperties) = preProject
		SccProjectName = ""
		SccAuxPath = ""
		SccLocalPath = ""
		SccProvider = ""
		TargetFramework = "2.0"
		Debug.AspNetCompiler.VirtualPath = "/VB"
		Debug.AspNetCompiler.PhysicalPath = "SimpleWebSite\VB\"
		Debug.AspNetCompiler.TargetPath = "PrecompiledWeb\VB\"
		Debug.AspNetCompiler.Updateable = "true"
		Debug.AspNetCompiler.ForceOverwrite = "true"
		Debug.AspNetCompiler.FixedNames = "false"
		Debug.AspNetCompiler.Debug = "True"
		Release.AspNetCompiler.VirtualPath = "/VB"
		Release.AspNetCompiler.PhysicalPath = "SimpleWebSite\VB\"
		Release.AspNetCompiler.TargetPath = "PrecompiledWeb\VB\"
		Release.AspNetCompiler.Updateable = "true"
		Release.AspNetCompiler.ForceOverwrite = "true"
		Release.AspNetCompiler.FixedNames = "false"
		Release.AspNetCompiler.Debug = "False"
		VWDPort = "1561"
	EndProjectSection
EndProject
Project("{E24C65DC-7377-472B-9ABA-BC803B73C61A}") = "WebSite", "Parts\WebSite\", "{F1BA6158-426A-4E18-AD8F-F0CF2E8FE0E4}"
	ProjectSection(WebsiteProperties) = preProject
		SccProjectName = ""
		SccAuxPath = ""
		SccLocalPath = ""
		SccProvider = ""
		TargetFramework = "2.0"
		Debug.AspNetCompiler.VirtualPath = "/WebSite(1)"
		Debug.AspNetCompiler.PhysicalPath = "Parts\WebSite\"
		Debug.AspNetCompiler.TargetPath = "PrecompiledWeb\WebSite(1)\"
		Debug.AspNetCompiler.Updateable = "true"
		Debug.AspNetCompiler.ForceOverwrite = "true"
		Debug.AspNetCompiler.FixedNames = "false"
		Debug.AspNetCompiler.Debug = "True"
		Release.AspNetCompiler.VirtualPath = "/WebSite(1)"
		Release.AspNetCompiler.PhysicalPath = "Parts\WebSite\"
		Release.AspNetCompiler.TargetPath = "PrecompiledWeb\WebSite(1)\"
		Release.AspNetCompiler.Updateable = "true"
		Release.AspNetCompiler.ForceOverwrite = "true"
		Release.AspNetCompiler.FixedNames = "false"
		Release.AspNetCompiler.Debug = "False"
		VWDPort = "2332"
	EndProjectSection
EndProject
Project("{FAE04EC0-301F-11D3-BF4B-00C04F79EFBC}") = "MediumTrustTest", "MediumTrust\WebProject\MediumTrustTest.csproj", "{23188961-CC8E-4D05-BC09-C6BE83D17640}"
EndProject
Project("{2150E333-8FDC-42A3-9474-1A3956D46DE8}") = "Mvc", "Mvc", "{FFDFE4E3-10CF-428A-A77C-51AFDC4561E5}"
EndProject
Project("{2150E333-8FDC-42A3-9474-1A3956D46DE8}") = "Templates Implementation", "Templates Implementation", "{91671D3F-E6C3-412B-89FF-BC14C0A0DE39}"
EndProject
Project("{FAE04EC0-301F-11D3-BF4B-00C04F79EFBC}") = "MyProject", "TemplatesImplementation\WebProject\MyProject.csproj", "{EA85AF3E-9AD8-46EE-AF7D-33E94B27E2B3}"
EndProject
Project("{2150E333-8FDC-42A3-9474-1A3956D46DE8}") = "Multiple Sites", "Multiple Sites", "{B19718DD-E889-4797-BDE4-86CDD3646624}"
EndProject
Project("{E24C65DC-7377-472B-9ABA-BC803B73C61A}") = "MultipleDomains", "MultipleDomains\", "{D1E62802-918B-4926-8F62-6A6B9EB4670C}"
	ProjectSection(WebsiteProperties) = preProject
		TargetFramework = "2.0"
		Debug.AspNetCompiler.VirtualPath = "/MultipleDomains"
		Debug.AspNetCompiler.PhysicalPath = "MultipleDomains\"
		Debug.AspNetCompiler.TargetPath = "PrecompiledWeb\MultipleDomains\"
		Debug.AspNetCompiler.Updateable = "true"
		Debug.AspNetCompiler.ForceOverwrite = "true"
		Debug.AspNetCompiler.FixedNames = "false"
		Debug.AspNetCompiler.Debug = "True"
		Release.AspNetCompiler.VirtualPath = "/MultipleDomains"
		Release.AspNetCompiler.PhysicalPath = "MultipleDomains\"
		Release.AspNetCompiler.TargetPath = "PrecompiledWeb\MultipleDomains\"
		Release.AspNetCompiler.Updateable = "true"
		Release.AspNetCompiler.ForceOverwrite = "true"
		Release.AspNetCompiler.FixedNames = "false"
		Release.AspNetCompiler.Debug = "False"
		VWDPort = "3686"
	EndProjectSection
EndProject
Global
	GlobalSection(SolutionConfigurationPlatforms) = preSolution
		Debug|.NET = Debug|.NET
		Debug|Any CPU = Debug|Any CPU
		Debug|Mixed Platforms = Debug|Mixed Platforms
		Release|.NET = Release|.NET
		Release|Any CPU = Release|Any CPU
		Release|Mixed Platforms = Release|Mixed Platforms
	EndGlobalSection
	GlobalSection(ProjectConfigurationPlatforms) = postSolution
		{7FC2ECE2-AB05-47B4-B7CE-87E965D66401}.Debug|.NET.ActiveCfg = Debug|.NET
		{7FC2ECE2-AB05-47B4-B7CE-87E965D66401}.Debug|.NET.Build.0 = Debug|.NET
		{7FC2ECE2-AB05-47B4-B7CE-87E965D66401}.Debug|Any CPU.ActiveCfg = Debug|.NET
		{7FC2ECE2-AB05-47B4-B7CE-87E965D66401}.Debug|Mixed Platforms.ActiveCfg = Debug|.NET
		{7FC2ECE2-AB05-47B4-B7CE-87E965D66401}.Debug|Mixed Platforms.Build.0 = Debug|.NET
		{7FC2ECE2-AB05-47B4-B7CE-87E965D66401}.Release|.NET.ActiveCfg = Debug|.NET
		{7FC2ECE2-AB05-47B4-B7CE-87E965D66401}.Release|.NET.Build.0 = Debug|.NET
		{7FC2ECE2-AB05-47B4-B7CE-87E965D66401}.Release|Any CPU.ActiveCfg = Debug|.NET
		{7FC2ECE2-AB05-47B4-B7CE-87E965D66401}.Release|Mixed Platforms.ActiveCfg = Debug|.NET
		{7FC2ECE2-AB05-47B4-B7CE-87E965D66401}.Release|Mixed Platforms.Build.0 = Debug|.NET
		{6F26C30B-F727-44BA-8F41-24B199D0AC1C}.Debug|.NET.ActiveCfg = Debug|.NET
		{6F26C30B-F727-44BA-8F41-24B199D0AC1C}.Debug|.NET.Build.0 = Debug|.NET
		{6F26C30B-F727-44BA-8F41-24B199D0AC1C}.Debug|Any CPU.ActiveCfg = Debug|.NET
		{6F26C30B-F727-44BA-8F41-24B199D0AC1C}.Debug|Mixed Platforms.ActiveCfg = Debug|.NET
		{6F26C30B-F727-44BA-8F41-24B199D0AC1C}.Debug|Mixed Platforms.Build.0 = Debug|.NET
		{6F26C30B-F727-44BA-8F41-24B199D0AC1C}.Release|.NET.ActiveCfg = Debug|.NET
		{6F26C30B-F727-44BA-8F41-24B199D0AC1C}.Release|.NET.Build.0 = Debug|.NET
		{6F26C30B-F727-44BA-8F41-24B199D0AC1C}.Release|Any CPU.ActiveCfg = Debug|.NET
		{6F26C30B-F727-44BA-8F41-24B199D0AC1C}.Release|Mixed Platforms.ActiveCfg = Debug|.NET
		{6F26C30B-F727-44BA-8F41-24B199D0AC1C}.Release|Mixed Platforms.Build.0 = Debug|.NET
		{F1BA6158-426A-4E18-AD8F-F0CF2E8FE0E4}.Debug|.NET.ActiveCfg = Debug|.NET
		{F1BA6158-426A-4E18-AD8F-F0CF2E8FE0E4}.Debug|.NET.Build.0 = Debug|.NET
		{F1BA6158-426A-4E18-AD8F-F0CF2E8FE0E4}.Debug|Any CPU.ActiveCfg = Debug|.NET
		{F1BA6158-426A-4E18-AD8F-F0CF2E8FE0E4}.Debug|Mixed Platforms.ActiveCfg = Debug|.NET
		{F1BA6158-426A-4E18-AD8F-F0CF2E8FE0E4}.Debug|Mixed Platforms.Build.0 = Debug|.NET
		{F1BA6158-426A-4E18-AD8F-F0CF2E8FE0E4}.Release|.NET.ActiveCfg = Debug|.NET
		{F1BA6158-426A-4E18-AD8F-F0CF2E8FE0E4}.Release|.NET.Build.0 = Debug|.NET
		{F1BA6158-426A-4E18-AD8F-F0CF2E8FE0E4}.Release|Any CPU.ActiveCfg = Debug|.NET
		{F1BA6158-426A-4E18-AD8F-F0CF2E8FE0E4}.Release|Mixed Platforms.ActiveCfg = Debug|.NET
		{F1BA6158-426A-4E18-AD8F-F0CF2E8FE0E4}.Release|Mixed Platforms.Build.0 = Debug|.NET
		{23188961-CC8E-4D05-BC09-C6BE83D17640}.Debug|.NET.ActiveCfg = Debug|Any CPU
		{23188961-CC8E-4D05-BC09-C6BE83D17640}.Debug|Any CPU.ActiveCfg = Debug|Any CPU
		{23188961-CC8E-4D05-BC09-C6BE83D17640}.Debug|Any CPU.Build.0 = Debug|Any CPU
		{23188961-CC8E-4D05-BC09-C6BE83D17640}.Debug|Mixed Platforms.ActiveCfg = Debug|Any CPU
		{23188961-CC8E-4D05-BC09-C6BE83D17640}.Debug|Mixed Platforms.Build.0 = Debug|Any CPU
		{23188961-CC8E-4D05-BC09-C6BE83D17640}.Release|.NET.ActiveCfg = Release|Any CPU
		{23188961-CC8E-4D05-BC09-C6BE83D17640}.Release|Any CPU.ActiveCfg = Release|Any CPU
		{23188961-CC8E-4D05-BC09-C6BE83D17640}.Release|Any CPU.Build.0 = Release|Any CPU
		{23188961-CC8E-4D05-BC09-C6BE83D17640}.Release|Mixed Platforms.ActiveCfg = Release|Any CPU
		{23188961-CC8E-4D05-BC09-C6BE83D17640}.Release|Mixed Platforms.Build.0 = Release|Any CPU
		{EA85AF3E-9AD8-46EE-AF7D-33E94B27E2B3}.Debug|.NET.ActiveCfg = Debug|Any CPU
		{EA85AF3E-9AD8-46EE-AF7D-33E94B27E2B3}.Debug|Any CPU.ActiveCfg = Debug|Any CPU
		{EA85AF3E-9AD8-46EE-AF7D-33E94B27E2B3}.Debug|Any CPU.Build.0 = Debug|Any CPU
		{EA85AF3E-9AD8-46EE-AF7D-33E94B27E2B3}.Debug|Mixed Platforms.ActiveCfg = Debug|Any CPU
		{EA85AF3E-9AD8-46EE-AF7D-33E94B27E2B3}.Debug|Mixed Platforms.Build.0 = Debug|Any CPU
		{EA85AF3E-9AD8-46EE-AF7D-33E94B27E2B3}.Release|.NET.ActiveCfg = Release|Any CPU
		{EA85AF3E-9AD8-46EE-AF7D-33E94B27E2B3}.Release|Any CPU.ActiveCfg = Release|Any CPU
		{EA85AF3E-9AD8-46EE-AF7D-33E94B27E2B3}.Release|Any CPU.Build.0 = Release|Any CPU
		{EA85AF3E-9AD8-46EE-AF7D-33E94B27E2B3}.Release|Mixed Platforms.ActiveCfg = Release|Any CPU
		{EA85AF3E-9AD8-46EE-AF7D-33E94B27E2B3}.Release|Mixed Platforms.Build.0 = Release|Any CPU
		{D1E62802-918B-4926-8F62-6A6B9EB4670C}.Debug|.NET.ActiveCfg = Debug|.NET
		{D1E62802-918B-4926-8F62-6A6B9EB4670C}.Debug|.NET.Build.0 = Debug|.NET
		{D1E62802-918B-4926-8F62-6A6B9EB4670C}.Debug|Any CPU.ActiveCfg = Debug|.NET
		{D1E62802-918B-4926-8F62-6A6B9EB4670C}.Debug|Mixed Platforms.ActiveCfg = Debug|.NET
		{D1E62802-918B-4926-8F62-6A6B9EB4670C}.Debug|Mixed Platforms.Build.0 = Debug|.NET
		{D1E62802-918B-4926-8F62-6A6B9EB4670C}.Release|.NET.ActiveCfg = Debug|.NET
		{D1E62802-918B-4926-8F62-6A6B9EB4670C}.Release|.NET.Build.0 = Debug|.NET
		{D1E62802-918B-4926-8F62-6A6B9EB4670C}.Release|Any CPU.ActiveCfg = Debug|.NET
		{D1E62802-918B-4926-8F62-6A6B9EB4670C}.Release|Mixed Platforms.ActiveCfg = Debug|.NET
		{D1E62802-918B-4926-8F62-6A6B9EB4670C}.Release|Mixed Platforms.Build.0 = Debug|.NET
	EndGlobalSection
	GlobalSection(SolutionProperties) = preSolution
		HideSolutionNode = FALSE
	EndGlobalSection
	GlobalSection(NestedProjects) = preSolution
		{7FC2ECE2-AB05-47B4-B7CE-87E965D66401} = {D037EABD-718B-468A-A23D-4439AF936DCD}
		{6F26C30B-F727-44BA-8F41-24B199D0AC1C} = {D037EABD-718B-468A-A23D-4439AF936DCD}
		{F1BA6158-426A-4E18-AD8F-F0CF2E8FE0E4} = {11653C5A-A506-484F-B7FC-6CC9E0413633}
		{23188961-CC8E-4D05-BC09-C6BE83D17640} = {85019B1D-187F-42E4-97DC-8E0BF58F23B7}
		{EA85AF3E-9AD8-46EE-AF7D-33E94B27E2B3} = {91671D3F-E6C3-412B-89FF-BC14C0A0DE39}
		{D1E62802-918B-4926-8F62-6A6B9EB4670C} = {B19718DD-E889-4797-BDE4-86CDD3646624}
	EndGlobalSection
	GlobalSection(TeamFoundationVersionControl) = preSolution
		SccNumberOfProjects = 7
		SccEnterpriseProvider = {4CA58AB2-18FA-4F8D-95D4-32DDF27D184C}
		SccTeamFoundationServer = https://tfs01.codeplex.com/
		SccLocalPath0 = .
		SccWebProject1 = true
		SccProjectUniqueName1 = SimpleWebSite\\CS
		SccProjectTopLevelParentUniqueName1 = N2.Examples.sln
		SccProjectName1 = SimpleWebSite/CS
		SccLocalPath1 = SimpleWebSite\\CS
		SccProjectEnlistmentChoice1 = 2
		SccWebProject2 = true
		SccProjectUniqueName2 = SimpleWebSite\\VB
		SccProjectTopLevelParentUniqueName2 = N2.Examples.sln
		SccProjectName2 = SimpleWebSite/VB
		SccLocalPath2 = SimpleWebSite\\VB
		SccProjectEnlistmentChoice2 = 2
		SccProjectUniqueName3 = Globalization\\LanguageSwitcher\\LanguageSwitcher.csproj
		SccProjectTopLevelParentUniqueName3 = N2.Examples.sln
		SccProjectName3 = Globalization/LanguageSwitcher
		SccLocalPath3 = Globalization\\LanguageSwitcher
		SccWebProject4 = true
		SccProjectUniqueName4 = Globalization\\WebSite
		SccProjectTopLevelParentUniqueName4 = N2.Examples.sln
		SccProjectName4 = Globalization/WebSite
		SccLocalPath4 = Globalization\\WebSite
		SccProjectEnlistmentChoice4 = 2
		SccWebProject5 = true
		SccProjectUniqueName5 = Parts\\WebSite
		SccProjectTopLevelParentUniqueName5 = N2.Examples.sln
		SccProjectName5 = Parts/WebSite
		SccLocalPath5 = Parts\\WebSite
		SccProjectEnlistmentChoice5 = 2
		SccProjectUniqueName6 = MediumTrust\\WebProject\\MediumTrustTest.csproj
		SccProjectTopLevelParentUniqueName6 = N2.Examples.sln
		SccProjectName6 = MediumTrust/WebProject
		SccLocalPath6 = MediumTrust\\WebProject
	EndGlobalSection
	GlobalSection(TextTemplating) = postSolution
		TextTemplating = 1
	EndGlobalSection
EndGlobal
