
Microsoft Visual Studio Solution File, Format Version 9.00
# Visual Studio 2005
Project("{E24C65DC-7377-472B-9ABA-BC803B73C61A}") = "C:\...\wwwroot\", "wwwroot\", "{5A90960F-C32F-4D50-972C-B684FAF838B7}"
	ProjectSection(WebsiteProperties) = preProject
		Debug.AspNetCompiler.VirtualPath = "/wwwroot"
		Debug.AspNetCompiler.PhysicalPath = "wwwroot\"
		Debug.AspNetCompiler.TargetPath = "PrecompiledWeb\wwwroot\"
		Debug.AspNetCompiler.Updateable = "true"
		Debug.AspNetCompiler.ForceOverwrite = "true"
		Debug.AspNetCompiler.FixedNames = "false"
		Debug.AspNetCompiler.Debug = "True"
		Release.AspNetCompiler.VirtualPath = "/wwwroot"
		Release.AspNetCompiler.PhysicalPath = "wwwroot\"
		Release.AspNetCompiler.TargetPath = "PrecompiledWeb\wwwroot\"
		Release.AspNetCompiler.Updateable = "true"
		Release.AspNetCompiler.ForceOverwrite = "true"
		Release.AspNetCompiler.FixedNames = "false"
		Release.AspNetCompiler.Debug = "False"
		VWDPort = "3751"
	EndProjectSection
	ProjectSection(wwwrootProperties) = preProject
		SccProjectName = ""
		SccAuxPath = ""
		SccLocalPath = ""
		SccProvider = ""
		Debug.AspNetCompiler.VirtualPath = "/wwwroot"
		Debug.AspNetCompiler.PhysicalPath = "wwwroot\"
		Debug.AspNetCompiler.TargetPath = "PrecompiledWeb\wwwroot\"
		Debug.AspNetCompiler.Updateable = "true"
		Debug.AspNetCompiler.ForceOverwrite = "true"
		Debug.AspNetCompiler.FixedNames = "false"
		Debug.AspNetCompiler.Debug = "True"
		Release.AspNetCompiler.VirtualPath = "/wwwroot"
		Release.AspNetCompiler.PhysicalPath = "wwwroot\"
		Release.AspNetCompiler.TargetPath = "PrecompiledWeb\wwwroot\"
		Release.AspNetCompiler.Updateable = "true"
		Release.AspNetCompiler.ForceOverwrite = "true"
		Release.AspNetCompiler.FixedNames = "false"
		Release.AspNetCompiler.Debug = "False"
		VWDPort = "2332"
	EndProjectSection
EndProject
Global
	GlobalSection(TextTemplating) = postSolution
		TextTemplating = 1
	EndGlobalSection
	GlobalSection(SolutionConfigurationPlatforms) = preSolution
		Debug|.NET = Debug|.NET
	EndGlobalSection
	GlobalSection(ProjectConfigurationPlatforms) = postSolution
		{5A90960F-C32F-4D50-972C-B684FAF838B7}.Debug|.NET.ActiveCfg = Debug|.NET
		{5A90960F-C32F-4D50-972C-B684FAF838B7}.Debug|.NET.Build.0 = Debug|.NET
	EndGlobalSection
	GlobalSection(SolutionProperties) = preSolution
		HideSolutionNode = FALSE
	EndGlobalSection
EndGlobal
