
Microsoft Visual Studio Solution File, Format Version 9.00
# Visual Studio 2005
Project("{2150E333-8FDC-42A3-9474-1A3956D46DE8}") = "SimpleWebSite", "SimpleWebSite", "{D037EABD-718B-468A-A23D-4439AF936DCD}"
	ProjectSection(WebsiteProperties) = preProject
		Debug.AspNetCompiler.Debug = "True"
		Release.AspNetCompiler.Debug = "False"
	EndProjectSection
	ProjectSection(FolderStartupServices) = postProject
		{B4F97281-0DBD-4835-9ED8-7DFB966E87FF} = {B4F97281-0DBD-4835-9ED8-7DFB966E87FF}
	EndProjectSection
EndProject
Project("{E24C65DC-7377-472B-9ABA-BC803B73C61A}") = "C:\...\CS\", "SimpleWebSite\CS", "{7FC2ECE2-AB05-47B4-B7CE-87E965D66401}"
	ProjectSection(WebsiteProperties) = preProject
		SccProjectName = "SAK"
		SccAuxPath = "SAK"
		SccLocalPath = "SAK"
		SccProvider = "SAK"
		Debug.AspNetCompiler.VirtualPath = "/CS"
		Debug.AspNetCompiler.PhysicalPath = "SimpleWebSite\CS\"
		Debug.AspNetCompiler.TargetPath = "PrecompiledWeb\CS\"
		Debug.AspNetCompiler.Updateable = "true"
		Debug.AspNetCompiler.ForceOverwrite = "true"
		Debug.AspNetCompiler.FixedNames = "false"
		Debug.AspNetCompiler.Debug = "True"
		Release.AspNetCompiler.VirtualPath = "/CS"
		Release.AspNetCompiler.PhysicalPath = "SimpleWebSite\CS\"
		Release.AspNetCompiler.TargetPath = "PrecompiledWeb\CS\"
		Release.AspNetCompiler.Updateable = "true"
		Release.AspNetCompiler.ForceOverwrite = "true"
		Release.AspNetCompiler.FixedNames = "false"
		Release.AspNetCompiler.Debug = "False"
		VWDPort = "1547"
	EndProjectSection
EndProject
Project("{E24C65DC-7377-472B-9ABA-BC803B73C61A}") = "C:\...\VB\", "SimpleWebSite\VB", "{6F26C30B-F727-44BA-8F41-24B199D0AC1C}"
	ProjectSection(WebsiteProperties) = preProject
		SccProjectName = "SAK"
		SccAuxPath = "SAK"
		SccLocalPath = "SAK"
		SccProvider = "SAK"
		Debug.AspNetCompiler.VirtualPath = "/VB"
		Debug.AspNetCompiler.PhysicalPath = "SimpleWebSite\VB\"
		Debug.AspNetCompiler.TargetPath = "PrecompiledWeb\VB\"
		Debug.AspNetCompiler.Updateable = "true"
		Debug.AspNetCompiler.ForceOverwrite = "true"
		Debug.AspNetCompiler.FixedNames = "false"
		Debug.AspNetCompiler.Debug = "True"
		Release.AspNetCompiler.VirtualPath = "/VB"
		Release.AspNetCompiler.PhysicalPath = "SimpleWebSite\VB\"
		Release.AspNetCompiler.TargetPath = "PrecompiledWeb\VB\"
		Release.AspNetCompiler.Updateable = "true"
		Release.AspNetCompiler.ForceOverwrite = "true"
		Release.AspNetCompiler.FixedNames = "false"
		Release.AspNetCompiler.Debug = "False"
		VWDPort = "1561"
	EndProjectSection
EndProject
Project("{2150E333-8FDC-42A3-9474-1A3956D46DE8}") = "Globalization", "Globalization", "{7A3B7AC9-1865-4DE3-9621-5FE8F48DE1BB}"
	ProjectSection(WebsiteProperties) = preProject
		Debug.AspNetCompiler.Debug = "True"
		Release.AspNetCompiler.Debug = "False"
	EndProjectSection
	ProjectSection(FolderStartupServices) = postProject
		{B4F97281-0DBD-4835-9ED8-7DFB966E87FF} = {B4F97281-0DBD-4835-9ED8-7DFB966E87FF}
	EndProjectSection
EndProject
Project("{FAE04EC0-301F-11D3-BF4B-00C04F79EFBC}") = "LanguageSwitcher", "Globalization\LanguageSwitcher\LanguageSwitcher.csproj", "{EC4BA1D5-C26E-4C8F-818C-B1054834EA08}"
	ProjectSection(WebsiteProperties) = preProject
		Debug.AspNetCompiler.Debug = "True"
		Release.AspNetCompiler.Debug = "False"
	EndProjectSection
EndProject
Project("{E24C65DC-7377-472B-9ABA-BC803B73C61A}") = "C:\...\WebSite\", "Globalization\WebSite", "{8AB97DB0-11B8-4118-A297-A70B05A9A64F}"
	ProjectSection(WebsiteProperties) = preProject
		SccProjectName = "SAK"
		SccAuxPath = "SAK"
		SccLocalPath = "SAK"
		SccProvider = "SAK"
		Debug.AspNetCompiler.VirtualPath = "/WebSite"
		Debug.AspNetCompiler.PhysicalPath = "Globalization\WebSite\"
		Debug.AspNetCompiler.TargetPath = "PrecompiledWeb\WebSite\"
		Debug.AspNetCompiler.Updateable = "true"
		Debug.AspNetCompiler.ForceOverwrite = "true"
		Debug.AspNetCompiler.FixedNames = "false"
		Debug.AspNetCompiler.Debug = "True"
		Release.AspNetCompiler.VirtualPath = "/WebSite"
		Release.AspNetCompiler.PhysicalPath = "Globalization\WebSite\"
		Release.AspNetCompiler.TargetPath = "PrecompiledWeb\WebSite\"
		Release.AspNetCompiler.Updateable = "true"
		Release.AspNetCompiler.ForceOverwrite = "true"
		Release.AspNetCompiler.FixedNames = "false"
		Release.AspNetCompiler.Debug = "False"
		VWDPort = "1540"
	EndProjectSection
EndProject
Project("{2150E333-8FDC-42A3-9474-1A3956D46DE8}") = "Parts", "Parts", "{11653C5A-A506-484F-B7FC-6CC9E0413633}"
	ProjectSection(WebsiteProperties) = preProject
		Debug.AspNetCompiler.Debug = "True"
		Release.AspNetCompiler.Debug = "False"
	EndProjectSection
	ProjectSection(FolderStartupServices) = postProject
		{B4F97281-0DBD-4835-9ED8-7DFB966E87FF} = {B4F97281-0DBD-4835-9ED8-7DFB966E87FF}
	EndProjectSection
EndProject
Project("{E24C65DC-7377-472B-9ABA-BC803B73C61A}") = "C:\...\WebSite\", "Parts\WebSite", "{F1BA6158-426A-4E18-AD8F-F0CF2E8FE0E4}"
	ProjectSection(WebsiteProperties) = preProject
		SccProjectName = "SAK"
		SccAuxPath = "SAK"
		SccLocalPath = "SAK"
		SccProvider = "SAK"
		Debug.AspNetCompiler.VirtualPath = "/WebSite(1)"
		Debug.AspNetCompiler.PhysicalPath = "Parts\WebSite\"
		Debug.AspNetCompiler.TargetPath = "PrecompiledWeb\WebSite(1)\"
		Debug.AspNetCompiler.Updateable = "true"
		Debug.AspNetCompiler.ForceOverwrite = "true"
		Debug.AspNetCompiler.FixedNames = "false"
		Debug.AspNetCompiler.Debug = "True"
		Release.AspNetCompiler.VirtualPath = "/WebSite(1)"
		Release.AspNetCompiler.PhysicalPath = "Parts\WebSite\"
		Release.AspNetCompiler.TargetPath = "PrecompiledWeb\WebSite(1)\"
		Release.AspNetCompiler.Updateable = "true"
		Release.AspNetCompiler.ForceOverwrite = "true"
		Release.AspNetCompiler.FixedNames = "false"
		Release.AspNetCompiler.Debug = "False"
		VWDPort = "2332"
	EndProjectSection
EndProject
Project("{2150E333-8FDC-42A3-9474-1A3956D46DE8}") = "MediumTrust", "MediumTrust", "{85019B1D-187F-42E4-97DC-8E0BF58F23B7}"
	ProjectSection(WebsiteProperties) = preProject
		Debug.AspNetCompiler.Debug = "True"
		Release.AspNetCompiler.Debug = "False"
	EndProjectSection
	ProjectSection(FolderStartupServices) = postProject
		{B4F97281-0DBD-4835-9ED8-7DFB966E87FF} = {B4F97281-0DBD-4835-9ED8-7DFB966E87FF}
	EndProjectSection
EndProject
Project("{FAE04EC0-301F-11D3-BF4B-00C04F79EFBC}") = "MediumTrustTest", "MediumTrust\WebProject\MediumTrustTest.csproj", "{23188961-CC8E-4D05-BC09-C6BE83D17640}"
	ProjectSection(WebsiteProperties) = preProject
		SccProjectName = "SAK"
		SccAuxPath = "SAK"
		SccLocalPath = "SAK"
		SccProvider = "SAK"
		Debug.AspNetCompiler.VirtualPath = "/WebProject"
		Debug.AspNetCompiler.PhysicalPath = "MediumTrust\WebProject\"
		Debug.AspNetCompiler.TargetPath = "PrecompiledWeb\WebProject\"
		Debug.AspNetCompiler.Updateable = "true"
		Debug.AspNetCompiler.ForceOverwrite = "true"
		Debug.AspNetCompiler.FixedNames = "false"
		Debug.AspNetCompiler.Debug = "True"
		Release.AspNetCompiler.VirtualPath = "/WebProject"
		Release.AspNetCompiler.PhysicalPath = "MediumTrust\WebProject\"
		Release.AspNetCompiler.TargetPath = "PrecompiledWeb\WebProject\"
		Release.AspNetCompiler.Updateable = "true"
		Release.AspNetCompiler.ForceOverwrite = "true"
		Release.AspNetCompiler.FixedNames = "false"
		Release.AspNetCompiler.Debug = "False"
		VWDPort = "1665"
	EndProjectSection
EndProject
Global
	GlobalSection(TeamFoundationVersionControl) = preSolution
		SccNumberOfProjects = 7
		SccEnterpriseProvider = {4CA58AB2-18FA-4F8D-95D4-32DDF27D184C}
		SccTeamFoundationServer = https://tfs01.codeplex.com/
		SccLocalPath0 = .
		SccWebProject1 = true
		SccProjectUniqueName1 = SimpleWebSite\\CS
		SccProjectTopLevelParentUniqueName1 = N2.Examples.sln
		SccProjectName1 = SimpleWebSite/CS
		SccLocalPath1 = SimpleWebSite\\CS
		SccProjectEnlistmentChoice1 = 2
		SccWebProject2 = true
		SccProjectUniqueName2 = SimpleWebSite\\VB
		SccProjectTopLevelParentUniqueName2 = N2.Examples.sln
		SccProjectName2 = SimpleWebSite/VB
		SccLocalPath2 = SimpleWebSite\\VB
		SccProjectEnlistmentChoice2 = 2
		SccProjectUniqueName3 = Globalization\\LanguageSwitcher\\LanguageSwitcher.csproj
		SccProjectTopLevelParentUniqueName3 = N2.Examples.sln
		SccProjectName3 = Globalization/LanguageSwitcher
		SccLocalPath3 = Globalization\\LanguageSwitcher
		SccWebProject4 = true
		SccProjectUniqueName4 = Globalization\\WebSite
		SccProjectTopLevelParentUniqueName4 = N2.Examples.sln
		SccProjectName4 = Globalization/WebSite
		SccLocalPath4 = Globalization\\WebSite
		SccProjectEnlistmentChoice4 = 2
		SccWebProject5 = true
		SccProjectUniqueName5 = Parts\\WebSite
		SccProjectTopLevelParentUniqueName5 = N2.Examples.sln
		SccProjectName5 = Parts/WebSite
		SccLocalPath5 = Parts\\WebSite
		SccProjectEnlistmentChoice5 = 2
		SccProjectUniqueName6 = MediumTrust\\WebProject\\MediumTrustTest.csproj
		SccProjectTopLevelParentUniqueName6 = N2.Examples.sln
		SccProjectName6 = MediumTrust/WebProject
		SccLocalPath6 = MediumTrust\\WebProject
	EndGlobalSection
	GlobalSection(TextTemplating) = postSolution
		TextTemplating = 1
	EndGlobalSection
	GlobalSection(SolutionConfigurationPlatforms) = preSolution
		Debug|.NET = Debug|.NET
		Debug|Any CPU = Debug|Any CPU
		Debug|Mixed Platforms = Debug|Mixed Platforms
		Release|.NET = Release|.NET
		Release|Any CPU = Release|Any CPU
		Release|Mixed Platforms = Release|Mixed Platforms
	EndGlobalSection
	GlobalSection(ProjectConfigurationPlatforms) = postSolution
		{7FC2ECE2-AB05-47B4-B7CE-87E965D66401}.Debug|.NET.ActiveCfg = Debug|.NET
		{7FC2ECE2-AB05-47B4-B7CE-87E965D66401}.Debug|.NET.Build.0 = Debug|.NET
		{7FC2ECE2-AB05-47B4-B7CE-87E965D66401}.Debug|Any CPU.ActiveCfg = Debug|.NET
		{7FC2ECE2-AB05-47B4-B7CE-87E965D66401}.Debug|Mixed Platforms.ActiveCfg = Debug|.NET
		{7FC2ECE2-AB05-47B4-B7CE-87E965D66401}.Debug|Mixed Platforms.Build.0 = Debug|.NET
		{7FC2ECE2-AB05-47B4-B7CE-87E965D66401}.Release|.NET.ActiveCfg = Debug|.NET
		{7FC2ECE2-AB05-47B4-B7CE-87E965D66401}.Release|.NET.Build.0 = Debug|.NET
		{7FC2ECE2-AB05-47B4-B7CE-87E965D66401}.Release|Any CPU.ActiveCfg = Debug|.NET
		{7FC2ECE2-AB05-47B4-B7CE-87E965D66401}.Release|Mixed Platforms.ActiveCfg = Debug|.NET
		{7FC2ECE2-AB05-47B4-B7CE-87E965D66401}.Release|Mixed Platforms.Build.0 = Debug|.NET
		{6F26C30B-F727-44BA-8F41-24B199D0AC1C}.Debug|.NET.ActiveCfg = Debug|.NET
		{6F26C30B-F727-44BA-8F41-24B199D0AC1C}.Debug|.NET.Build.0 = Debug|.NET
		{6F26C30B-F727-44BA-8F41-24B199D0AC1C}.Debug|Any CPU.ActiveCfg = Debug|.NET
		{6F26C30B-F727-44BA-8F41-24B199D0AC1C}.Debug|Mixed Platforms.ActiveCfg = Debug|.NET
		{6F26C30B-F727-44BA-8F41-24B199D0AC1C}.Debug|Mixed Platforms.Build.0 = Debug|.NET
		{6F26C30B-F727-44BA-8F41-24B199D0AC1C}.Release|.NET.ActiveCfg = Debug|.NET
		{6F26C30B-F727-44BA-8F41-24B199D0AC1C}.Release|.NET.Build.0 = Debug|.NET
		{6F26C30B-F727-44BA-8F41-24B199D0AC1C}.Release|Any CPU.ActiveCfg = Debug|.NET
		{6F26C30B-F727-44BA-8F41-24B199D0AC1C}.Release|Mixed Platforms.ActiveCfg = Debug|.NET
		{6F26C30B-F727-44BA-8F41-24B199D0AC1C}.Release|Mixed Platforms.Build.0 = Debug|.NET
		{EC4BA1D5-C26E-4C8F-818C-B1054834EA08}.Debug|.NET.ActiveCfg = Debug|Any CPU
		{EC4BA1D5-C26E-4C8F-818C-B1054834EA08}.Debug|Any CPU.ActiveCfg = Debug|Any CPU
		{EC4BA1D5-C26E-4C8F-818C-B1054834EA08}.Debug|Any CPU.Build.0 = Debug|Any CPU
		{EC4BA1D5-C26E-4C8F-818C-B1054834EA08}.Debug|Mixed Platforms.ActiveCfg = Debug|Any CPU
		{EC4BA1D5-C26E-4C8F-818C-B1054834EA08}.Debug|Mixed Platforms.Build.0 = Debug|Any CPU
		{EC4BA1D5-C26E-4C8F-818C-B1054834EA08}.Release|.NET.ActiveCfg = Release|Any CPU
		{EC4BA1D5-C26E-4C8F-818C-B1054834EA08}.Release|Any CPU.ActiveCfg = Release|Any CPU
		{EC4BA1D5-C26E-4C8F-818C-B1054834EA08}.Release|Any CPU.Build.0 = Release|Any CPU
		{EC4BA1D5-C26E-4C8F-818C-B1054834EA08}.Release|Mixed Platforms.ActiveCfg = Release|Any CPU
		{EC4BA1D5-C26E-4C8F-818C-B1054834EA08}.Release|Mixed Platforms.Build.0 = Release|Any CPU
		{8AB97DB0-11B8-4118-A297-A70B05A9A64F}.Debug|.NET.ActiveCfg = Debug|.NET
		{8AB97DB0-11B8-4118-A297-A70B05A9A64F}.Debug|.NET.Build.0 = Debug|.NET
		{8AB97DB0-11B8-4118-A297-A70B05A9A64F}.Debug|Any CPU.ActiveCfg = Debug|.NET
		{8AB97DB0-11B8-4118-A297-A70B05A9A64F}.Debug|Mixed Platforms.ActiveCfg = Debug|.NET
		{8AB97DB0-11B8-4118-A297-A70B05A9A64F}.Debug|Mixed Platforms.Build.0 = Debug|.NET
		{8AB97DB0-11B8-4118-A297-A70B05A9A64F}.Release|.NET.ActiveCfg = Debug|.NET
		{8AB97DB0-11B8-4118-A297-A70B05A9A64F}.Release|.NET.Build.0 = Debug|.NET
		{8AB97DB0-11B8-4118-A297-A70B05A9A64F}.Release|Any CPU.ActiveCfg = Debug|.NET
		{8AB97DB0-11B8-4118-A297-A70B05A9A64F}.Release|Mixed Platforms.ActiveCfg = Debug|.NET
		{8AB97DB0-11B8-4118-A297-A70B05A9A64F}.Release|Mixed Platforms.Build.0 = Debug|.NET
		{F1BA6158-426A-4E18-AD8F-F0CF2E8FE0E4}.Debug|.NET.ActiveCfg = Debug|.NET
		{F1BA6158-426A-4E18-AD8F-F0CF2E8FE0E4}.Debug|.NET.Build.0 = Debug|.NET
		{F1BA6158-426A-4E18-AD8F-F0CF2E8FE0E4}.Debug|Any CPU.ActiveCfg = Debug|.NET
		{F1BA6158-426A-4E18-AD8F-F0CF2E8FE0E4}.Debug|Mixed Platforms.ActiveCfg = Debug|.NET
		{F1BA6158-426A-4E18-AD8F-F0CF2E8FE0E4}.Debug|Mixed Platforms.Build.0 = Debug|.NET
		{F1BA6158-426A-4E18-AD8F-F0CF2E8FE0E4}.Release|.NET.ActiveCfg = Debug|.NET
		{F1BA6158-426A-4E18-AD8F-F0CF2E8FE0E4}.Release|.NET.Build.0 = Debug|.NET
		{F1BA6158-426A-4E18-AD8F-F0CF2E8FE0E4}.Release|Any CPU.ActiveCfg = Debug|.NET
		{F1BA6158-426A-4E18-AD8F-F0CF2E8FE0E4}.Release|Mixed Platforms.ActiveCfg = Debug|.NET
		{F1BA6158-426A-4E18-AD8F-F0CF2E8FE0E4}.Release|Mixed Platforms.Build.0 = Debug|.NET
		{23188961-CC8E-4D05-BC09-C6BE83D17640}.Debug|.NET.ActiveCfg = Debug|Any CPU
		{23188961-CC8E-4D05-BC09-C6BE83D17640}.Debug|Any CPU.ActiveCfg = Debug|Any CPU
		{23188961-CC8E-4D05-BC09-C6BE83D17640}.Debug|Any CPU.Build.0 = Debug|Any CPU
		{23188961-CC8E-4D05-BC09-C6BE83D17640}.Debug|Mixed Platforms.ActiveCfg = Debug|Any CPU
		{23188961-CC8E-4D05-BC09-C6BE83D17640}.Debug|Mixed Platforms.Build.0 = Debug|Any CPU
		{23188961-CC8E-4D05-BC09-C6BE83D17640}.Release|.NET.ActiveCfg = Release|Any CPU
		{23188961-CC8E-4D05-BC09-C6BE83D17640}.Release|Any CPU.ActiveCfg = Release|Any CPU
		{23188961-CC8E-4D05-BC09-C6BE83D17640}.Release|Any CPU.Build.0 = Release|Any CPU
		{23188961-CC8E-4D05-BC09-C6BE83D17640}.Release|Mixed Platforms.ActiveCfg = Release|Any CPU
		{23188961-CC8E-4D05-BC09-C6BE83D17640}.Release|Mixed Platforms.Build.0 = Release|Any CPU
	EndGlobalSection
	GlobalSection(SolutionProperties) = preSolution
		HideSolutionNode = FALSE
	EndGlobalSection
	GlobalSection(NestedProjects) = preSolution
		{7FC2ECE2-AB05-47B4-B7CE-87E965D66401} = {D037EABD-718B-468A-A23D-4439AF936DCD}
		{6F26C30B-F727-44BA-8F41-24B199D0AC1C} = {D037EABD-718B-468A-A23D-4439AF936DCD}
		{EC4BA1D5-C26E-4C8F-818C-B1054834EA08} = {7A3B7AC9-1865-4DE3-9621-5FE8F48DE1BB}
		{8AB97DB0-11B8-4118-A297-A70B05A9A64F} = {7A3B7AC9-1865-4DE3-9621-5FE8F48DE1BB}
		{F1BA6158-426A-4E18-AD8F-F0CF2E8FE0E4} = {11653C5A-A506-484F-B7FC-6CC9E0413633}
		{23188961-CC8E-4D05-BC09-C6BE83D17640} = {85019B1D-187F-42E4-97DC-8E0BF58F23B7}
	EndGlobalSection
EndGlobal
