Microsoft Visual Studio Solution File, Format Version 10.00
# Visual Studio 2008
Project("{2150E333-8FDC-42A3-9474-1A3956D46DE8}") = "docs", "docs", "{6873E9E6-2EC4-46FE-AFCC-48E79F516611}"
	ProjectSection(SolutionItems) = preProject
		..\..\docs\ContentModel.png = ..\..\docs\ContentModel.png
		..\..\docs\DBChanges.txt = ..\..\docs\DBChanges.txt
		..\..\docs\favicon.ico = ..\..\docs\favicon.ico
		..\..\docs\howto_build.txt = ..\..\docs\howto_build.txt
		..\..\docs\install.txt = ..\..\docs\install.txt
		..\..\docs\License.txt = ..\..\docs\License.txt
		..\..\docs\nodo.txt = ..\..\docs\nodo.txt
		..\..\docs\runtime_readme.txt = ..\..\docs\runtime_readme.txt
		..\..\docs\solution_overview.txt = ..\..\docs\solution_overview.txt
		..\..\docs\templates_readme.txt = ..\..\docs\templates_readme.txt
		..\..\docs\todo.txt = ..\..\docs\todo.txt
		..\..\docs\upgrade.txt = ..\..\docs\upgrade.txt
		..\..\docs\web.config.example_runtime = ..\..\docs\web.config.example_runtime
		..\..\docs\web.config.example_templates = ..\..\docs\web.config.example_templates
	EndProjectSection
	ProjectSection(FolderStartupServices) = postProject
		{B4F97281-0DBD-4835-9ED8-7DFB966E87FF} = {B4F97281-0DBD-4835-9ED8-7DFB966E87FF}
	EndProjectSection
EndProject
Project("{2150E333-8FDC-42A3-9474-1A3956D46DE8}") = "lib", "lib", "{B09CC999-A6F7-4D48-90C8-7256197B7815}"
	ProjectSection(SolutionItems) = preProject
		..\..\lib\Castle.Core.dll = ..\..\lib\Castle.Core.dll
		..\..\lib\Castle.DynamicProxy2.dll = ..\..\lib\Castle.DynamicProxy2.dll
		..\..\lib\Castle.MicroKernel.dll = ..\..\lib\Castle.MicroKernel.dll
		..\..\lib\Castle.Windsor.dll = ..\..\lib\Castle.Windsor.dll
		..\..\lib\ICSharpCode.SharpZipLib.dll = ..\..\lib\ICSharpCode.SharpZipLib.dll
		..\..\lib\Iesi.Collections.dll = ..\..\lib\Iesi.Collections.dll
		..\..\lib\ILMerge.exe = ..\..\lib\ILMerge.exe
		..\..\lib\log4net.dll = ..\..\lib\log4net.dll
		..\..\lib\MySql.Data.dll = ..\..\lib\MySql.Data.dll
		..\..\lib\NHibernate.Caches.SysCache2.dll = ..\..\lib\NHibernate.Caches.SysCache2.dll
		..\..\lib\NHibernate.dll = ..\..\lib\NHibernate.dll
		..\..\lib\nunit.framework.dll = ..\..\lib\nunit.framework.dll
		..\..\lib\nunit.framework.extensions.dll = ..\..\lib\nunit.framework.extensions.dll
		..\..\lib\readme.txt = ..\..\lib\readme.txt
		..\..\lib\Rhino.Mocks.dll = ..\..\lib\Rhino.Mocks.dll
		..\..\lib\System.Web.Abstractions.dll = ..\..\lib\System.Web.Abstractions.dll
		..\..\lib\System.Web.Mvc.dll = ..\..\lib\System.Web.Mvc.dll
		..\..\lib\System.Web.Routing.dll = ..\..\lib\System.Web.Routing.dll
	EndProjectSection
	ProjectSection(FolderStartupServices) = postProject
		{B4F97281-0DBD-4835-9ED8-7DFB966E87FF} = {B4F97281-0DBD-4835-9ED8-7DFB966E87FF}
	EndProjectSection
EndProject
Project("{2150E333-8FDC-42A3-9474-1A3956D46DE8}") = "snippets", "snippets", "{9F2091BE-9961-4476-9C7A-9BACD60E9BDE}"
	ProjectSection(SolutionItems) = preProject
		..\..\snippets\N2 Item Template.zip = ..\..\snippets\N2 Item Template.zip
		..\..\snippets\N2 Page Template.zip = ..\..\snippets\N2 Page Template.zip
		..\..\snippets\propn2.snippet = ..\..\snippets\propn2.snippet
		..\..\snippets\propn2tb.snippet = ..\..\snippets\propn2tb.snippet
		..\..\snippets\readme.txt = ..\..\snippets\readme.txt
	EndProjectSection
	ProjectSection(FolderStartupServices) = postProject
		{B4F97281-0DBD-4835-9ED8-7DFB966E87FF} = {B4F97281-0DBD-4835-9ED8-7DFB966E87FF}
	EndProjectSection
EndProject
Project("{2150E333-8FDC-42A3-9474-1A3956D46DE8}") = "Edit", "Edit", "{5186B58A-8906-4B63-BD6E-816FA1B717FD}"
	ProjectSection(SolutionItems) = preProject
		Edit\readme.txt = Edit\readme.txt
	EndProjectSection
	ProjectSection(FolderStartupServices) = postProject
		{B4F97281-0DBD-4835-9ED8-7DFB966E87FF} = {B4F97281-0DBD-4835-9ED8-7DFB966E87FF}
	EndProjectSection
EndProject
Project("{2150E333-8FDC-42A3-9474-1A3956D46DE8}") = "Templates", "Templates", "{6E0DECFB-AD5C-48D2-919C-F599C0B9D3B8}"
	ProjectSection(SolutionItems) = preProject
		..\Templates\readme.txt = ..\Templates\readme.txt
	EndProjectSection
	ProjectSection(FolderStartupServices) = postProject
		{B4F97281-0DBD-4835-9ED8-7DFB966E87FF} = {B4F97281-0DBD-4835-9ED8-7DFB966E87FF}
	EndProjectSection
EndProject
Project("{2150E333-8FDC-42A3-9474-1A3956D46DE8}") = "Examples", "Examples", "{C0B2A0CE-01A6-4AB1-94C3-3213E150F015}"
	ProjectSection(SolutionItems) = preProject
		..\Examples\readme.txt = ..\Examples\readme.txt
	EndProjectSection
	ProjectSection(FolderStartupServices) = postProject
		{B4F97281-0DBD-4835-9ED8-7DFB966E87FF} = {B4F97281-0DBD-4835-9ED8-7DFB966E87FF}
	EndProjectSection
EndProject
Project("{2150E333-8FDC-42A3-9474-1A3956D46DE8}") = "tasks", "tasks", "{F3A9EE88-A0DB-44A3-BDB1-410BEB2BDBB0}"
	ProjectSection(SolutionItems) = preProject
		..\Build_Everything-vs2008.bat = ..\Build_Everything-vs2008.bat
		..\Deploy_Everything-vs2008.bat = ..\Deploy_Everything-vs2008.bat
		..\everything.proj = ..\everything.proj
		..\msbuild.bat = ..\msbuild.bat
		..\Prepare_Dependencies-vs2008.bat = ..\Prepare_Dependencies-vs2008.bat
		..\readme.txt = ..\readme.txt
	EndProjectSection
	ProjectSection(FolderStartupServices) = postProject
		{B4F97281-0DBD-4835-9ED8-7DFB966E87FF} = {B4F97281-0DBD-4835-9ED8-7DFB966E87FF}
	EndProjectSection
EndProject
Project("{FAE04EC0-301F-11D3-BF4B-00C04F79EFBC}") = "N2", "N2\N2.csproj", "{F3C813FE-C51B-4C10-85E2-FD2560E73E72}"
EndProject
Project("{FAE04EC0-301F-11D3-BF4B-00C04F79EFBC}") = "N2DevelopmentWeb", "N2DevelopmentWeb\N2DevelopmentWeb.csproj", "{9B7BAF3D-561F-45C0-A530-59F012798781}"
EndProject
Project("{FAE04EC0-301F-11D3-BF4B-00C04F79EFBC}") = "N2.Edit", "N2DevelopmentWeb\Edit\N2.Edit.csproj", "{10F7C179-B92D-4FCA-B78C-011E428D0CA3}"
EndProject
Project("{FAE04EC0-301F-11D3-BF4B-00C04F79EFBC}") = "N2.Tests", "N2.Tests\N2.Tests.csproj", "{4B026365-D03B-40B4-862B-11608BA756B0}"
EndProject
Project("{FAE04EC0-301F-11D3-BF4B-00C04F79EFBC}") = "N2.Edit.LinkTracker", "N2DevelopmentWeb\Edit\LinkTracker\N2.Edit.LinkTracker.csproj", "{D0269A39-A5CC-409D-AC06-3B0548DE6D98}"
EndProject
Project("{FAE04EC0-301F-11D3-BF4B-00C04F79EFBC}") = "N2.Edit.Trash", "N2DevelopmentWeb\Edit\Trash\N2.Edit.Trash.csproj", "{408BB005-77D9-4EED-A2BA-5F96D0C471F2}"
EndProject
Project("{FAE04EC0-301F-11D3-BF4B-00C04F79EFBC}") = "N2.Edit.Wizard", "N2DevelopmentWeb\Edit\Wizard\N2.Edit.Wizard.csproj", "{40DCCAEC-A0D0-4B08-8660-76BEB27B96F5}"
EndProject
Project("{FAE04EC0-301F-11D3-BF4B-00C04F79EFBC}") = "N2.Edit.Tests", "Edit\N2.Edit.Tests\N2.Edit.Tests.csproj", "{A2CD1737-E43B-4A1B-B5CD-0467FEBC514D}"
EndProject
Project("{FAE04EC0-301F-11D3-BF4B-00C04F79EFBC}") = "N2.Security", "Security\N2.Security.csproj", "{CB6A29C5-8355-4C4C-B437-619F652B7540}"
EndProject
Project("{FAE04EC0-301F-11D3-BF4B-00C04F79EFBC}") = "N2.Edit.Globalization", "N2DevelopmentWeb\Edit\Globalization\N2.Edit.Globalization.csproj", "{387B682B-E4B0-4292-ACD1-F3EF29C76025}"
EndProject
Project("{FAE04EC0-301F-11D3-BF4B-00C04F79EFBC}") = "N2.Extensions", "N2.Extensions\N2.Extensions.csproj", "{E1A4B329-2EA0-445E-B22F-08DBAD0DF497}"
EndProject
Project("{FAE04EC0-301F-11D3-BF4B-00C04F79EFBC}") = "N2.Extensions.Tests", "N2.Extensions.Tests\N2.Extensions.Tests.csproj", "{84876FD2-9055-4A02-A163-1495E5659BC7}"
EndProject
Project("{2150E333-8FDC-42A3-9474-1A3956D46DE8}") = "Extensions", "Extensions", "{6AB25EA3-591C-499B-8932-12C6AD7C2359}"
EndProject
Global
	GlobalSection(SolutionConfigurationPlatforms) = preSolution
		Debug|.NET = Debug|.NET
		Debug|Any CPU = Debug|Any CPU
		Debug|Mixed Platforms = Debug|Mixed Platforms
		Publish|.NET = Publish|.NET
		Publish|Any CPU = Publish|Any CPU
		Publish|Mixed Platforms = Publish|Mixed Platforms
		Release|.NET = Release|.NET
		Release|Any CPU = Release|Any CPU
		Release|Mixed Platforms = Release|Mixed Platforms
	EndGlobalSection
	GlobalSection(ProjectConfigurationPlatforms) = postSolution
		{F3C813FE-C51B-4C10-85E2-FD2560E73E72}.Debug|.NET.ActiveCfg = Debug|Any CPU
		{F3C813FE-C51B-4C10-85E2-FD2560E73E72}.Debug|Any CPU.ActiveCfg = Debug|Any CPU
		{F3C813FE-C51B-4C10-85E2-FD2560E73E72}.Debug|Any CPU.Build.0 = Debug|Any CPU
		{F3C813FE-C51B-4C10-85E2-FD2560E73E72}.Debug|Mixed Platforms.ActiveCfg = Debug|Any CPU
		{F3C813FE-C51B-4C10-85E2-FD2560E73E72}.Debug|Mixed Platforms.Build.0 = Debug|Any CPU
		{F3C813FE-C51B-4C10-85E2-FD2560E73E72}.Publish|.NET.ActiveCfg = Publish|Any CPU
		{F3C813FE-C51B-4C10-85E2-FD2560E73E72}.Publish|Any CPU.ActiveCfg = Publish|Any CPU
		{F3C813FE-C51B-4C10-85E2-FD2560E73E72}.Publish|Any CPU.Build.0 = Publish|Any CPU
		{F3C813FE-C51B-4C10-85E2-FD2560E73E72}.Publish|Mixed Platforms.ActiveCfg = Publish|Any CPU
		{F3C813FE-C51B-4C10-85E2-FD2560E73E72}.Publish|Mixed Platforms.Build.0 = Publish|Any CPU
		{F3C813FE-C51B-4C10-85E2-FD2560E73E72}.Release|.NET.ActiveCfg = Release|Any CPU
		{F3C813FE-C51B-4C10-85E2-FD2560E73E72}.Release|Any CPU.ActiveCfg = Release|Any CPU
		{F3C813FE-C51B-4C10-85E2-FD2560E73E72}.Release|Any CPU.Build.0 = Release|Any CPU
		{F3C813FE-C51B-4C10-85E2-FD2560E73E72}.Release|Mixed Platforms.ActiveCfg = Release|Any CPU
		{F3C813FE-C51B-4C10-85E2-FD2560E73E72}.Release|Mixed Platforms.Build.0 = Release|Any CPU
		{9B7BAF3D-561F-45C0-A530-59F012798781}.Debug|.NET.ActiveCfg = Debug|Any CPU
		{9B7BAF3D-561F-45C0-A530-59F012798781}.Debug|Any CPU.ActiveCfg = Debug|Any CPU
		{9B7BAF3D-561F-45C0-A530-59F012798781}.Debug|Any CPU.Build.0 = Debug|Any CPU
		{9B7BAF3D-561F-45C0-A530-59F012798781}.Debug|Mixed Platforms.ActiveCfg = Debug|Any CPU
		{9B7BAF3D-561F-45C0-A530-59F012798781}.Debug|Mixed Platforms.Build.0 = Debug|Any CPU
		{9B7BAF3D-561F-45C0-A530-59F012798781}.Publish|.NET.ActiveCfg = Publish|Any CPU
		{9B7BAF3D-561F-45C0-A530-59F012798781}.Publish|Any CPU.ActiveCfg = Publish|Any CPU
		{9B7BAF3D-561F-45C0-A530-59F012798781}.Publish|Any CPU.Build.0 = Publish|Any CPU
		{9B7BAF3D-561F-45C0-A530-59F012798781}.Publish|Mixed Platforms.ActiveCfg = Publish|Any CPU
		{9B7BAF3D-561F-45C0-A530-59F012798781}.Publish|Mixed Platforms.Build.0 = Publish|Any CPU
		{9B7BAF3D-561F-45C0-A530-59F012798781}.Release|.NET.ActiveCfg = Release|Any CPU
		{9B7BAF3D-561F-45C0-A530-59F012798781}.Release|Any CPU.ActiveCfg = Release|Any CPU
		{9B7BAF3D-561F-45C0-A530-59F012798781}.Release|Any CPU.Build.0 = Release|Any CPU
		{9B7BAF3D-561F-45C0-A530-59F012798781}.Release|Mixed Platforms.ActiveCfg = Release|Any CPU
		{9B7BAF3D-561F-45C0-A530-59F012798781}.Release|Mixed Platforms.Build.0 = Release|Any CPU
		{10F7C179-B92D-4FCA-B78C-011E428D0CA3}.Debug|.NET.ActiveCfg = Debug|Any CPU
		{10F7C179-B92D-4FCA-B78C-011E428D0CA3}.Debug|Any CPU.ActiveCfg = Debug|Any CPU
		{10F7C179-B92D-4FCA-B78C-011E428D0CA3}.Debug|Any CPU.Build.0 = Debug|Any CPU
		{10F7C179-B92D-4FCA-B78C-011E428D0CA3}.Debug|Mixed Platforms.ActiveCfg = Debug|Any CPU
		{10F7C179-B92D-4FCA-B78C-011E428D0CA3}.Debug|Mixed Platforms.Build.0 = Debug|Any CPU
		{10F7C179-B92D-4FCA-B78C-011E428D0CA3}.Publish|.NET.ActiveCfg = Publish|Any CPU
		{10F7C179-B92D-4FCA-B78C-011E428D0CA3}.Publish|Any CPU.ActiveCfg = Publish|Any CPU
		{10F7C179-B92D-4FCA-B78C-011E428D0CA3}.Publish|Any CPU.Build.0 = Publish|Any CPU
		{10F7C179-B92D-4FCA-B78C-011E428D0CA3}.Publish|Mixed Platforms.ActiveCfg = Publish|Any CPU
		{10F7C179-B92D-4FCA-B78C-011E428D0CA3}.Publish|Mixed Platforms.Build.0 = Publish|Any CPU
		{10F7C179-B92D-4FCA-B78C-011E428D0CA3}.Release|.NET.ActiveCfg = Release|Any CPU
		{10F7C179-B92D-4FCA-B78C-011E428D0CA3}.Release|Any CPU.ActiveCfg = Release|Any CPU
		{10F7C179-B92D-4FCA-B78C-011E428D0CA3}.Release|Any CPU.Build.0 = Release|Any CPU
		{10F7C179-B92D-4FCA-B78C-011E428D0CA3}.Release|Mixed Platforms.ActiveCfg = Release|Any CPU
		{10F7C179-B92D-4FCA-B78C-011E428D0CA3}.Release|Mixed Platforms.Build.0 = Release|Any CPU
		{4B026365-D03B-40B4-862B-11608BA756B0}.Debug|.NET.ActiveCfg = Debug|Any CPU
		{4B026365-D03B-40B4-862B-11608BA756B0}.Debug|Any CPU.ActiveCfg = Debug|Any CPU
		{4B026365-D03B-40B4-862B-11608BA756B0}.Debug|Any CPU.Build.0 = Debug|Any CPU
		{4B026365-D03B-40B4-862B-11608BA756B0}.Debug|Mixed Platforms.ActiveCfg = Debug|Any CPU
		{4B026365-D03B-40B4-862B-11608BA756B0}.Debug|Mixed Platforms.Build.0 = Debug|Any CPU
		{4B026365-D03B-40B4-862B-11608BA756B0}.Publish|.NET.ActiveCfg = Publish|Any CPU
		{4B026365-D03B-40B4-862B-11608BA756B0}.Publish|Any CPU.ActiveCfg = Publish|Any CPU
		{4B026365-D03B-40B4-862B-11608BA756B0}.Publish|Any CPU.Build.0 = Publish|Any CPU
		{4B026365-D03B-40B4-862B-11608BA756B0}.Publish|Mixed Platforms.ActiveCfg = Publish|Any CPU
		{4B026365-D03B-40B4-862B-11608BA756B0}.Publish|Mixed Platforms.Build.0 = Publish|Any CPU
		{4B026365-D03B-40B4-862B-11608BA756B0}.Release|.NET.ActiveCfg = Release|Any CPU
		{4B026365-D03B-40B4-862B-11608BA756B0}.Release|Any CPU.ActiveCfg = Release|Any CPU
		{4B026365-D03B-40B4-862B-11608BA756B0}.Release|Any CPU.Build.0 = Release|Any CPU
		{4B026365-D03B-40B4-862B-11608BA756B0}.Release|Mixed Platforms.ActiveCfg = Release|Any CPU
		{4B026365-D03B-40B4-862B-11608BA756B0}.Release|Mixed Platforms.Build.0 = Release|Any CPU
		{D0269A39-A5CC-409D-AC06-3B0548DE6D98}.Debug|.NET.ActiveCfg = Debug|Any CPU
		{D0269A39-A5CC-409D-AC06-3B0548DE6D98}.Debug|Any CPU.ActiveCfg = Debug|Any CPU
		{D0269A39-A5CC-409D-AC06-3B0548DE6D98}.Debug|Any CPU.Build.0 = Debug|Any CPU
		{D0269A39-A5CC-409D-AC06-3B0548DE6D98}.Debug|Mixed Platforms.ActiveCfg = Debug|Any CPU
		{D0269A39-A5CC-409D-AC06-3B0548DE6D98}.Debug|Mixed Platforms.Build.0 = Debug|Any CPU
		{D0269A39-A5CC-409D-AC06-3B0548DE6D98}.Publish|.NET.ActiveCfg = Publish|Any CPU
		{D0269A39-A5CC-409D-AC06-3B0548DE6D98}.Publish|Any CPU.ActiveCfg = Publish|Any CPU
		{D0269A39-A5CC-409D-AC06-3B0548DE6D98}.Publish|Any CPU.Build.0 = Publish|Any CPU
		{D0269A39-A5CC-409D-AC06-3B0548DE6D98}.Publish|Mixed Platforms.ActiveCfg = Publish|Any CPU
		{D0269A39-A5CC-409D-AC06-3B0548DE6D98}.Publish|Mixed Platforms.Build.0 = Publish|Any CPU
		{D0269A39-A5CC-409D-AC06-3B0548DE6D98}.Release|.NET.ActiveCfg = Release|Any CPU
		{D0269A39-A5CC-409D-AC06-3B0548DE6D98}.Release|Any CPU.ActiveCfg = Release|Any CPU
		{D0269A39-A5CC-409D-AC06-3B0548DE6D98}.Release|Any CPU.Build.0 = Release|Any CPU
		{D0269A39-A5CC-409D-AC06-3B0548DE6D98}.Release|Mixed Platforms.ActiveCfg = Release|Any CPU
		{D0269A39-A5CC-409D-AC06-3B0548DE6D98}.Release|Mixed Platforms.Build.0 = Release|Any CPU
		{408BB005-77D9-4EED-A2BA-5F96D0C471F2}.Debug|.NET.ActiveCfg = Debug|Any CPU
		{408BB005-77D9-4EED-A2BA-5F96D0C471F2}.Debug|Any CPU.ActiveCfg = Debug|Any CPU
		{408BB005-77D9-4EED-A2BA-5F96D0C471F2}.Debug|Any CPU.Build.0 = Debug|Any CPU
		{408BB005-77D9-4EED-A2BA-5F96D0C471F2}.Debug|Mixed Platforms.ActiveCfg = Debug|Any CPU
		{408BB005-77D9-4EED-A2BA-5F96D0C471F2}.Debug|Mixed Platforms.Build.0 = Debug|Any CPU
		{408BB005-77D9-4EED-A2BA-5F96D0C471F2}.Publish|.NET.ActiveCfg = Publish|Any CPU
		{408BB005-77D9-4EED-A2BA-5F96D0C471F2}.Publish|Any CPU.ActiveCfg = Publish|Any CPU
		{408BB005-77D9-4EED-A2BA-5F96D0C471F2}.Publish|Any CPU.Build.0 = Publish|Any CPU
		{408BB005-77D9-4EED-A2BA-5F96D0C471F2}.Publish|Mixed Platforms.ActiveCfg = Publish|Any CPU
		{408BB005-77D9-4EED-A2BA-5F96D0C471F2}.Publish|Mixed Platforms.Build.0 = Publish|Any CPU
		{408BB005-77D9-4EED-A2BA-5F96D0C471F2}.Release|.NET.ActiveCfg = Release|Any CPU
		{408BB005-77D9-4EED-A2BA-5F96D0C471F2}.Release|Any CPU.ActiveCfg = Release|Any CPU
		{408BB005-77D9-4EED-A2BA-5F96D0C471F2}.Release|Any CPU.Build.0 = Release|Any CPU
		{408BB005-77D9-4EED-A2BA-5F96D0C471F2}.Release|Mixed Platforms.ActiveCfg = Release|Any CPU
		{408BB005-77D9-4EED-A2BA-5F96D0C471F2}.Release|Mixed Platforms.Build.0 = Release|Any CPU
		{40DCCAEC-A0D0-4B08-8660-76BEB27B96F5}.Debug|.NET.ActiveCfg = Debug|Any CPU
		{40DCCAEC-A0D0-4B08-8660-76BEB27B96F5}.Debug|Any CPU.ActiveCfg = Debug|Any CPU
		{40DCCAEC-A0D0-4B08-8660-76BEB27B96F5}.Debug|Any CPU.Build.0 = Debug|Any CPU
		{40DCCAEC-A0D0-4B08-8660-76BEB27B96F5}.Debug|Mixed Platforms.ActiveCfg = Debug|Any CPU
		{40DCCAEC-A0D0-4B08-8660-76BEB27B96F5}.Debug|Mixed Platforms.Build.0 = Debug|Any CPU
		{40DCCAEC-A0D0-4B08-8660-76BEB27B96F5}.Publish|.NET.ActiveCfg = Release|Any CPU
		{40DCCAEC-A0D0-4B08-8660-76BEB27B96F5}.Publish|Any CPU.ActiveCfg = Release|Any CPU
		{40DCCAEC-A0D0-4B08-8660-76BEB27B96F5}.Publish|Any CPU.Build.0 = Release|Any CPU
		{40DCCAEC-A0D0-4B08-8660-76BEB27B96F5}.Publish|Mixed Platforms.ActiveCfg = Release|Any CPU
		{40DCCAEC-A0D0-4B08-8660-76BEB27B96F5}.Publish|Mixed Platforms.Build.0 = Release|Any CPU
		{40DCCAEC-A0D0-4B08-8660-76BEB27B96F5}.Release|.NET.ActiveCfg = Release|Any CPU
		{40DCCAEC-A0D0-4B08-8660-76BEB27B96F5}.Release|Any CPU.ActiveCfg = Release|Any CPU
		{40DCCAEC-A0D0-4B08-8660-76BEB27B96F5}.Release|Any CPU.Build.0 = Release|Any CPU
		{40DCCAEC-A0D0-4B08-8660-76BEB27B96F5}.Release|Mixed Platforms.ActiveCfg = Release|Any CPU
		{40DCCAEC-A0D0-4B08-8660-76BEB27B96F5}.Release|Mixed Platforms.Build.0 = Release|Any CPU
		{A2CD1737-E43B-4A1B-B5CD-0467FEBC514D}.Debug|.NET.ActiveCfg = Debug|Any CPU
		{A2CD1737-E43B-4A1B-B5CD-0467FEBC514D}.Debug|Any CPU.ActiveCfg = Debug|Any CPU
		{A2CD1737-E43B-4A1B-B5CD-0467FEBC514D}.Debug|Any CPU.Build.0 = Debug|Any CPU
		{A2CD1737-E43B-4A1B-B5CD-0467FEBC514D}.Debug|Mixed Platforms.ActiveCfg = Debug|Any CPU
		{A2CD1737-E43B-4A1B-B5CD-0467FEBC514D}.Debug|Mixed Platforms.Build.0 = Debug|Any CPU
		{A2CD1737-E43B-4A1B-B5CD-0467FEBC514D}.Publish|.NET.ActiveCfg = Release|Any CPU
		{A2CD1737-E43B-4A1B-B5CD-0467FEBC514D}.Publish|Any CPU.ActiveCfg = Release|Any CPU
		{A2CD1737-E43B-4A1B-B5CD-0467FEBC514D}.Publish|Any CPU.Build.0 = Release|Any CPU
		{A2CD1737-E43B-4A1B-B5CD-0467FEBC514D}.Publish|Mixed Platforms.ActiveCfg = Release|Any CPU
		{A2CD1737-E43B-4A1B-B5CD-0467FEBC514D}.Publish|Mixed Platforms.Build.0 = Release|Any CPU
		{A2CD1737-E43B-4A1B-B5CD-0467FEBC514D}.Release|.NET.ActiveCfg = Release|Any CPU
		{A2CD1737-E43B-4A1B-B5CD-0467FEBC514D}.Release|Any CPU.ActiveCfg = Release|Any CPU
		{A2CD1737-E43B-4A1B-B5CD-0467FEBC514D}.Release|Any CPU.Build.0 = Release|Any CPU
		{A2CD1737-E43B-4A1B-B5CD-0467FEBC514D}.Release|Mixed Platforms.ActiveCfg = Release|Any CPU
		{A2CD1737-E43B-4A1B-B5CD-0467FEBC514D}.Release|Mixed Platforms.Build.0 = Release|Any CPU
		{CB6A29C5-8355-4C4C-B437-619F652B7540}.Debug|.NET.ActiveCfg = Debug|Any CPU
		{CB6A29C5-8355-4C4C-B437-619F652B7540}.Debug|Any CPU.ActiveCfg = Debug|Any CPU
		{CB6A29C5-8355-4C4C-B437-619F652B7540}.Debug|Any CPU.Build.0 = Debug|Any CPU
		{CB6A29C5-8355-4C4C-B437-619F652B7540}.Debug|Mixed Platforms.ActiveCfg = Debug|Any CPU
		{CB6A29C5-8355-4C4C-B437-619F652B7540}.Debug|Mixed Platforms.Build.0 = Debug|Any CPU
		{CB6A29C5-8355-4C4C-B437-619F652B7540}.Publish|.NET.ActiveCfg = Release|Any CPU
		{CB6A29C5-8355-4C4C-B437-619F652B7540}.Publish|Any CPU.ActiveCfg = Release|Any CPU
		{CB6A29C5-8355-4C4C-B437-619F652B7540}.Publish|Any CPU.Build.0 = Release|Any CPU
		{CB6A29C5-8355-4C4C-B437-619F652B7540}.Publish|Mixed Platforms.ActiveCfg = Release|Any CPU
		{CB6A29C5-8355-4C4C-B437-619F652B7540}.Publish|Mixed Platforms.Build.0 = Release|Any CPU
		{CB6A29C5-8355-4C4C-B437-619F652B7540}.Release|.NET.ActiveCfg = Release|Any CPU
		{CB6A29C5-8355-4C4C-B437-619F652B7540}.Release|Any CPU.ActiveCfg = Release|Any CPU
		{CB6A29C5-8355-4C4C-B437-619F652B7540}.Release|Any CPU.Build.0 = Release|Any CPU
		{CB6A29C5-8355-4C4C-B437-619F652B7540}.Release|Mixed Platforms.ActiveCfg = Release|Any CPU
		{CB6A29C5-8355-4C4C-B437-619F652B7540}.Release|Mixed Platforms.Build.0 = Release|Any CPU
		{387B682B-E4B0-4292-ACD1-F3EF29C76025}.Debug|.NET.ActiveCfg = Debug|Any CPU
		{387B682B-E4B0-4292-ACD1-F3EF29C76025}.Debug|Any CPU.ActiveCfg = Debug|Any CPU
		{387B682B-E4B0-4292-ACD1-F3EF29C76025}.Debug|Any CPU.Build.0 = Debug|Any CPU
		{387B682B-E4B0-4292-ACD1-F3EF29C76025}.Debug|Mixed Platforms.ActiveCfg = Debug|Any CPU
		{387B682B-E4B0-4292-ACD1-F3EF29C76025}.Debug|Mixed Platforms.Build.0 = Debug|Any CPU
		{387B682B-E4B0-4292-ACD1-F3EF29C76025}.Publish|.NET.ActiveCfg = Release|Any CPU
		{387B682B-E4B0-4292-ACD1-F3EF29C76025}.Publish|Any CPU.ActiveCfg = Release|Any CPU
		{387B682B-E4B0-4292-ACD1-F3EF29C76025}.Publish|Any CPU.Build.0 = Release|Any CPU
		{387B682B-E4B0-4292-ACD1-F3EF29C76025}.Publish|Mixed Platforms.ActiveCfg = Release|Any CPU
		{387B682B-E4B0-4292-ACD1-F3EF29C76025}.Publish|Mixed Platforms.Build.0 = Release|Any CPU
		{387B682B-E4B0-4292-ACD1-F3EF29C76025}.Release|.NET.ActiveCfg = Release|Any CPU
		{387B682B-E4B0-4292-ACD1-F3EF29C76025}.Release|Any CPU.ActiveCfg = Release|Any CPU
		{387B682B-E4B0-4292-ACD1-F3EF29C76025}.Release|Any CPU.Build.0 = Release|Any CPU
		{387B682B-E4B0-4292-ACD1-F3EF29C76025}.Release|Mixed Platforms.ActiveCfg = Release|Any CPU
		{387B682B-E4B0-4292-ACD1-F3EF29C76025}.Release|Mixed Platforms.Build.0 = Release|Any CPU
		{E1A4B329-2EA0-445E-B22F-08DBAD0DF497}.Debug|.NET.ActiveCfg = Debug|Any CPU
		{E1A4B329-2EA0-445E-B22F-08DBAD0DF497}.Debug|Any CPU.ActiveCfg = Debug|Any CPU
		{E1A4B329-2EA0-445E-B22F-08DBAD0DF497}.Debug|Any CPU.Build.0 = Debug|Any CPU
		{E1A4B329-2EA0-445E-B22F-08DBAD0DF497}.Debug|Mixed Platforms.ActiveCfg = Debug|Any CPU
		{E1A4B329-2EA0-445E-B22F-08DBAD0DF497}.Debug|Mixed Platforms.Build.0 = Debug|Any CPU
		{E1A4B329-2EA0-445E-B22F-08DBAD0DF497}.Publish|.NET.ActiveCfg = Release|Any CPU
		{E1A4B329-2EA0-445E-B22F-08DBAD0DF497}.Publish|Any CPU.ActiveCfg = Release|Any CPU
		{E1A4B329-2EA0-445E-B22F-08DBAD0DF497}.Publish|Any CPU.Build.0 = Release|Any CPU
		{E1A4B329-2EA0-445E-B22F-08DBAD0DF497}.Publish|Mixed Platforms.ActiveCfg = Release|Any CPU
		{E1A4B329-2EA0-445E-B22F-08DBAD0DF497}.Publish|Mixed Platforms.Build.0 = Release|Any CPU
		{E1A4B329-2EA0-445E-B22F-08DBAD0DF497}.Release|.NET.ActiveCfg = Release|Any CPU
		{E1A4B329-2EA0-445E-B22F-08DBAD0DF497}.Release|Any CPU.ActiveCfg = Release|Any CPU
		{E1A4B329-2EA0-445E-B22F-08DBAD0DF497}.Release|Any CPU.Build.0 = Release|Any CPU
		{E1A4B329-2EA0-445E-B22F-08DBAD0DF497}.Release|Mixed Platforms.ActiveCfg = Release|Any CPU
		{E1A4B329-2EA0-445E-B22F-08DBAD0DF497}.Release|Mixed Platforms.Build.0 = Release|Any CPU
		{84876FD2-9055-4A02-A163-1495E5659BC7}.Debug|.NET.ActiveCfg = Debug|Any CPU
		{84876FD2-9055-4A02-A163-1495E5659BC7}.Debug|Any CPU.ActiveCfg = Debug|Any CPU
		{84876FD2-9055-4A02-A163-1495E5659BC7}.Debug|Any CPU.Build.0 = Debug|Any CPU
		{84876FD2-9055-4A02-A163-1495E5659BC7}.Debug|Mixed Platforms.ActiveCfg = Debug|Any CPU
		{84876FD2-9055-4A02-A163-1495E5659BC7}.Debug|Mixed Platforms.Build.0 = Debug|Any CPU
		{84876FD2-9055-4A02-A163-1495E5659BC7}.Publish|.NET.ActiveCfg = Release|Any CPU
		{84876FD2-9055-4A02-A163-1495E5659BC7}.Publish|Any CPU.ActiveCfg = Release|Any CPU
		{84876FD2-9055-4A02-A163-1495E5659BC7}.Publish|Any CPU.Build.0 = Release|Any CPU
		{84876FD2-9055-4A02-A163-1495E5659BC7}.Publish|Mixed Platforms.ActiveCfg = Release|Any CPU
		{84876FD2-9055-4A02-A163-1495E5659BC7}.Publish|Mixed Platforms.Build.0 = Release|Any CPU
		{84876FD2-9055-4A02-A163-1495E5659BC7}.Release|.NET.ActiveCfg = Release|Any CPU
		{84876FD2-9055-4A02-A163-1495E5659BC7}.Release|Any CPU.ActiveCfg = Release|Any CPU
		{84876FD2-9055-4A02-A163-1495E5659BC7}.Release|Any CPU.Build.0 = Release|Any CPU
		{84876FD2-9055-4A02-A163-1495E5659BC7}.Release|Mixed Platforms.ActiveCfg = Release|Any CPU
		{84876FD2-9055-4A02-A163-1495E5659BC7}.Release|Mixed Platforms.Build.0 = Release|Any CPU
	EndGlobalSection
	GlobalSection(SolutionProperties) = preSolution
		HideSolutionNode = FALSE
	EndGlobalSection
	GlobalSection(NestedProjects) = preSolution
		{10F7C179-B92D-4FCA-B78C-011E428D0CA3} = {5186B58A-8906-4B63-BD6E-816FA1B717FD}
		{D0269A39-A5CC-409D-AC06-3B0548DE6D98} = {5186B58A-8906-4B63-BD6E-816FA1B717FD}
		{408BB005-77D9-4EED-A2BA-5F96D0C471F2} = {5186B58A-8906-4B63-BD6E-816FA1B717FD}
		{40DCCAEC-A0D0-4B08-8660-76BEB27B96F5} = {5186B58A-8906-4B63-BD6E-816FA1B717FD}
		{A2CD1737-E43B-4A1B-B5CD-0467FEBC514D} = {5186B58A-8906-4B63-BD6E-816FA1B717FD}
		{387B682B-E4B0-4292-ACD1-F3EF29C76025} = {5186B58A-8906-4B63-BD6E-816FA1B717FD}
		{84876FD2-9055-4A02-A163-1495E5659BC7} = {6AB25EA3-591C-499B-8932-12C6AD7C2359}
		{E1A4B329-2EA0-445E-B22F-08DBAD0DF497} = {6AB25EA3-591C-499B-8932-12C6AD7C2359}
	EndGlobalSection
	GlobalSection(TextTemplating) = postSolution
		TextTemplating = 1
	EndGlobalSection
EndGlobal
