
Microsoft Visual Studio Solution File, Format Version 11.00
# Visual Studio 2010
Project("{2150E333-8FDC-42A3-9474-1A3956D46DE8}") = "docs", "docs", "{E74B5507-F3B1-439D-BA8E-F5E923B327CA}"
	ProjectSection(SolutionItems) = preProject
		..\docs\example.web.config = ..\docs\example.web.config
		..\docs\history.txt = ..\docs\history.txt
		..\docs\howto_build.txt = ..\docs\howto_build.txt
		..\docs\howto_develop.txt = ..\docs\howto_develop.txt
		..\docs\howto_install.txt = ..\docs\howto_install.txt
		..\docs\License.txt = ..\docs\License.txt
		..\docs\n2_readme.txt = ..\docs\n2_readme.txt
		..\docs\n2cms.configuration.xsd = ..\docs\n2cms.configuration.xsd
		..\docs\nodo.txt = ..\docs\nodo.txt
		..\docs\runtime_readme.txt = ..\docs\runtime_readme.txt
		..\docs\solution_overview.txt = ..\docs\solution_overview.txt
		..\docs\templates_readme.txt = ..\docs\templates_readme.txt
		..\docs\todo.txt = ..\docs\todo.txt
		..\docs\upgrade.txt = ..\docs\upgrade.txt
		..\docs\wpi.xml = ..\docs\wpi.xml
	EndProjectSection
EndProject
Project("{2150E333-8FDC-42A3-9474-1A3956D46DE8}") = "releases", "releases", "{0AFCEA00-8510-48F6-B949-22796F899C77}"
	ProjectSection(SolutionItems) = preProject
		..\docs\releases\release_1.3.3.txt = ..\docs\releases\release_1.3.3.txt
		..\docs\releases\release_1.3.4.txt = ..\docs\releases\release_1.3.4.txt
		..\docs\releases\release_1.3.5.txt = ..\docs\releases\release_1.3.5.txt
		..\docs\releases\release_1.4.1.txt = ..\docs\releases\release_1.4.1.txt
		..\docs\releases\release_1.4.2.txt = ..\docs\releases\release_1.4.2.txt
		..\docs\releases\release_1.4.3.txt = ..\docs\releases\release_1.4.3.txt
		..\docs\releases\release_1.4.4.txt = ..\docs\releases\release_1.4.4.txt
		..\docs\releases\release_1.4.5.txt = ..\docs\releases\release_1.4.5.txt
		..\docs\releases\release_1.4.txt = ..\docs\releases\release_1.4.txt
		..\docs\releases\release_1.5.txt = ..\docs\releases\release_1.5.txt
		..\docs\releases\release_2.0.txt = ..\docs\releases\release_2.0.txt
		..\docs\releases\release_2.1.txt = ..\docs\releases\release_2.1.txt
		..\docs\releases\upgrade_1.3.3.txt = ..\docs\releases\upgrade_1.3.3.txt
		..\docs\releases\upgrade_1.3.4.txt = ..\docs\releases\upgrade_1.3.4.txt
		..\docs\releases\upgrade_1.3.5.txt = ..\docs\releases\upgrade_1.3.5.txt
		..\docs\releases\upgrade_1.4.1.txt = ..\docs\releases\upgrade_1.4.1.txt
		..\docs\releases\upgrade_1.4.2.txt = ..\docs\releases\upgrade_1.4.2.txt
		..\docs\releases\upgrade_1.4.3.txt = ..\docs\releases\upgrade_1.4.3.txt
		..\docs\releases\upgrade_1.4.4.txt = ..\docs\releases\upgrade_1.4.4.txt
		..\docs\releases\upgrade_1.4.5.txt = ..\docs\releases\upgrade_1.4.5.txt
		..\docs\releases\upgrade_1.4.txt = ..\docs\releases\upgrade_1.4.txt
		..\docs\releases\upgrade_1.5.txt = ..\docs\releases\upgrade_1.5.txt
		..\docs\releases\upgrade_2.0.txt = ..\docs\releases\upgrade_2.0.txt
		..\docs\releases\upgrade_2.1.txt = ..\docs\releases\upgrade_2.1.txt
	EndProjectSection
EndProject
Project("{2150E333-8FDC-42A3-9474-1A3956D46DE8}") = "Framework", "Framework", "{D652AD73-CA2A-4EFA-A46D-0F7FCAC84AE2}"
EndProject
Project("{2150E333-8FDC-42A3-9474-1A3956D46DE8}") = "Site WebForms", "Site WebForms", "{59E8CCC9-1A61-489B-8605-61D5654D4DF4}"
EndProject
Project("{2150E333-8FDC-42A3-9474-1A3956D46DE8}") = "Build", "Build", "{CC6F803A-2270-4B3B-8664-0C41C4A1F8AE}"
	ProjectSection(SolutionItems) = preProject
		..\build\build.bat = ..\build\build.bat
		..\build\n2.examples.targets = ..\build\n2.examples.targets
		..\build\n2.framework.targets = ..\build\n2.framework.targets
		..\build\n2.proj = ..\build\n2.proj
		..\build\n2.sources.targets = ..\build\n2.sources.targets
		..\build\n2.templates.mvc.targets = ..\build\n2.templates.mvc.targets
		..\build\n2.templates.webforms.targets = ..\build\n2.templates.webforms.targets
	EndProjectSection
EndProject
Project("{2150E333-8FDC-42A3-9474-1A3956D46DE8}") = "Code Snippets", "Code Snippets", "{3C49EAD0-C3FF-406F-8290-23229BD4BADF}"
	ProjectSection(SolutionItems) = preProject
		..\snippets\N2 Item Template.zip = ..\snippets\N2 Item Template.zip
		..\snippets\N2 Page Controller.zip = ..\snippets\N2 Page Controller.zip
		..\snippets\N2 Page Template.zip = ..\snippets\N2 Page Template.zip
		..\snippets\n2prop.snippet = ..\snippets\n2prop.snippet
		..\snippets\n2propcb.snippet = ..\snippets\n2propcb.snippet
		..\snippets\n2propenum.snippet = ..\snippets\n2propenum.snippet
		..\snippets\n2propfta.snippet = ..\snippets\n2propfta.snippet
		..\snippets\n2propimage.snippet = ..\snippets\n2propimage.snippet
		..\snippets\n2proptb.snippet = ..\snippets\n2proptb.snippet
		..\snippets\n2propuc.snippet = ..\snippets\n2propuc.snippet
		..\snippets\n2propurl.snippet = ..\snippets\n2propurl.snippet
		..\snippets\readme.txt = ..\snippets\readme.txt
	EndProjectSection
EndProject
Project("{2150E333-8FDC-42A3-9474-1A3956D46DE8}") = "lib", "lib", "{04E4D1B1-EE03-488C-B53D-989700FE6018}"
	ProjectSection(SolutionItems) = preProject
		..\lib\Antlr3.Runtime.dll = ..\lib\Antlr3.Runtime.dll
		..\lib\Castle.Core.dll = ..\lib\Castle.Core.dll
		..\lib\Castle.Windsor.dll = ..\lib\Castle.Windsor.dll
		..\lib\Iesi.Collections.dll = ..\lib\Iesi.Collections.dll
		..\lib\log4net.dll = ..\lib\log4net.dll
		..\lib\MSBuild.Community.Tasks.dll = ..\lib\MSBuild.Community.Tasks.dll
		..\lib\MySql.Data.dll = ..\lib\MySql.Data.dll
		..\lib\NHibernate.ByteCode.Castle.dll = ..\lib\NHibernate.ByteCode.Castle.dll
		..\lib\NHibernate.dll = ..\lib\NHibernate.dll
		..\lib\nunit.core.dll = ..\lib\nunit.core.dll
		..\lib\nunit.core.interfaces.dll = ..\lib\nunit.core.interfaces.dll
		..\lib\nunit.framework.dll = ..\lib\nunit.framework.dll
		..\lib\nunit.util.dll = ..\lib\nunit.util.dll
		..\lib\Rhino.Mocks.dll = ..\lib\Rhino.Mocks.dll
		..\lib\sqlceme40.dll = ..\lib\sqlceme40.dll
		..\lib\System.Data.SQLite.DLL = ..\lib\System.Data.SQLite.DLL
		..\lib\System.Data.SqlServerCe.dll = ..\lib\System.Data.SqlServerCe.dll
		..\lib\System.Web.Mvc.dll = ..\lib\System.Web.Mvc.dll
	EndProjectSection
EndProject
Project("{2150E333-8FDC-42A3-9474-1A3956D46DE8}") = "Add-ons", "Add-ons", "{AA0C3414-F509-44A2-A677-409DE6B49B1C}"
EndProject
Project("{2150E333-8FDC-42A3-9474-1A3956D46DE8}") = "Examples", "Examples", "{03223418-97AD-4087-A568-6BBFD274864D}"
EndProject
Project("{2150E333-8FDC-42A3-9474-1A3956D46DE8}") = "Src", "Src", "{A226177B-0B92-4296-ADD1-1F5749B31E3F}"
EndProject
Project("{2150E333-8FDC-42A3-9474-1A3956D46DE8}") = "Site MVC", "Site MVC", "{C69DDE3C-8B79-4DDC-867B-C461F605AAA7}"
EndProject
Project("{2150E333-8FDC-42A3-9474-1A3956D46DE8}") = "Solution Items", "Solution Items", "{3D81A7C9-BB9E-4D94-B502-6DBDF048FD96}"
	ProjectSection(SolutionItems) = preProject
		..\readme.txt = ..\readme.txt
	EndProjectSection
EndProject
Project("{2150E333-8FDC-42A3-9474-1A3956D46DE8}") = "Deploy", "Deploy", "{5B744FE6-34F6-4BEC-A500-570D703BB946}"
	ProjectSection(SolutionItems) = preProject
		..\build\deploy\install.mysql = ..\build\deploy\install.mysql
		..\build\deploy\install.sql = ..\build\deploy\install.sql
		..\build\deploy\manifest.xml = ..\build\deploy\manifest.xml
		..\build\deploy\parameters.xml = ..\build\deploy\parameters.xml
	EndProjectSection
EndProject
Project("{FAE04EC0-301F-11D3-BF4B-00C04F79EFBC}") = "N2", "N2\N2.csproj", "{F3C813FE-C51B-4C10-85E2-FD2560E73E72}"
EndProject
Project("{FAE04EC0-301F-11D3-BF4B-00C04F79EFBC}") = "N2.Extensions", "N2.Extensions\N2.Extensions.csproj", "{E1A4B329-2EA0-445E-B22F-08DBAD0DF497}"
EndProject
Project("{FAE04EC0-301F-11D3-BF4B-00C04F79EFBC}") = "N2.Extensions.Tests", "N2.Extensions.Tests\N2.Extensions.Tests.csproj", "{84876FD2-9055-4A02-A163-1495E5659BC7}"
EndProject
Project("{FAE04EC0-301F-11D3-BF4B-00C04F79EFBC}") = "N2.Tests", "N2.Tests\N2.Tests.csproj", "{4B026365-D03B-40B4-862B-11608BA756B0}"
EndProject
Project("{FAE04EC0-301F-11D3-BF4B-00C04F79EFBC}") = "N2.Security", "N2.Security\N2.Security.csproj", "{CB6A29C5-8355-4C4C-B437-619F652B7540}"
EndProject
Project("{FAE04EC0-301F-11D3-BF4B-00C04F79EFBC}") = "N2.Templates", "wwwroot\N2.Templates.csproj", "{D42D096E-399D-4618-AEB4-9B023BA1316D}"
EndProject
Project("{FAE04EC0-301F-11D3-BF4B-00C04F79EFBC}") = "N2.Management.Tests", "N2.Edit.Tests\N2.Management.Tests.csproj", "{A2CD1737-E43B-4A1B-B5CD-0467FEBC514D}"
EndProject
Project("{FAE04EC0-301F-11D3-BF4B-00C04F79EFBC}") = "N2.Templates.Tests", "N2.Templates.Tests\N2.Templates.Tests.csproj", "{CEE6525F-F502-4890-AA36-7B8755A5E47D}"
EndProject
Project("{FAE04EC0-301F-11D3-BF4B-00C04F79EFBC}") = "AddonCatalog", "wwwroot\AddonCatalog.csproj", "{0F286C8B-A322-43E6-B02C-F118BF29D3D5}"
EndProject
Project("{FAE04EC0-301F-11D3-BF4B-00C04F79EFBC}") = "Wiki", "wwwroot\Wiki.csproj", "{77B21028-EA50-4CED-8334-307E836B0ECB}"
EndProject
Project("{FAE04EC0-301F-11D3-BF4B-00C04F79EFBC}") = "N2.Templates.UI.Tests", "wwwroot\N2.Templates.UI.Tests.csproj", "{250D978B-3C2C-4151-9A69-B36F3F53E8B8}"
EndProject
Project("{FAE04EC0-301F-11D3-BF4B-00C04F79EFBC}") = "Demo", "wwwroot\Addons\Demo\Demo.csproj", "{998A9799-37C5-4BD8-9393-B8094D085B40}"
EndProject
Project("{FAE04EC0-301F-11D3-BF4B-00C04F79EFBC}") = "Tagging", "wwwroot\Tagging.csproj", "{1073F608-638A-463D-983A-CAB48AAC83DE}"
EndProject
Project("{FAE04EC0-301F-11D3-BF4B-00C04F79EFBC}") = "TabPanel", "wwwroot\TabPanel.csproj", "{F5DFFD06-3789-4D9F-AC67-00F7ACC9198B}"
EndProject
Project("{FAE04EC0-301F-11D3-BF4B-00C04F79EFBC}") = "N2.Templates.Mvc", "N2.Templates.Mvc\N2.Templates.Mvc.csproj", "{92022CD3-9BDC-4E5B-BB9D-2D47531BEBF1}"
EndProject
Project("{FAE04EC0-301F-11D3-BF4B-00C04F79EFBC}") = "N2.Templates.Mvc.Tests", "N2.Templates.Mvc.Tests\N2.Templates.Mvc.Tests.csproj", "{72A36B7B-87AD-4E5F-AD85-BBECAA5B8322}"
EndProject
Project("{FAE04EC0-301F-11D3-BF4B-00C04F79EFBC}") = "N2.Management", "N2.Templates.Mvc\N2.Management.csproj", "{10F7C179-B92D-4FCA-B78C-011E428D0CA3}"
EndProject
Global
	GlobalSection(SolutionConfigurationPlatforms) = preSolution
		Debug|Any CPU = Debug|Any CPU
		DebugFramework|Any CPU = DebugFramework|Any CPU
		DebugMvc|Any CPU = DebugMvc|Any CPU
		DebugWebForms|Any CPU = DebugWebForms|Any CPU
		Demo|Any CPU = Demo|Any CPU
		Release|Any CPU = Release|Any CPU
		ReleaseFramework|Any CPU = ReleaseFramework|Any CPU
		ReleaseMvc|Any CPU = ReleaseMvc|Any CPU
		ReleaseWebForms|Any CPU = ReleaseWebForms|Any CPU
	EndGlobalSection
	GlobalSection(ProjectConfigurationPlatforms) = postSolution
		{F3C813FE-C51B-4C10-85E2-FD2560E73E72}.Debug|Any CPU.ActiveCfg = Debug|Any CPU
		{F3C813FE-C51B-4C10-85E2-FD2560E73E72}.Debug|Any CPU.Build.0 = Debug|Any CPU
		{F3C813FE-C51B-4C10-85E2-FD2560E73E72}.DebugFramework|Any CPU.ActiveCfg = Debug|Any CPU
		{F3C813FE-C51B-4C10-85E2-FD2560E73E72}.DebugFramework|Any CPU.Build.0 = Debug|Any CPU
		{F3C813FE-C51B-4C10-85E2-FD2560E73E72}.DebugMvc|Any CPU.ActiveCfg = Debug|Any CPU
		{F3C813FE-C51B-4C10-85E2-FD2560E73E72}.DebugMvc|Any CPU.Build.0 = Debug|Any CPU
		{F3C813FE-C51B-4C10-85E2-FD2560E73E72}.DebugWebForms|Any CPU.ActiveCfg = Debug|Any CPU
		{F3C813FE-C51B-4C10-85E2-FD2560E73E72}.DebugWebForms|Any CPU.Build.0 = Debug|Any CPU
		{F3C813FE-C51B-4C10-85E2-FD2560E73E72}.Demo|Any CPU.ActiveCfg = Release|Any CPU
		{F3C813FE-C51B-4C10-85E2-FD2560E73E72}.Demo|Any CPU.Build.0 = Release|Any CPU
		{F3C813FE-C51B-4C10-85E2-FD2560E73E72}.Release|Any CPU.ActiveCfg = Release|Any CPU
		{F3C813FE-C51B-4C10-85E2-FD2560E73E72}.Release|Any CPU.Build.0 = Release|Any CPU
		{F3C813FE-C51B-4C10-85E2-FD2560E73E72}.ReleaseFramework|Any CPU.ActiveCfg = Release|Any CPU
		{F3C813FE-C51B-4C10-85E2-FD2560E73E72}.ReleaseFramework|Any CPU.Build.0 = Release|Any CPU
		{F3C813FE-C51B-4C10-85E2-FD2560E73E72}.ReleaseMvc|Any CPU.ActiveCfg = Release|Any CPU
		{F3C813FE-C51B-4C10-85E2-FD2560E73E72}.ReleaseMvc|Any CPU.Build.0 = Release|Any CPU
		{F3C813FE-C51B-4C10-85E2-FD2560E73E72}.ReleaseWebForms|Any CPU.ActiveCfg = Release|Any CPU
		{F3C813FE-C51B-4C10-85E2-FD2560E73E72}.ReleaseWebForms|Any CPU.Build.0 = Release|Any CPU
		{E1A4B329-2EA0-445E-B22F-08DBAD0DF497}.Debug|Any CPU.ActiveCfg = Debug|Any CPU
		{E1A4B329-2EA0-445E-B22F-08DBAD0DF497}.Debug|Any CPU.Build.0 = Debug|Any CPU
		{E1A4B329-2EA0-445E-B22F-08DBAD0DF497}.DebugFramework|Any CPU.ActiveCfg = Debug|Any CPU
		{E1A4B329-2EA0-445E-B22F-08DBAD0DF497}.DebugFramework|Any CPU.Build.0 = Debug|Any CPU
		{E1A4B329-2EA0-445E-B22F-08DBAD0DF497}.DebugMvc|Any CPU.ActiveCfg = Debug|Any CPU
		{E1A4B329-2EA0-445E-B22F-08DBAD0DF497}.DebugMvc|Any CPU.Build.0 = Debug|Any CPU
		{E1A4B329-2EA0-445E-B22F-08DBAD0DF497}.DebugWebForms|Any CPU.ActiveCfg = Debug|Any CPU
		{E1A4B329-2EA0-445E-B22F-08DBAD0DF497}.Demo|Any CPU.ActiveCfg = Release|Any CPU
		{E1A4B329-2EA0-445E-B22F-08DBAD0DF497}.Demo|Any CPU.Build.0 = Release|Any CPU
		{E1A4B329-2EA0-445E-B22F-08DBAD0DF497}.Release|Any CPU.ActiveCfg = Release|Any CPU
		{E1A4B329-2EA0-445E-B22F-08DBAD0DF497}.Release|Any CPU.Build.0 = Release|Any CPU
		{E1A4B329-2EA0-445E-B22F-08DBAD0DF497}.ReleaseFramework|Any CPU.ActiveCfg = Release|Any CPU
		{E1A4B329-2EA0-445E-B22F-08DBAD0DF497}.ReleaseFramework|Any CPU.Build.0 = Release|Any CPU
		{E1A4B329-2EA0-445E-B22F-08DBAD0DF497}.ReleaseMvc|Any CPU.ActiveCfg = Release|Any CPU
		{E1A4B329-2EA0-445E-B22F-08DBAD0DF497}.ReleaseMvc|Any CPU.Build.0 = Release|Any CPU
		{E1A4B329-2EA0-445E-B22F-08DBAD0DF497}.ReleaseWebForms|Any CPU.ActiveCfg = Release|Any CPU
		{84876FD2-9055-4A02-A163-1495E5659BC7}.Debug|Any CPU.ActiveCfg = Debug|Any CPU
		{84876FD2-9055-4A02-A163-1495E5659BC7}.Debug|Any CPU.Build.0 = Debug|Any CPU
		{84876FD2-9055-4A02-A163-1495E5659BC7}.DebugFramework|Any CPU.ActiveCfg = Debug|Any CPU
		{84876FD2-9055-4A02-A163-1495E5659BC7}.DebugFramework|Any CPU.Build.0 = Debug|Any CPU
		{84876FD2-9055-4A02-A163-1495E5659BC7}.DebugMvc|Any CPU.ActiveCfg = Debug|Any CPU
		{84876FD2-9055-4A02-A163-1495E5659BC7}.DebugMvc|Any CPU.Build.0 = Debug|Any CPU
		{84876FD2-9055-4A02-A163-1495E5659BC7}.DebugWebForms|Any CPU.ActiveCfg = Debug|Any CPU
		{84876FD2-9055-4A02-A163-1495E5659BC7}.Demo|Any CPU.ActiveCfg = Release|Any CPU
		{84876FD2-9055-4A02-A163-1495E5659BC7}.Demo|Any CPU.Build.0 = Release|Any CPU
		{84876FD2-9055-4A02-A163-1495E5659BC7}.Release|Any CPU.ActiveCfg = Release|Any CPU
		{84876FD2-9055-4A02-A163-1495E5659BC7}.Release|Any CPU.Build.0 = Release|Any CPU
		{84876FD2-9055-4A02-A163-1495E5659BC7}.ReleaseFramework|Any CPU.ActiveCfg = Release|Any CPU
		{84876FD2-9055-4A02-A163-1495E5659BC7}.ReleaseMvc|Any CPU.ActiveCfg = Release|Any CPU
		{84876FD2-9055-4A02-A163-1495E5659BC7}.ReleaseWebForms|Any CPU.ActiveCfg = Release|Any CPU
		{4B026365-D03B-40B4-862B-11608BA756B0}.Debug|Any CPU.ActiveCfg = Debug|Any CPU
		{4B026365-D03B-40B4-862B-11608BA756B0}.Debug|Any CPU.Build.0 = Debug|Any CPU
		{4B026365-D03B-40B4-862B-11608BA756B0}.DebugFramework|Any CPU.ActiveCfg = Debug|Any CPU
		{4B026365-D03B-40B4-862B-11608BA756B0}.DebugFramework|Any CPU.Build.0 = Debug|Any CPU
		{4B026365-D03B-40B4-862B-11608BA756B0}.DebugMvc|Any CPU.ActiveCfg = Debug|Any CPU
		{4B026365-D03B-40B4-862B-11608BA756B0}.DebugWebForms|Any CPU.ActiveCfg = Debug|Any CPU
		{4B026365-D03B-40B4-862B-11608BA756B0}.Demo|Any CPU.ActiveCfg = Release|Any CPU
		{4B026365-D03B-40B4-862B-11608BA756B0}.Demo|Any CPU.Build.0 = Release|Any CPU
		{4B026365-D03B-40B4-862B-11608BA756B0}.Release|Any CPU.ActiveCfg = Release|Any CPU
		{4B026365-D03B-40B4-862B-11608BA756B0}.Release|Any CPU.Build.0 = Release|Any CPU
		{4B026365-D03B-40B4-862B-11608BA756B0}.ReleaseFramework|Any CPU.ActiveCfg = Release|Any CPU
		{4B026365-D03B-40B4-862B-11608BA756B0}.ReleaseMvc|Any CPU.ActiveCfg = Release|Any CPU
		{4B026365-D03B-40B4-862B-11608BA756B0}.ReleaseWebForms|Any CPU.ActiveCfg = Release|Any CPU
		{CB6A29C5-8355-4C4C-B437-619F652B7540}.Debug|Any CPU.ActiveCfg = Debug|Any CPU
		{CB6A29C5-8355-4C4C-B437-619F652B7540}.Debug|Any CPU.Build.0 = Debug|Any CPU
		{CB6A29C5-8355-4C4C-B437-619F652B7540}.DebugFramework|Any CPU.ActiveCfg = Debug|Any CPU
		{CB6A29C5-8355-4C4C-B437-619F652B7540}.DebugFramework|Any CPU.Build.0 = Debug|Any CPU
		{CB6A29C5-8355-4C4C-B437-619F652B7540}.DebugMvc|Any CPU.ActiveCfg = Debug|Any CPU
		{CB6A29C5-8355-4C4C-B437-619F652B7540}.DebugWebForms|Any CPU.ActiveCfg = Debug|Any CPU
		{CB6A29C5-8355-4C4C-B437-619F652B7540}.DebugWebForms|Any CPU.Build.0 = Debug|Any CPU
		{CB6A29C5-8355-4C4C-B437-619F652B7540}.Demo|Any CPU.ActiveCfg = Release|Any CPU
		{CB6A29C5-8355-4C4C-B437-619F652B7540}.Demo|Any CPU.Build.0 = Release|Any CPU
		{CB6A29C5-8355-4C4C-B437-619F652B7540}.Release|Any CPU.ActiveCfg = Release|Any CPU
		{CB6A29C5-8355-4C4C-B437-619F652B7540}.Release|Any CPU.Build.0 = Release|Any CPU
		{CB6A29C5-8355-4C4C-B437-619F652B7540}.ReleaseFramework|Any CPU.ActiveCfg = Release|Any CPU
		{CB6A29C5-8355-4C4C-B437-619F652B7540}.ReleaseFramework|Any CPU.Build.0 = Release|Any CPU
		{CB6A29C5-8355-4C4C-B437-619F652B7540}.ReleaseMvc|Any CPU.ActiveCfg = Release|Any CPU
		{CB6A29C5-8355-4C4C-B437-619F652B7540}.ReleaseMvc|Any CPU.Build.0 = Release|Any CPU
		{CB6A29C5-8355-4C4C-B437-619F652B7540}.ReleaseWebForms|Any CPU.ActiveCfg = Release|Any CPU
		{CB6A29C5-8355-4C4C-B437-619F652B7540}.ReleaseWebForms|Any CPU.Build.0 = Release|Any CPU
		{D42D096E-399D-4618-AEB4-9B023BA1316D}.Debug|Any CPU.ActiveCfg = Debug|Any CPU
		{D42D096E-399D-4618-AEB4-9B023BA1316D}.Debug|Any CPU.Build.0 = Debug|Any CPU
		{D42D096E-399D-4618-AEB4-9B023BA1316D}.DebugFramework|Any CPU.ActiveCfg = Debug|Any CPU
		{D42D096E-399D-4618-AEB4-9B023BA1316D}.DebugMvc|Any CPU.ActiveCfg = Debug|Any CPU
		{D42D096E-399D-4618-AEB4-9B023BA1316D}.DebugWebForms|Any CPU.ActiveCfg = Debug|Any CPU
		{D42D096E-399D-4618-AEB4-9B023BA1316D}.DebugWebForms|Any CPU.Build.0 = Debug|Any CPU
		{D42D096E-399D-4618-AEB4-9B023BA1316D}.Demo|Any CPU.ActiveCfg = Release|Any CPU
		{D42D096E-399D-4618-AEB4-9B023BA1316D}.Release|Any CPU.ActiveCfg = Release|Any CPU
		{D42D096E-399D-4618-AEB4-9B023BA1316D}.Release|Any CPU.Build.0 = Release|Any CPU
		{D42D096E-399D-4618-AEB4-9B023BA1316D}.ReleaseFramework|Any CPU.ActiveCfg = Release|Any CPU
		{D42D096E-399D-4618-AEB4-9B023BA1316D}.ReleaseMvc|Any CPU.ActiveCfg = Release|Any CPU
		{D42D096E-399D-4618-AEB4-9B023BA1316D}.ReleaseWebForms|Any CPU.ActiveCfg = Release|Any CPU
		{D42D096E-399D-4618-AEB4-9B023BA1316D}.ReleaseWebForms|Any CPU.Build.0 = Release|Any CPU
		{A2CD1737-E43B-4A1B-B5CD-0467FEBC514D}.Debug|Any CPU.ActiveCfg = Debug|Any CPU
		{A2CD1737-E43B-4A1B-B5CD-0467FEBC514D}.Debug|Any CPU.Build.0 = Debug|Any CPU
		{A2CD1737-E43B-4A1B-B5CD-0467FEBC514D}.DebugFramework|Any CPU.ActiveCfg = Debug|Any CPU
		{A2CD1737-E43B-4A1B-B5CD-0467FEBC514D}.DebugFramework|Any CPU.Build.0 = Debug|Any CPU
		{A2CD1737-E43B-4A1B-B5CD-0467FEBC514D}.DebugMvc|Any CPU.ActiveCfg = Debug|Any CPU
		{A2CD1737-E43B-4A1B-B5CD-0467FEBC514D}.DebugWebForms|Any CPU.ActiveCfg = Debug|Any CPU
		{A2CD1737-E43B-4A1B-B5CD-0467FEBC514D}.Demo|Any CPU.ActiveCfg = Release|Any CPU
		{A2CD1737-E43B-4A1B-B5CD-0467FEBC514D}.Demo|Any CPU.Build.0 = Release|Any CPU
		{A2CD1737-E43B-4A1B-B5CD-0467FEBC514D}.Release|Any CPU.ActiveCfg = Release|Any CPU
		{A2CD1737-E43B-4A1B-B5CD-0467FEBC514D}.Release|Any CPU.Build.0 = Release|Any CPU
		{A2CD1737-E43B-4A1B-B5CD-0467FEBC514D}.ReleaseFramework|Any CPU.ActiveCfg = Release|Any CPU
		{A2CD1737-E43B-4A1B-B5CD-0467FEBC514D}.ReleaseMvc|Any CPU.ActiveCfg = Release|Any CPU
		{A2CD1737-E43B-4A1B-B5CD-0467FEBC514D}.ReleaseWebForms|Any CPU.ActiveCfg = Release|Any CPU
		{CEE6525F-F502-4890-AA36-7B8755A5E47D}.Debug|Any CPU.ActiveCfg = Debug|Any CPU
		{CEE6525F-F502-4890-AA36-7B8755A5E47D}.Debug|Any CPU.Build.0 = Debug|Any CPU
		{CEE6525F-F502-4890-AA36-7B8755A5E47D}.DebugFramework|Any CPU.ActiveCfg = Debug|Any CPU
		{CEE6525F-F502-4890-AA36-7B8755A5E47D}.DebugMvc|Any CPU.ActiveCfg = Debug|Any CPU
		{CEE6525F-F502-4890-AA36-7B8755A5E47D}.DebugWebForms|Any CPU.ActiveCfg = Debug|Any CPU
		{CEE6525F-F502-4890-AA36-7B8755A5E47D}.DebugWebForms|Any CPU.Build.0 = Debug|Any CPU
		{CEE6525F-F502-4890-AA36-7B8755A5E47D}.Demo|Any CPU.ActiveCfg = Release|Any CPU
		{CEE6525F-F502-4890-AA36-7B8755A5E47D}.Release|Any CPU.ActiveCfg = Release|Any CPU
		{CEE6525F-F502-4890-AA36-7B8755A5E47D}.Release|Any CPU.Build.0 = Release|Any CPU
		{CEE6525F-F502-4890-AA36-7B8755A5E47D}.ReleaseFramework|Any CPU.ActiveCfg = Release|Any CPU
		{CEE6525F-F502-4890-AA36-7B8755A5E47D}.ReleaseMvc|Any CPU.ActiveCfg = Release|Any CPU
		{CEE6525F-F502-4890-AA36-7B8755A5E47D}.ReleaseWebForms|Any CPU.ActiveCfg = Release|Any CPU
		{0F286C8B-A322-43E6-B02C-F118BF29D3D5}.Debug|Any CPU.ActiveCfg = Debug|Any CPU
		{0F286C8B-A322-43E6-B02C-F118BF29D3D5}.Debug|Any CPU.Build.0 = Debug|Any CPU
		{0F286C8B-A322-43E6-B02C-F118BF29D3D5}.DebugFramework|Any CPU.ActiveCfg = Debug|Any CPU
		{0F286C8B-A322-43E6-B02C-F118BF29D3D5}.DebugMvc|Any CPU.ActiveCfg = Debug|Any CPU
		{0F286C8B-A322-43E6-B02C-F118BF29D3D5}.DebugWebForms|Any CPU.ActiveCfg = Debug|Any CPU
		{0F286C8B-A322-43E6-B02C-F118BF29D3D5}.DebugWebForms|Any CPU.Build.0 = Debug|Any CPU
		{0F286C8B-A322-43E6-B02C-F118BF29D3D5}.Demo|Any CPU.ActiveCfg = Release|Any CPU
		{0F286C8B-A322-43E6-B02C-F118BF29D3D5}.Demo|Any CPU.Build.0 = Release|Any CPU
		{0F286C8B-A322-43E6-B02C-F118BF29D3D5}.Release|Any CPU.ActiveCfg = Release|Any CPU
		{0F286C8B-A322-43E6-B02C-F118BF29D3D5}.Release|Any CPU.Build.0 = Release|Any CPU
		{0F286C8B-A322-43E6-B02C-F118BF29D3D5}.ReleaseFramework|Any CPU.ActiveCfg = Release|Any CPU
		{0F286C8B-A322-43E6-B02C-F118BF29D3D5}.ReleaseMvc|Any CPU.ActiveCfg = Release|Any CPU
		{0F286C8B-A322-43E6-B02C-F118BF29D3D5}.ReleaseWebForms|Any CPU.ActiveCfg = Release|Any CPU
		{0F286C8B-A322-43E6-B02C-F118BF29D3D5}.ReleaseWebForms|Any CPU.Build.0 = Release|Any CPU
		{77B21028-EA50-4CED-8334-307E836B0ECB}.Debug|Any CPU.ActiveCfg = Debug|Any CPU
		{77B21028-EA50-4CED-8334-307E836B0ECB}.Debug|Any CPU.Build.0 = Debug|Any CPU
		{77B21028-EA50-4CED-8334-307E836B0ECB}.DebugFramework|Any CPU.ActiveCfg = Debug|Any CPU
		{77B21028-EA50-4CED-8334-307E836B0ECB}.DebugMvc|Any CPU.ActiveCfg = Debug|Any CPU
		{77B21028-EA50-4CED-8334-307E836B0ECB}.DebugWebForms|Any CPU.ActiveCfg = Debug|Any CPU
		{77B21028-EA50-4CED-8334-307E836B0ECB}.DebugWebForms|Any CPU.Build.0 = Debug|Any CPU
		{77B21028-EA50-4CED-8334-307E836B0ECB}.Demo|Any CPU.ActiveCfg = Release|Any CPU
		{77B21028-EA50-4CED-8334-307E836B0ECB}.Release|Any CPU.ActiveCfg = Release|Any CPU
		{77B21028-EA50-4CED-8334-307E836B0ECB}.Release|Any CPU.Build.0 = Release|Any CPU
		{77B21028-EA50-4CED-8334-307E836B0ECB}.ReleaseFramework|Any CPU.ActiveCfg = Release|Any CPU
		{77B21028-EA50-4CED-8334-307E836B0ECB}.ReleaseMvc|Any CPU.ActiveCfg = Release|Any CPU
		{77B21028-EA50-4CED-8334-307E836B0ECB}.ReleaseWebForms|Any CPU.ActiveCfg = Release|Any CPU
		{77B21028-EA50-4CED-8334-307E836B0ECB}.ReleaseWebForms|Any CPU.Build.0 = Release|Any CPU
		{250D978B-3C2C-4151-9A69-B36F3F53E8B8}.Debug|Any CPU.ActiveCfg = Debug|Any CPU
		{250D978B-3C2C-4151-9A69-B36F3F53E8B8}.DebugFramework|Any CPU.ActiveCfg = Debug|Any CPU
		{250D978B-3C2C-4151-9A69-B36F3F53E8B8}.DebugFramework|Any CPU.Build.0 = Debug|Any CPU
		{250D978B-3C2C-4151-9A69-B36F3F53E8B8}.DebugMvc|Any CPU.ActiveCfg = Debug|Any CPU
		{250D978B-3C2C-4151-9A69-B36F3F53E8B8}.DebugWebForms|Any CPU.ActiveCfg = Debug|Any CPU
		{250D978B-3C2C-4151-9A69-B36F3F53E8B8}.Demo|Any CPU.ActiveCfg = Release|Any CPU
		{250D978B-3C2C-4151-9A69-B36F3F53E8B8}.Release|Any CPU.ActiveCfg = Release|Any CPU
		{250D978B-3C2C-4151-9A69-B36F3F53E8B8}.ReleaseFramework|Any CPU.ActiveCfg = Release|Any CPU
		{250D978B-3C2C-4151-9A69-B36F3F53E8B8}.ReleaseMvc|Any CPU.ActiveCfg = Release|Any CPU
		{250D978B-3C2C-4151-9A69-B36F3F53E8B8}.ReleaseWebForms|Any CPU.ActiveCfg = Release|Any CPU
		{998A9799-37C5-4BD8-9393-B8094D085B40}.Debug|Any CPU.ActiveCfg = Debug|Any CPU
		{998A9799-37C5-4BD8-9393-B8094D085B40}.DebugFramework|Any CPU.ActiveCfg = Debug|Any CPU
		{998A9799-37C5-4BD8-9393-B8094D085B40}.DebugMvc|Any CPU.ActiveCfg = Debug|Any CPU
		{998A9799-37C5-4BD8-9393-B8094D085B40}.DebugWebForms|Any CPU.ActiveCfg = Debug|Any CPU
		{998A9799-37C5-4BD8-9393-B8094D085B40}.Demo|Any CPU.ActiveCfg = Release|Any CPU
		{998A9799-37C5-4BD8-9393-B8094D085B40}.Release|Any CPU.ActiveCfg = Release|Any CPU
		{998A9799-37C5-4BD8-9393-B8094D085B40}.ReleaseFramework|Any CPU.ActiveCfg = Release|Any CPU
		{998A9799-37C5-4BD8-9393-B8094D085B40}.ReleaseMvc|Any CPU.ActiveCfg = Release|Any CPU
		{998A9799-37C5-4BD8-9393-B8094D085B40}.ReleaseWebForms|Any CPU.ActiveCfg = Release|Any CPU
		{1073F608-638A-463D-983A-CAB48AAC83DE}.Debug|Any CPU.ActiveCfg = Debug|Any CPU
		{1073F608-638A-463D-983A-CAB48AAC83DE}.Debug|Any CPU.Build.0 = Debug|Any CPU
		{1073F608-638A-463D-983A-CAB48AAC83DE}.DebugFramework|Any CPU.ActiveCfg = Debug|Any CPU
		{1073F608-638A-463D-983A-CAB48AAC83DE}.DebugMvc|Any CPU.ActiveCfg = Debug|Any CPU
		{1073F608-638A-463D-983A-CAB48AAC83DE}.DebugWebForms|Any CPU.ActiveCfg = Debug|Any CPU
		{1073F608-638A-463D-983A-CAB48AAC83DE}.DebugWebForms|Any CPU.Build.0 = Debug|Any CPU
		{1073F608-638A-463D-983A-CAB48AAC83DE}.Demo|Any CPU.ActiveCfg = Release|Any CPU
		{1073F608-638A-463D-983A-CAB48AAC83DE}.Release|Any CPU.ActiveCfg = Release|Any CPU
		{1073F608-638A-463D-983A-CAB48AAC83DE}.Release|Any CPU.Build.0 = Release|Any CPU
		{1073F608-638A-463D-983A-CAB48AAC83DE}.ReleaseFramework|Any CPU.ActiveCfg = Release|Any CPU
		{1073F608-638A-463D-983A-CAB48AAC83DE}.ReleaseMvc|Any CPU.ActiveCfg = Release|Any CPU
		{1073F608-638A-463D-983A-CAB48AAC83DE}.ReleaseWebForms|Any CPU.ActiveCfg = Release|Any CPU
		{1073F608-638A-463D-983A-CAB48AAC83DE}.ReleaseWebForms|Any CPU.Build.0 = Release|Any CPU
		{F5DFFD06-3789-4D9F-AC67-00F7ACC9198B}.Debug|Any CPU.ActiveCfg = Debug|Any CPU
		{F5DFFD06-3789-4D9F-AC67-00F7ACC9198B}.Debug|Any CPU.Build.0 = Debug|Any CPU
		{F5DFFD06-3789-4D9F-AC67-00F7ACC9198B}.DebugFramework|Any CPU.ActiveCfg = Debug|Any CPU
		{F5DFFD06-3789-4D9F-AC67-00F7ACC9198B}.DebugMvc|Any CPU.ActiveCfg = Debug|Any CPU
		{F5DFFD06-3789-4D9F-AC67-00F7ACC9198B}.DebugWebForms|Any CPU.ActiveCfg = Debug|Any CPU
		{F5DFFD06-3789-4D9F-AC67-00F7ACC9198B}.DebugWebForms|Any CPU.Build.0 = Debug|Any CPU
		{F5DFFD06-3789-4D9F-AC67-00F7ACC9198B}.Demo|Any CPU.ActiveCfg = Release|Any CPU
		{F5DFFD06-3789-4D9F-AC67-00F7ACC9198B}.Release|Any CPU.ActiveCfg = Release|Any CPU
		{F5DFFD06-3789-4D9F-AC67-00F7ACC9198B}.Release|Any CPU.Build.0 = Release|Any CPU
		{F5DFFD06-3789-4D9F-AC67-00F7ACC9198B}.ReleaseFramework|Any CPU.ActiveCfg = Release|Any CPU
		{F5DFFD06-3789-4D9F-AC67-00F7ACC9198B}.ReleaseMvc|Any CPU.ActiveCfg = Release|Any CPU
		{F5DFFD06-3789-4D9F-AC67-00F7ACC9198B}.ReleaseWebForms|Any CPU.ActiveCfg = Release|Any CPU
		{92022CD3-9BDC-4E5B-BB9D-2D47531BEBF1}.Debug|Any CPU.ActiveCfg = Debug|Any CPU
		{92022CD3-9BDC-4E5B-BB9D-2D47531BEBF1}.Debug|Any CPU.Build.0 = Debug|Any CPU
		{92022CD3-9BDC-4E5B-BB9D-2D47531BEBF1}.DebugFramework|Any CPU.ActiveCfg = Debug|Any CPU
		{92022CD3-9BDC-4E5B-BB9D-2D47531BEBF1}.DebugMvc|Any CPU.ActiveCfg = Debug|Any CPU
		{92022CD3-9BDC-4E5B-BB9D-2D47531BEBF1}.DebugMvc|Any CPU.Build.0 = Debug|Any CPU
		{92022CD3-9BDC-4E5B-BB9D-2D47531BEBF1}.DebugWebForms|Any CPU.ActiveCfg = Debug|Any CPU
		{92022CD3-9BDC-4E5B-BB9D-2D47531BEBF1}.Demo|Any CPU.ActiveCfg = Demo|Any CPU
		{92022CD3-9BDC-4E5B-BB9D-2D47531BEBF1}.Demo|Any CPU.Build.0 = Demo|Any CPU
		{92022CD3-9BDC-4E5B-BB9D-2D47531BEBF1}.Release|Any CPU.ActiveCfg = Release|Any CPU
		{92022CD3-9BDC-4E5B-BB9D-2D47531BEBF1}.Release|Any CPU.Build.0 = Release|Any CPU
		{92022CD3-9BDC-4E5B-BB9D-2D47531BEBF1}.ReleaseFramework|Any CPU.ActiveCfg = Release|Any CPU
		{92022CD3-9BDC-4E5B-BB9D-2D47531BEBF1}.ReleaseMvc|Any CPU.ActiveCfg = Release|Any CPU
		{92022CD3-9BDC-4E5B-BB9D-2D47531BEBF1}.ReleaseMvc|Any CPU.Build.0 = Release|Any CPU
		{92022CD3-9BDC-4E5B-BB9D-2D47531BEBF1}.ReleaseWebForms|Any CPU.ActiveCfg = Release|Any CPU
		{72A36B7B-87AD-4E5F-AD85-BBECAA5B8322}.Debug|Any CPU.ActiveCfg = Debug|Any CPU
		{72A36B7B-87AD-4E5F-AD85-BBECAA5B8322}.Debug|Any CPU.Build.0 = Debug|Any CPU
		{72A36B7B-87AD-4E5F-AD85-BBECAA5B8322}.DebugFramework|Any CPU.ActiveCfg = Debug|Any CPU
		{72A36B7B-87AD-4E5F-AD85-BBECAA5B8322}.DebugMvc|Any CPU.ActiveCfg = Debug|Any CPU
		{72A36B7B-87AD-4E5F-AD85-BBECAA5B8322}.DebugMvc|Any CPU.Build.0 = Debug|Any CPU
		{72A36B7B-87AD-4E5F-AD85-BBECAA5B8322}.DebugWebForms|Any CPU.ActiveCfg = Debug|Any CPU
		{72A36B7B-87AD-4E5F-AD85-BBECAA5B8322}.Demo|Any CPU.ActiveCfg = Release|Any CPU
		{72A36B7B-87AD-4E5F-AD85-BBECAA5B8322}.Demo|Any CPU.Build.0 = Release|Any CPU
		{72A36B7B-87AD-4E5F-AD85-BBECAA5B8322}.Release|Any CPU.ActiveCfg = Release|Any CPU
		{72A36B7B-87AD-4E5F-AD85-BBECAA5B8322}.Release|Any CPU.Build.0 = Release|Any CPU
		{72A36B7B-87AD-4E5F-AD85-BBECAA5B8322}.ReleaseFramework|Any CPU.ActiveCfg = Release|Any CPU
		{72A36B7B-87AD-4E5F-AD85-BBECAA5B8322}.ReleaseMvc|Any CPU.ActiveCfg = Release|Any CPU
		{72A36B7B-87AD-4E5F-AD85-BBECAA5B8322}.ReleaseWebForms|Any CPU.ActiveCfg = Release|Any CPU
		{10F7C179-B92D-4FCA-B78C-011E428D0CA3}.Debug|Any CPU.ActiveCfg = Debug|Any CPU
		{10F7C179-B92D-4FCA-B78C-011E428D0CA3}.Debug|Any CPU.Build.0 = Debug|Any CPU
		{10F7C179-B92D-4FCA-B78C-011E428D0CA3}.DebugFramework|Any CPU.ActiveCfg = Debug|Any CPU
		{10F7C179-B92D-4FCA-B78C-011E428D0CA3}.DebugFramework|Any CPU.Build.0 = Debug|Any CPU
		{10F7C179-B92D-4FCA-B78C-011E428D0CA3}.DebugMvc|Any CPU.ActiveCfg = Debug|Any CPU
		{10F7C179-B92D-4FCA-B78C-011E428D0CA3}.DebugMvc|Any CPU.Build.0 = Debug|Any CPU
		{10F7C179-B92D-4FCA-B78C-011E428D0CA3}.DebugWebForms|Any CPU.ActiveCfg = Debug|Any CPU
		{10F7C179-B92D-4FCA-B78C-011E428D0CA3}.DebugWebForms|Any CPU.Build.0 = Debug|Any CPU
		{10F7C179-B92D-4FCA-B78C-011E428D0CA3}.Demo|Any CPU.ActiveCfg = Release|Any CPU
		{10F7C179-B92D-4FCA-B78C-011E428D0CA3}.Demo|Any CPU.Build.0 = Release|Any CPU
		{10F7C179-B92D-4FCA-B78C-011E428D0CA3}.Release|Any CPU.ActiveCfg = Release|Any CPU
		{10F7C179-B92D-4FCA-B78C-011E428D0CA3}.Release|Any CPU.Build.0 = Release|Any CPU
		{10F7C179-B92D-4FCA-B78C-011E428D0CA3}.ReleaseFramework|Any CPU.ActiveCfg = Release|Any CPU
		{10F7C179-B92D-4FCA-B78C-011E428D0CA3}.ReleaseFramework|Any CPU.Build.0 = Release|Any CPU
		{10F7C179-B92D-4FCA-B78C-011E428D0CA3}.ReleaseMvc|Any CPU.ActiveCfg = Release|Any CPU
		{10F7C179-B92D-4FCA-B78C-011E428D0CA3}.ReleaseWebForms|Any CPU.ActiveCfg = Release|Any CPU
	EndGlobalSection
	GlobalSection(SolutionProperties) = preSolution
		HideSolutionNode = FALSE
	EndGlobalSection
	GlobalSection(NestedProjects) = preSolution
		{E74B5507-F3B1-439D-BA8E-F5E923B327CA} = {3D81A7C9-BB9E-4D94-B502-6DBDF048FD96}
		{CC6F803A-2270-4B3B-8664-0C41C4A1F8AE} = {3D81A7C9-BB9E-4D94-B502-6DBDF048FD96}
		{3C49EAD0-C3FF-406F-8290-23229BD4BADF} = {3D81A7C9-BB9E-4D94-B502-6DBDF048FD96}
		{04E4D1B1-EE03-488C-B53D-989700FE6018} = {3D81A7C9-BB9E-4D94-B502-6DBDF048FD96}
		{0AFCEA00-8510-48F6-B949-22796F899C77} = {E74B5507-F3B1-439D-BA8E-F5E923B327CA}
		{F3C813FE-C51B-4C10-85E2-FD2560E73E72} = {D652AD73-CA2A-4EFA-A46D-0F7FCAC84AE2}
		{E1A4B329-2EA0-445E-B22F-08DBAD0DF497} = {D652AD73-CA2A-4EFA-A46D-0F7FCAC84AE2}
		{84876FD2-9055-4A02-A163-1495E5659BC7} = {D652AD73-CA2A-4EFA-A46D-0F7FCAC84AE2}
		{4B026365-D03B-40B4-862B-11608BA756B0} = {D652AD73-CA2A-4EFA-A46D-0F7FCAC84AE2}
		{CB6A29C5-8355-4C4C-B437-619F652B7540} = {D652AD73-CA2A-4EFA-A46D-0F7FCAC84AE2}
		{A2CD1737-E43B-4A1B-B5CD-0467FEBC514D} = {D652AD73-CA2A-4EFA-A46D-0F7FCAC84AE2}
		{10F7C179-B92D-4FCA-B78C-011E428D0CA3} = {D652AD73-CA2A-4EFA-A46D-0F7FCAC84AE2}
		{AA0C3414-F509-44A2-A677-409DE6B49B1C} = {59E8CCC9-1A61-489B-8605-61D5654D4DF4}
		{D42D096E-399D-4618-AEB4-9B023BA1316D} = {59E8CCC9-1A61-489B-8605-61D5654D4DF4}
		{CEE6525F-F502-4890-AA36-7B8755A5E47D} = {59E8CCC9-1A61-489B-8605-61D5654D4DF4}
		{03223418-97AD-4087-A568-6BBFD274864D} = {CC6F803A-2270-4B3B-8664-0C41C4A1F8AE}
		{A226177B-0B92-4296-ADD1-1F5749B31E3F} = {CC6F803A-2270-4B3B-8664-0C41C4A1F8AE}
		{5B744FE6-34F6-4BEC-A500-570D703BB946} = {CC6F803A-2270-4B3B-8664-0C41C4A1F8AE}
		{0F286C8B-A322-43E6-B02C-F118BF29D3D5} = {AA0C3414-F509-44A2-A677-409DE6B49B1C}
		{77B21028-EA50-4CED-8334-307E836B0ECB} = {AA0C3414-F509-44A2-A677-409DE6B49B1C}
		{250D978B-3C2C-4151-9A69-B36F3F53E8B8} = {AA0C3414-F509-44A2-A677-409DE6B49B1C}
		{998A9799-37C5-4BD8-9393-B8094D085B40} = {AA0C3414-F509-44A2-A677-409DE6B49B1C}
		{1073F608-638A-463D-983A-CAB48AAC83DE} = {AA0C3414-F509-44A2-A677-409DE6B49B1C}
		{F5DFFD06-3789-4D9F-AC67-00F7ACC9198B} = {AA0C3414-F509-44A2-A677-409DE6B49B1C}
		{92022CD3-9BDC-4E5B-BB9D-2D47531BEBF1} = {C69DDE3C-8B79-4DDC-867B-C461F605AAA7}
		{72A36B7B-87AD-4E5F-AD85-BBECAA5B8322} = {C69DDE3C-8B79-4DDC-867B-C461F605AAA7}
	EndGlobalSection
EndGlobal
