
Microsoft Visual Studio Solution File, Format Version 11.00
# Visual Studio 2010
Project("{2150E333-8FDC-42A3-9474-1A3956D46DE8}") = "docs", "docs", "{E74B5507-F3B1-439D-BA8E-F5E923B327CA}"
	ProjectSection(SolutionItems) = preProject
		..\docs\example.web.config = ..\docs\example.web.config
		..\docs\history.txt = ..\docs\history.txt
		..\docs\howto_build.txt = ..\docs\howto_build.txt
		..\docs\howto_develop.txt = ..\docs\howto_develop.txt
		..\docs\howto_install.txt = ..\docs\howto_install.txt
		..\docs\License.txt = ..\docs\License.txt
		..\docs\n2_readme.txt = ..\docs\n2_readme.txt
		..\docs\n2cms.configuration.xsd = ..\docs\n2cms.configuration.xsd
		..\docs\nodo.txt = ..\docs\nodo.txt
		..\docs\runtime_readme.txt = ..\docs\runtime_readme.txt
		..\docs\solution_overview.txt = ..\docs\solution_overview.txt
		..\docs\templates_readme.txt = ..\docs\templates_readme.txt
		..\docs\todo.txt = ..\docs\todo.txt
		..\docs\upgrade.txt = ..\docs\upgrade.txt
		..\docs\wpi.xml = ..\docs\wpi.xml
	EndProjectSection
EndProject
Project("{2150E333-8FDC-42A3-9474-1A3956D46DE8}") = "releases", "releases", "{0AFCEA00-8510-48F6-B949-22796F899C77}"
	ProjectSection(SolutionItems) = preProject
		..\docs\releases\release_1.5.txt = ..\docs\releases\release_1.5.txt
		..\docs\releases\release_2.0.txt = ..\docs\releases\release_2.0.txt
		..\docs\releases\release_2.1.txt = ..\docs\releases\release_2.1.txt
		..\docs\releases\release_2.2.1.txt = ..\docs\releases\release_2.2.1.txt
		..\docs\releases\release_2.2.txt = ..\docs\releases\release_2.2.txt
		..\docs\releases\upgrade_1.5.txt = ..\docs\releases\upgrade_1.5.txt
		..\docs\releases\upgrade_2.0.txt = ..\docs\releases\upgrade_2.0.txt
		..\docs\releases\upgrade_2.1.txt = ..\docs\releases\upgrade_2.1.txt
		..\docs\releases\upgrade_2.2.1.txt = ..\docs\releases\upgrade_2.2.1.txt
		..\docs\releases\upgrade_2.2.txt = ..\docs\releases\upgrade_2.2.txt
	EndProjectSection
EndProject
Project("{2150E333-8FDC-42A3-9474-1A3956D46DE8}") = "Framework", "Framework", "{D652AD73-CA2A-4EFA-A46D-0F7FCAC84AE2}"
EndProject
Project("{2150E333-8FDC-42A3-9474-1A3956D46DE8}") = "Site WebForms", "Site WebForms", "{59E8CCC9-1A61-489B-8605-61D5654D4DF4}"
EndProject
Project("{2150E333-8FDC-42A3-9474-1A3956D46DE8}") = "Build", "Build", "{CC6F803A-2270-4B3B-8664-0C41C4A1F8AE}"
	ProjectSection(SolutionItems) = preProject
		..\build\build.bat = ..\build\build.bat
		..\build\n2.deploy.targets = ..\build\n2.deploy.targets
		..\build\n2.dinamico.targets = ..\build\n2.dinamico.targets
		..\build\n2.examples.targets = ..\build\n2.examples.targets
		..\build\n2.framework.targets = ..\build\n2.framework.targets
		..\build\n2.proj = ..\build\n2.proj
		..\build\n2.sources.targets = ..\build\n2.sources.targets
		..\build\n2.templates.mvc.targets = ..\build\n2.templates.mvc.targets
		..\build\n2.templates.webforms.targets = ..\build\n2.templates.webforms.targets
	EndProjectSection
EndProject
Project("{2150E333-8FDC-42A3-9474-1A3956D46DE8}") = "Code Snippets", "Code Snippets", "{3C49EAD0-C3FF-406F-8290-23229BD4BADF}"
	ProjectSection(SolutionItems) = preProject
		..\snippets\N2 Item Template.zip = ..\snippets\N2 Item Template.zip
		..\snippets\N2 Page Controller.zip = ..\snippets\N2 Page Controller.zip
		..\snippets\N2 Page Template.zip = ..\snippets\N2 Page Template.zip
		..\snippets\n2prop.snippet = ..\snippets\n2prop.snippet
		..\snippets\n2propcb.snippet = ..\snippets\n2propcb.snippet
		..\snippets\n2propenum.snippet = ..\snippets\n2propenum.snippet
		..\snippets\n2propfta.snippet = ..\snippets\n2propfta.snippet
		..\snippets\n2propimage.snippet = ..\snippets\n2propimage.snippet
		..\snippets\n2proptb.snippet = ..\snippets\n2proptb.snippet
		..\snippets\n2propuc.snippet = ..\snippets\n2propuc.snippet
		..\snippets\n2propurl.snippet = ..\snippets\n2propurl.snippet
		..\snippets\readme.txt = ..\snippets\readme.txt
	EndProjectSection
EndProject
Project("{2150E333-8FDC-42A3-9474-1A3956D46DE8}") = "lib", "lib", "{04E4D1B1-EE03-488C-B53D-989700FE6018}"
	ProjectSection(SolutionItems) = preProject
		..\lib\log4net.dll = ..\lib\log4net.dll
		..\lib\MySql.Data.dll = ..\lib\MySql.Data.dll
		..\lib\nunit.core.dll = ..\lib\nunit.core.dll
		..\lib\nunit.core.interfaces.dll = ..\lib\nunit.core.interfaces.dll
		..\lib\nunit.framework.dll = ..\lib\nunit.framework.dll
		..\lib\nunit.util.dll = ..\lib\nunit.util.dll
		..\lib\Rhino.Mocks.dll = ..\lib\Rhino.Mocks.dll
		..\lib\sqlceme40.dll = ..\lib\sqlceme40.dll
		..\lib\System.Data.SQLite.DLL = ..\lib\System.Data.SQLite.DLL
		..\lib\System.Data.SqlServerCe.dll = ..\lib\System.Data.SqlServerCe.dll
		..\lib\System.Web.Mvc.dll = ..\lib\System.Web.Mvc.dll
	EndProjectSection
EndProject
Project("{2150E333-8FDC-42A3-9474-1A3956D46DE8}") = "Add-ons", "Add-ons", "{AA0C3414-F509-44A2-A677-409DE6B49B1C}"
EndProject
Project("{2150E333-8FDC-42A3-9474-1A3956D46DE8}") = "Site MVC", "Site MVC", "{C69DDE3C-8B79-4DDC-867B-C461F605AAA7}"
EndProject
Project("{2150E333-8FDC-42A3-9474-1A3956D46DE8}") = "Solution Items", "Solution Items", "{3D81A7C9-BB9E-4D94-B502-6DBDF048FD96}"
	ProjectSection(SolutionItems) = preProject
		..\readme.txt = ..\readme.txt
	EndProjectSection
EndProject
Project("{2150E333-8FDC-42A3-9474-1A3956D46DE8}") = "Deploy", "Deploy", "{5B744FE6-34F6-4BEC-A500-570D703BB946}"
	ProjectSection(SolutionItems) = preProject
		..\build\deploy\install.mysql = ..\build\deploy\install.mysql
		..\build\deploy\install.sql = ..\build\deploy\install.sql
		..\build\deploy\manifest.xml = ..\build\deploy\manifest.xml
		..\build\deploy\parameters.xml = ..\build\deploy\parameters.xml
		..\build\deploy\Prepare.bat = ..\build\deploy\Prepare.bat
	EndProjectSection
EndProject
Project("{FAE04EC0-301F-11D3-BF4B-00C04F79EFBC}") = "N2", "Framework\N2\N2.csproj", "{F3C813FE-C51B-4C10-85E2-FD2560E73E72}"
EndProject
Project("{FAE04EC0-301F-11D3-BF4B-00C04F79EFBC}") = "N2.Extensions", "Framework\Extensions\N2.Extensions.csproj", "{E1A4B329-2EA0-445E-B22F-08DBAD0DF497}"
EndProject
Project("{FAE04EC0-301F-11D3-BF4B-00C04F79EFBC}") = "N2.Extensions.Tests", "Framework\Extensions.Tests\N2.Extensions.Tests.csproj", "{84876FD2-9055-4A02-A163-1495E5659BC7}"
EndProject
Project("{FAE04EC0-301F-11D3-BF4B-00C04F79EFBC}") = "N2.Tests", "Framework\Tests\N2.Tests.csproj", "{4B026365-D03B-40B4-862B-11608BA756B0}"
EndProject
Project("{FAE04EC0-301F-11D3-BF4B-00C04F79EFBC}") = "N2.Templates", "WebForms\WebFormsTemplates\N2.Templates.csproj", "{D42D096E-399D-4618-AEB4-9B023BA1316D}"
EndProject
Project("{FAE04EC0-301F-11D3-BF4B-00C04F79EFBC}") = "N2.Management.Tests", "Framework\Management.Tests\N2.Management.Tests.csproj", "{A2CD1737-E43B-4A1B-B5CD-0467FEBC514D}"
EndProject
Project("{FAE04EC0-301F-11D3-BF4B-00C04F79EFBC}") = "N2.Templates.Tests", "WebForms\WebFormsTemplates.Tests\N2.Templates.Tests.csproj", "{CEE6525F-F502-4890-AA36-7B8755A5E47D}"
EndProject
Project("{FAE04EC0-301F-11D3-BF4B-00C04F79EFBC}") = "AddonCatalog", "WebForms\WebFormsTemplates\AddonCatalog.csproj", "{0F286C8B-A322-43E6-B02C-F118BF29D3D5}"
EndProject
Project("{FAE04EC0-301F-11D3-BF4B-00C04F79EFBC}") = "Wiki", "WebForms\WebFormsTemplates\Wiki.csproj", "{77B21028-EA50-4CED-8334-307E836B0ECB}"
EndProject
Project("{FAE04EC0-301F-11D3-BF4B-00C04F79EFBC}") = "N2.Templates.UI.Tests", "WebForms\WebFormsTemplates\N2.Templates.UI.Tests.csproj", "{250D978B-3C2C-4151-9A69-B36F3F53E8B8}"
EndProject
Project("{FAE04EC0-301F-11D3-BF4B-00C04F79EFBC}") = "Demo", "WebForms\WebFormsTemplates\Addons\Demo\Demo.csproj", "{998A9799-37C5-4BD8-9393-B8094D085B40}"
EndProject
Project("{FAE04EC0-301F-11D3-BF4B-00C04F79EFBC}") = "Tagging", "WebForms\WebFormsTemplates\Tagging.csproj", "{1073F608-638A-463D-983A-CAB48AAC83DE}"
EndProject
Project("{FAE04EC0-301F-11D3-BF4B-00C04F79EFBC}") = "TabPanel", "WebForms\WebFormsTemplates\TabPanel.csproj", "{F5DFFD06-3789-4D9F-AC67-00F7ACC9198B}"
EndProject
Project("{FAE04EC0-301F-11D3-BF4B-00C04F79EFBC}") = "N2.Templates.Mvc", "Mvc\MvcTemplates\N2.Templates.Mvc.csproj", "{92022CD3-9BDC-4E5B-BB9D-2D47531BEBF1}"
EndProject
Project("{FAE04EC0-301F-11D3-BF4B-00C04F79EFBC}") = "N2.Templates.Mvc.Tests", "Mvc\MvcTemplates.Tests\N2.Templates.Mvc.Tests.csproj", "{72A36B7B-87AD-4E5F-AD85-BBECAA5B8322}"
EndProject
Project("{FAE04EC0-301F-11D3-BF4B-00C04F79EFBC}") = "N2.Management", "Mvc\MvcTemplates\N2.Management.csproj", "{10F7C179-B92D-4FCA-B78C-011E428D0CA3}"
EndProject
Project("{FAE04EC0-301F-11D3-BF4B-00C04F79EFBC}") = "Dinamico", "Mvc\Dinamico\Dinamico.csproj", "{E09BC247-32BA-4240-B9C8-5CDDF4BAB2A9}"
EndProject
Project("{2150E333-8FDC-42A3-9474-1A3956D46DE8}") = "Nuget", "Nuget", "{4508EBF5-CF13-47DD-942E-72E34B26FE48}"
EndProject
Project("{2150E333-8FDC-42A3-9474-1A3956D46DE8}") = "Framework", "Framework", "{68ABA761-8210-4BE8-9F6D-6D3A69D273B0}"
	ProjectSection(SolutionItems) = preProject
		..\build\nuget\Framework\N2.Cms.nuspec = ..\build\nuget\Framework\N2.Cms.nuspec
	EndProjectSection
EndProject
Project("{2150E333-8FDC-42A3-9474-1A3956D46DE8}") = "Dinamico", "Dinamico", "{18314BAF-CA7C-491D-9CBF-0B458B8E150B}"
	ProjectSection(SolutionItems) = preProject
		..\build\nuget\Dinamico\N2.Dinamico.nuspec = ..\build\nuget\Dinamico\N2.Dinamico.nuspec
	EndProjectSection
EndProject
Project("{2150E333-8FDC-42A3-9474-1A3956D46DE8}") = "Content", "Content", "{B0AF013A-2386-4774-8EE6-FB5AE43390B2}"
EndProject
Project("{2150E333-8FDC-42A3-9474-1A3956D46DE8}") = "Views", "Views", "{F00EA637-6C32-4504-A248-AB6E5B7D395D}"
EndProject
Project("{FAE04EC0-301F-11D3-BF4B-00C04F79EFBC}") = "N2.Razor", "Framework\Razor\N2.Razor.csproj", "{D701D33B-3FBB-440C-9AAE-F0E99DFF04F9}"
EndProject
Project("{FAE04EC0-301F-11D3-BF4B-00C04F79EFBC}") = "N2.Packaging", "Framework\Packaging\N2.Packaging.csproj", "{8292DB1E-D760-417B-8620-7024DE3505F2}"
EndProject
Project("{2150E333-8FDC-42A3-9474-1A3956D46DE8}") = "Library", "Library", "{CCE2DE93-7719-48BA-80E7-20E8C52BAEBE}"
	ProjectSection(SolutionItems) = preProject
		..\build\nuget\Library\N2.Library.nuspec = ..\build\nuget\Library\N2.Library.nuspec
	EndProjectSection
EndProject
Project("{2150E333-8FDC-42A3-9474-1A3956D46DE8}") = "SQLIte", "SQLIte", "{541230E3-044D-4B21-90EB-B93B491C6AFE}"
	ProjectSection(SolutionItems) = preProject
		..\build\nuget\SQLite\N2.SQLite.nuspec = ..\build\nuget\SQLite\N2.SQLite.nuspec
	EndProjectSection
EndProject
Project("{2150E333-8FDC-42A3-9474-1A3956D46DE8}") = "Content", "Content", "{9C9945AF-7DE6-459D-A783-C026E5B7F596}"
	ProjectSection(SolutionItems) = preProject
		..\build\nuget\SQLite\Content\web.config.transform = ..\build\nuget\SQLite\Content\web.config.transform
	EndProjectSection
EndProject
Project("{2150E333-8FDC-42A3-9474-1A3956D46DE8}") = "Razor", "Razor", "{97670B82-7B2E-4EE4-8527-8342877AD08C}"
	ProjectSection(SolutionItems) = preProject
		..\build\nuget\Razor\N2.Razor.nuspec = ..\build\nuget\Razor\N2.Razor.nuspec
	EndProjectSection
EndProject
Project("{2150E333-8FDC-42A3-9474-1A3956D46DE8}") = "Management", "Management", "{F4E05C2E-256E-4C71-9AE3-6CFF8F8D997C}"
	ProjectSection(SolutionItems) = preProject
		..\build\nuget\Management\N2.Management.nuspec = ..\build\nuget\Management\N2.Management.nuspec
	EndProjectSection
EndProject
Project("{2150E333-8FDC-42A3-9474-1A3956D46DE8}") = "App_Data", "App_Data", "{A4646281-64FB-4CE0-A3D7-9167070FF19A}"
	ProjectSection(SolutionItems) = preProject
		..\build\nuget\Framework\Content\App_Data\n2_host.config = ..\build\nuget\Framework\Content\App_Data\n2_host.config
	EndProjectSection
EndProject
Project("{2150E333-8FDC-42A3-9474-1A3956D46DE8}") = "Content", "Content", "{B3835F3D-C170-49C8-A4FC-CA52F0714B83}"
	ProjectSection(SolutionItems) = preProject
		..\build\nuget\Framework\Content\web.config.transform = ..\build\nuget\Framework\Content\web.config.transform
	EndProjectSection
EndProject
Project("{FAE04EC0-301F-11D3-BF4B-00C04F79EFBC}") = "N2.IoC.Windsor3", "Framework\IoC.Windsor\N2.IoC.Windsor3.csproj", "{7A9C0479-64AF-4DF1-818C-118866DB8A3D}"
EndProject
Project("{FAE04EC0-301F-11D3-BF4B-00C04F79EFBC}") = "N2.IoC.Windsor2", "Framework\IoC.Windsor2\N2.IoC.Windsor2.csproj", "{234CD990-8B72-407D-AD6D-B3FBB78DBB39}"
EndProject
Project("{2150E333-8FDC-42A3-9474-1A3956D46DE8}") = "IoC.Windsor2", "IoC.Windsor2", "{B6189255-B554-4AE8-9F31-13E693BD7F67}"
	ProjectSection(SolutionItems) = preProject
		..\build\nuget\IoC.Windsor2\N2.Windsor2.nuspec = ..\build\nuget\IoC.Windsor2\N2.Windsor2.nuspec
	EndProjectSection
EndProject
Project("{2150E333-8FDC-42A3-9474-1A3956D46DE8}") = "IoC.Windsor3", "IoC.Windsor3", "{9D0BACB7-1032-4E80-94FE-22515CE821B3}"
	ProjectSection(SolutionItems) = preProject
		..\build\nuget\IoC.Windsor3\N2.Windsor3.nuspec = ..\build\nuget\IoC.Windsor3\N2.Windsor3.nuspec
	EndProjectSection
EndProject
Global
	GlobalSection(SolutionConfigurationPlatforms) = preSolution
		Debug|Any CPU = Debug|Any CPU
		Debug|Mixed Platforms = Debug|Mixed Platforms
		Debug|x86 = Debug|x86
		DebugDinamico|Any CPU = DebugDinamico|Any CPU
		DebugDinamico|Mixed Platforms = DebugDinamico|Mixed Platforms
		DebugDinamico|x86 = DebugDinamico|x86
		DebugFramework|Any CPU = DebugFramework|Any CPU
		DebugFramework|Mixed Platforms = DebugFramework|Mixed Platforms
		DebugFramework|x86 = DebugFramework|x86
		DebugMvc|Any CPU = DebugMvc|Any CPU
		DebugMvc|Mixed Platforms = DebugMvc|Mixed Platforms
		DebugMvc|x86 = DebugMvc|x86
		DebugWebForms|Any CPU = DebugWebForms|Any CPU
		DebugWebForms|Mixed Platforms = DebugWebForms|Mixed Platforms
		DebugWebForms|x86 = DebugWebForms|x86
		Demo|Any CPU = Demo|Any CPU
		Demo|Mixed Platforms = Demo|Mixed Platforms
		Demo|x86 = Demo|x86
		Release|Any CPU = Release|Any CPU
		Release|Mixed Platforms = Release|Mixed Platforms
		Release|x86 = Release|x86
	EndGlobalSection
	GlobalSection(ProjectConfigurationPlatforms) = postSolution
		{F3C813FE-C51B-4C10-85E2-FD2560E73E72}.Debug|Any CPU.ActiveCfg = Debug|Any CPU
		{F3C813FE-C51B-4C10-85E2-FD2560E73E72}.Debug|Any CPU.Build.0 = Debug|Any CPU
		{F3C813FE-C51B-4C10-85E2-FD2560E73E72}.Debug|Mixed Platforms.ActiveCfg = Debug|Any CPU
		{F3C813FE-C51B-4C10-85E2-FD2560E73E72}.Debug|Mixed Platforms.Build.0 = Debug|Any CPU
		{F3C813FE-C51B-4C10-85E2-FD2560E73E72}.Debug|x86.ActiveCfg = Debug|Any CPU
		{F3C813FE-C51B-4C10-85E2-FD2560E73E72}.DebugDinamico|Any CPU.ActiveCfg = Debug|Any CPU
		{F3C813FE-C51B-4C10-85E2-FD2560E73E72}.DebugDinamico|Any CPU.Build.0 = Debug|Any CPU
		{F3C813FE-C51B-4C10-85E2-FD2560E73E72}.DebugDinamico|Mixed Platforms.ActiveCfg = Debug|Any CPU
		{F3C813FE-C51B-4C10-85E2-FD2560E73E72}.DebugDinamico|Mixed Platforms.Build.0 = Debug|Any CPU
		{F3C813FE-C51B-4C10-85E2-FD2560E73E72}.DebugDinamico|x86.ActiveCfg = Debug|Any CPU
		{F3C813FE-C51B-4C10-85E2-FD2560E73E72}.DebugFramework|Any CPU.ActiveCfg = Debug|Any CPU
		{F3C813FE-C51B-4C10-85E2-FD2560E73E72}.DebugFramework|Any CPU.Build.0 = Debug|Any CPU
		{F3C813FE-C51B-4C10-85E2-FD2560E73E72}.DebugFramework|Mixed Platforms.ActiveCfg = Debug|Any CPU
		{F3C813FE-C51B-4C10-85E2-FD2560E73E72}.DebugFramework|Mixed Platforms.Build.0 = Debug|Any CPU
		{F3C813FE-C51B-4C10-85E2-FD2560E73E72}.DebugFramework|x86.ActiveCfg = Debug|Any CPU
		{F3C813FE-C51B-4C10-85E2-FD2560E73E72}.DebugMvc|Any CPU.ActiveCfg = Debug|Any CPU
		{F3C813FE-C51B-4C10-85E2-FD2560E73E72}.DebugMvc|Any CPU.Build.0 = Debug|Any CPU
		{F3C813FE-C51B-4C10-85E2-FD2560E73E72}.DebugMvc|Mixed Platforms.ActiveCfg = Debug|Any CPU
		{F3C813FE-C51B-4C10-85E2-FD2560E73E72}.DebugMvc|Mixed Platforms.Build.0 = Debug|Any CPU
		{F3C813FE-C51B-4C10-85E2-FD2560E73E72}.DebugMvc|x86.ActiveCfg = Debug|Any CPU
		{F3C813FE-C51B-4C10-85E2-FD2560E73E72}.DebugWebForms|Any CPU.ActiveCfg = Debug|Any CPU
		{F3C813FE-C51B-4C10-85E2-FD2560E73E72}.DebugWebForms|Any CPU.Build.0 = Debug|Any CPU
		{F3C813FE-C51B-4C10-85E2-FD2560E73E72}.DebugWebForms|Mixed Platforms.ActiveCfg = Debug|Any CPU
		{F3C813FE-C51B-4C10-85E2-FD2560E73E72}.DebugWebForms|Mixed Platforms.Build.0 = Debug|Any CPU
		{F3C813FE-C51B-4C10-85E2-FD2560E73E72}.DebugWebForms|x86.ActiveCfg = Debug|Any CPU
		{F3C813FE-C51B-4C10-85E2-FD2560E73E72}.Demo|Any CPU.ActiveCfg = Release|Any CPU
		{F3C813FE-C51B-4C10-85E2-FD2560E73E72}.Demo|Any CPU.Build.0 = Release|Any CPU
		{F3C813FE-C51B-4C10-85E2-FD2560E73E72}.Demo|Mixed Platforms.ActiveCfg = Debug|Any CPU
		{F3C813FE-C51B-4C10-85E2-FD2560E73E72}.Demo|Mixed Platforms.Build.0 = Debug|Any CPU
		{F3C813FE-C51B-4C10-85E2-FD2560E73E72}.Demo|x86.ActiveCfg = Debug|Any CPU
		{F3C813FE-C51B-4C10-85E2-FD2560E73E72}.Release|Any CPU.ActiveCfg = Release|Any CPU
		{F3C813FE-C51B-4C10-85E2-FD2560E73E72}.Release|Any CPU.Build.0 = Release|Any CPU
		{F3C813FE-C51B-4C10-85E2-FD2560E73E72}.Release|Mixed Platforms.ActiveCfg = Release|Any CPU
		{F3C813FE-C51B-4C10-85E2-FD2560E73E72}.Release|Mixed Platforms.Build.0 = Release|Any CPU
		{F3C813FE-C51B-4C10-85E2-FD2560E73E72}.Release|x86.ActiveCfg = Release|Any CPU
		{E1A4B329-2EA0-445E-B22F-08DBAD0DF497}.Debug|Any CPU.ActiveCfg = Debug|Any CPU
		{E1A4B329-2EA0-445E-B22F-08DBAD0DF497}.Debug|Any CPU.Build.0 = Debug|Any CPU
		{E1A4B329-2EA0-445E-B22F-08DBAD0DF497}.Debug|Mixed Platforms.ActiveCfg = Debug|Any CPU
		{E1A4B329-2EA0-445E-B22F-08DBAD0DF497}.Debug|Mixed Platforms.Build.0 = Debug|Any CPU
		{E1A4B329-2EA0-445E-B22F-08DBAD0DF497}.Debug|x86.ActiveCfg = Debug|Any CPU
		{E1A4B329-2EA0-445E-B22F-08DBAD0DF497}.DebugDinamico|Any CPU.ActiveCfg = Debug|Any CPU
		{E1A4B329-2EA0-445E-B22F-08DBAD0DF497}.DebugDinamico|Any CPU.Build.0 = Debug|Any CPU
		{E1A4B329-2EA0-445E-B22F-08DBAD0DF497}.DebugDinamico|Mixed Platforms.ActiveCfg = Debug|Any CPU
		{E1A4B329-2EA0-445E-B22F-08DBAD0DF497}.DebugDinamico|Mixed Platforms.Build.0 = Debug|Any CPU
		{E1A4B329-2EA0-445E-B22F-08DBAD0DF497}.DebugDinamico|x86.ActiveCfg = Debug|Any CPU
		{E1A4B329-2EA0-445E-B22F-08DBAD0DF497}.DebugFramework|Any CPU.ActiveCfg = Debug|Any CPU
		{E1A4B329-2EA0-445E-B22F-08DBAD0DF497}.DebugFramework|Any CPU.Build.0 = Debug|Any CPU
		{E1A4B329-2EA0-445E-B22F-08DBAD0DF497}.DebugFramework|Mixed Platforms.ActiveCfg = Debug|Any CPU
		{E1A4B329-2EA0-445E-B22F-08DBAD0DF497}.DebugFramework|Mixed Platforms.Build.0 = Debug|Any CPU
		{E1A4B329-2EA0-445E-B22F-08DBAD0DF497}.DebugFramework|x86.ActiveCfg = Debug|Any CPU
		{E1A4B329-2EA0-445E-B22F-08DBAD0DF497}.DebugMvc|Any CPU.ActiveCfg = Debug|Any CPU
		{E1A4B329-2EA0-445E-B22F-08DBAD0DF497}.DebugMvc|Any CPU.Build.0 = Debug|Any CPU
		{E1A4B329-2EA0-445E-B22F-08DBAD0DF497}.DebugMvc|Mixed Platforms.ActiveCfg = Debug|Any CPU
		{E1A4B329-2EA0-445E-B22F-08DBAD0DF497}.DebugMvc|Mixed Platforms.Build.0 = Debug|Any CPU
		{E1A4B329-2EA0-445E-B22F-08DBAD0DF497}.DebugMvc|x86.ActiveCfg = Debug|Any CPU
		{E1A4B329-2EA0-445E-B22F-08DBAD0DF497}.DebugWebForms|Any CPU.ActiveCfg = Debug|Any CPU
		{E1A4B329-2EA0-445E-B22F-08DBAD0DF497}.DebugWebForms|Any CPU.Build.0 = Debug|Any CPU
		{E1A4B329-2EA0-445E-B22F-08DBAD0DF497}.DebugWebForms|Mixed Platforms.ActiveCfg = Debug|Any CPU
		{E1A4B329-2EA0-445E-B22F-08DBAD0DF497}.DebugWebForms|Mixed Platforms.Build.0 = Debug|Any CPU
		{E1A4B329-2EA0-445E-B22F-08DBAD0DF497}.DebugWebForms|x86.ActiveCfg = Debug|Any CPU
		{E1A4B329-2EA0-445E-B22F-08DBAD0DF497}.Demo|Any CPU.ActiveCfg = Release|Any CPU
		{E1A4B329-2EA0-445E-B22F-08DBAD0DF497}.Demo|Any CPU.Build.0 = Release|Any CPU
		{E1A4B329-2EA0-445E-B22F-08DBAD0DF497}.Demo|Mixed Platforms.ActiveCfg = Debug|Any CPU
		{E1A4B329-2EA0-445E-B22F-08DBAD0DF497}.Demo|Mixed Platforms.Build.0 = Debug|Any CPU
		{E1A4B329-2EA0-445E-B22F-08DBAD0DF497}.Demo|x86.ActiveCfg = Debug|Any CPU
		{E1A4B329-2EA0-445E-B22F-08DBAD0DF497}.Release|Any CPU.ActiveCfg = Release|Any CPU
		{E1A4B329-2EA0-445E-B22F-08DBAD0DF497}.Release|Any CPU.Build.0 = Release|Any CPU
		{E1A4B329-2EA0-445E-B22F-08DBAD0DF497}.Release|Mixed Platforms.ActiveCfg = Release|Any CPU
		{E1A4B329-2EA0-445E-B22F-08DBAD0DF497}.Release|Mixed Platforms.Build.0 = Release|Any CPU
		{E1A4B329-2EA0-445E-B22F-08DBAD0DF497}.Release|x86.ActiveCfg = Release|Any CPU
		{84876FD2-9055-4A02-A163-1495E5659BC7}.Debug|Any CPU.ActiveCfg = Debug|Any CPU
		{84876FD2-9055-4A02-A163-1495E5659BC7}.Debug|Any CPU.Build.0 = Debug|Any CPU
		{84876FD2-9055-4A02-A163-1495E5659BC7}.Debug|Mixed Platforms.ActiveCfg = Debug|Any CPU
		{84876FD2-9055-4A02-A163-1495E5659BC7}.Debug|Mixed Platforms.Build.0 = Debug|Any CPU
		{84876FD2-9055-4A02-A163-1495E5659BC7}.Debug|x86.ActiveCfg = Debug|Any CPU
		{84876FD2-9055-4A02-A163-1495E5659BC7}.DebugDinamico|Any CPU.ActiveCfg = Debug|Any CPU
		{84876FD2-9055-4A02-A163-1495E5659BC7}.DebugDinamico|Mixed Platforms.ActiveCfg = Debug|Any CPU
		{84876FD2-9055-4A02-A163-1495E5659BC7}.DebugDinamico|x86.ActiveCfg = Debug|Any CPU
		{84876FD2-9055-4A02-A163-1495E5659BC7}.DebugFramework|Any CPU.ActiveCfg = Debug|Any CPU
		{84876FD2-9055-4A02-A163-1495E5659BC7}.DebugFramework|Any CPU.Build.0 = Debug|Any CPU
		{84876FD2-9055-4A02-A163-1495E5659BC7}.DebugFramework|Mixed Platforms.ActiveCfg = Debug|Any CPU
		{84876FD2-9055-4A02-A163-1495E5659BC7}.DebugFramework|Mixed Platforms.Build.0 = Debug|Any CPU
		{84876FD2-9055-4A02-A163-1495E5659BC7}.DebugFramework|x86.ActiveCfg = Debug|Any CPU
		{84876FD2-9055-4A02-A163-1495E5659BC7}.DebugMvc|Any CPU.ActiveCfg = Debug|Any CPU
		{84876FD2-9055-4A02-A163-1495E5659BC7}.DebugMvc|Any CPU.Build.0 = Debug|Any CPU
		{84876FD2-9055-4A02-A163-1495E5659BC7}.DebugMvc|Mixed Platforms.ActiveCfg = Debug|Any CPU
		{84876FD2-9055-4A02-A163-1495E5659BC7}.DebugMvc|x86.ActiveCfg = Debug|Any CPU
		{84876FD2-9055-4A02-A163-1495E5659BC7}.DebugWebForms|Any CPU.ActiveCfg = Debug|Any CPU
		{84876FD2-9055-4A02-A163-1495E5659BC7}.DebugWebForms|Any CPU.Build.0 = Debug|Any CPU
		{84876FD2-9055-4A02-A163-1495E5659BC7}.DebugWebForms|Mixed Platforms.ActiveCfg = Debug|Any CPU
		{84876FD2-9055-4A02-A163-1495E5659BC7}.DebugWebForms|Mixed Platforms.Build.0 = Debug|Any CPU
		{84876FD2-9055-4A02-A163-1495E5659BC7}.DebugWebForms|x86.ActiveCfg = Debug|Any CPU
		{84876FD2-9055-4A02-A163-1495E5659BC7}.Demo|Any CPU.ActiveCfg = Release|Any CPU
		{84876FD2-9055-4A02-A163-1495E5659BC7}.Demo|Any CPU.Build.0 = Release|Any CPU
		{84876FD2-9055-4A02-A163-1495E5659BC7}.Demo|Mixed Platforms.ActiveCfg = Debug|Any CPU
		{84876FD2-9055-4A02-A163-1495E5659BC7}.Demo|Mixed Platforms.Build.0 = Debug|Any CPU
		{84876FD2-9055-4A02-A163-1495E5659BC7}.Demo|x86.ActiveCfg = Debug|Any CPU
		{84876FD2-9055-4A02-A163-1495E5659BC7}.Release|Any CPU.ActiveCfg = Release|Any CPU
		{84876FD2-9055-4A02-A163-1495E5659BC7}.Release|Any CPU.Build.0 = Release|Any CPU
		{84876FD2-9055-4A02-A163-1495E5659BC7}.Release|Mixed Platforms.ActiveCfg = Release|Any CPU
		{84876FD2-9055-4A02-A163-1495E5659BC7}.Release|Mixed Platforms.Build.0 = Release|Any CPU
		{84876FD2-9055-4A02-A163-1495E5659BC7}.Release|x86.ActiveCfg = Release|Any CPU
		{4B026365-D03B-40B4-862B-11608BA756B0}.Debug|Any CPU.ActiveCfg = Debug|Any CPU
		{4B026365-D03B-40B4-862B-11608BA756B0}.Debug|Any CPU.Build.0 = Debug|Any CPU
		{4B026365-D03B-40B4-862B-11608BA756B0}.Debug|Mixed Platforms.ActiveCfg = Debug|Any CPU
		{4B026365-D03B-40B4-862B-11608BA756B0}.Debug|Mixed Platforms.Build.0 = Debug|Any CPU
		{4B026365-D03B-40B4-862B-11608BA756B0}.Debug|x86.ActiveCfg = Debug|Any CPU
		{4B026365-D03B-40B4-862B-11608BA756B0}.DebugDinamico|Any CPU.ActiveCfg = Debug|Any CPU
		{4B026365-D03B-40B4-862B-11608BA756B0}.DebugDinamico|Mixed Platforms.ActiveCfg = Debug|Any CPU
		{4B026365-D03B-40B4-862B-11608BA756B0}.DebugDinamico|x86.ActiveCfg = Debug|Any CPU
		{4B026365-D03B-40B4-862B-11608BA756B0}.DebugFramework|Any CPU.ActiveCfg = Debug|Any CPU
		{4B026365-D03B-40B4-862B-11608BA756B0}.DebugFramework|Any CPU.Build.0 = Debug|Any CPU
		{4B026365-D03B-40B4-862B-11608BA756B0}.DebugFramework|Mixed Platforms.ActiveCfg = Debug|Any CPU
		{4B026365-D03B-40B4-862B-11608BA756B0}.DebugFramework|Mixed Platforms.Build.0 = Debug|Any CPU
		{4B026365-D03B-40B4-862B-11608BA756B0}.DebugFramework|x86.ActiveCfg = Debug|Any CPU
		{4B026365-D03B-40B4-862B-11608BA756B0}.DebugMvc|Any CPU.ActiveCfg = Debug|Any CPU
		{4B026365-D03B-40B4-862B-11608BA756B0}.DebugMvc|Mixed Platforms.ActiveCfg = Debug|Any CPU
		{4B026365-D03B-40B4-862B-11608BA756B0}.DebugMvc|x86.ActiveCfg = Debug|Any CPU
		{4B026365-D03B-40B4-862B-11608BA756B0}.DebugWebForms|Any CPU.ActiveCfg = Debug|Any CPU
		{4B026365-D03B-40B4-862B-11608BA756B0}.DebugWebForms|Mixed Platforms.ActiveCfg = Debug|Any CPU
		{4B026365-D03B-40B4-862B-11608BA756B0}.DebugWebForms|Mixed Platforms.Build.0 = Debug|Any CPU
		{4B026365-D03B-40B4-862B-11608BA756B0}.DebugWebForms|x86.ActiveCfg = Debug|Any CPU
		{4B026365-D03B-40B4-862B-11608BA756B0}.Demo|Any CPU.ActiveCfg = Release|Any CPU
		{4B026365-D03B-40B4-862B-11608BA756B0}.Demo|Any CPU.Build.0 = Release|Any CPU
		{4B026365-D03B-40B4-862B-11608BA756B0}.Demo|Mixed Platforms.ActiveCfg = Debug|Any CPU
		{4B026365-D03B-40B4-862B-11608BA756B0}.Demo|Mixed Platforms.Build.0 = Debug|Any CPU
		{4B026365-D03B-40B4-862B-11608BA756B0}.Demo|x86.ActiveCfg = Debug|Any CPU
		{4B026365-D03B-40B4-862B-11608BA756B0}.Release|Any CPU.ActiveCfg = Release|Any CPU
		{4B026365-D03B-40B4-862B-11608BA756B0}.Release|Any CPU.Build.0 = Release|Any CPU
		{4B026365-D03B-40B4-862B-11608BA756B0}.Release|Mixed Platforms.ActiveCfg = Release|Any CPU
		{4B026365-D03B-40B4-862B-11608BA756B0}.Release|Mixed Platforms.Build.0 = Release|Any CPU
		{4B026365-D03B-40B4-862B-11608BA756B0}.Release|x86.ActiveCfg = Release|Any CPU
		{D42D096E-399D-4618-AEB4-9B023BA1316D}.Debug|Any CPU.ActiveCfg = Debug|Any CPU
		{D42D096E-399D-4618-AEB4-9B023BA1316D}.Debug|Any CPU.Build.0 = Debug|Any CPU
		{D42D096E-399D-4618-AEB4-9B023BA1316D}.Debug|Mixed Platforms.ActiveCfg = Debug|Any CPU
		{D42D096E-399D-4618-AEB4-9B023BA1316D}.Debug|Mixed Platforms.Build.0 = Debug|Any CPU
		{D42D096E-399D-4618-AEB4-9B023BA1316D}.Debug|x86.ActiveCfg = Debug|Any CPU
		{D42D096E-399D-4618-AEB4-9B023BA1316D}.DebugDinamico|Any CPU.ActiveCfg = Debug|Any CPU
		{D42D096E-399D-4618-AEB4-9B023BA1316D}.DebugDinamico|Mixed Platforms.ActiveCfg = Debug|Any CPU
		{D42D096E-399D-4618-AEB4-9B023BA1316D}.DebugDinamico|x86.ActiveCfg = Debug|Any CPU
		{D42D096E-399D-4618-AEB4-9B023BA1316D}.DebugFramework|Any CPU.ActiveCfg = Debug|Any CPU
		{D42D096E-399D-4618-AEB4-9B023BA1316D}.DebugFramework|Mixed Platforms.ActiveCfg = Debug|Any CPU
		{D42D096E-399D-4618-AEB4-9B023BA1316D}.DebugFramework|x86.ActiveCfg = Debug|Any CPU
		{D42D096E-399D-4618-AEB4-9B023BA1316D}.DebugMvc|Any CPU.ActiveCfg = Debug|Any CPU
		{D42D096E-399D-4618-AEB4-9B023BA1316D}.DebugMvc|Mixed Platforms.ActiveCfg = Debug|Any CPU
		{D42D096E-399D-4618-AEB4-9B023BA1316D}.DebugMvc|x86.ActiveCfg = Debug|Any CPU
		{D42D096E-399D-4618-AEB4-9B023BA1316D}.DebugWebForms|Any CPU.ActiveCfg = Debug|Any CPU
		{D42D096E-399D-4618-AEB4-9B023BA1316D}.DebugWebForms|Any CPU.Build.0 = Debug|Any CPU
		{D42D096E-399D-4618-AEB4-9B023BA1316D}.DebugWebForms|Mixed Platforms.ActiveCfg = Debug|Any CPU
		{D42D096E-399D-4618-AEB4-9B023BA1316D}.DebugWebForms|Mixed Platforms.Build.0 = Debug|Any CPU
		{D42D096E-399D-4618-AEB4-9B023BA1316D}.DebugWebForms|x86.ActiveCfg = Debug|Any CPU
		{D42D096E-399D-4618-AEB4-9B023BA1316D}.Demo|Any CPU.ActiveCfg = Release|Any CPU
		{D42D096E-399D-4618-AEB4-9B023BA1316D}.Demo|Any CPU.Build.0 = Release|Any CPU
		{D42D096E-399D-4618-AEB4-9B023BA1316D}.Demo|Mixed Platforms.ActiveCfg = Debug|Any CPU
		{D42D096E-399D-4618-AEB4-9B023BA1316D}.Demo|Mixed Platforms.Build.0 = Debug|Any CPU
		{D42D096E-399D-4618-AEB4-9B023BA1316D}.Demo|x86.ActiveCfg = Debug|Any CPU
		{D42D096E-399D-4618-AEB4-9B023BA1316D}.Release|Any CPU.ActiveCfg = Release|Any CPU
		{D42D096E-399D-4618-AEB4-9B023BA1316D}.Release|Any CPU.Build.0 = Release|Any CPU
		{D42D096E-399D-4618-AEB4-9B023BA1316D}.Release|Mixed Platforms.ActiveCfg = Release|Any CPU
		{D42D096E-399D-4618-AEB4-9B023BA1316D}.Release|Mixed Platforms.Build.0 = Release|Any CPU
		{D42D096E-399D-4618-AEB4-9B023BA1316D}.Release|x86.ActiveCfg = Release|Any CPU
		{A2CD1737-E43B-4A1B-B5CD-0467FEBC514D}.Debug|Any CPU.ActiveCfg = Debug|Any CPU
		{A2CD1737-E43B-4A1B-B5CD-0467FEBC514D}.Debug|Any CPU.Build.0 = Debug|Any CPU
		{A2CD1737-E43B-4A1B-B5CD-0467FEBC514D}.Debug|Mixed Platforms.ActiveCfg = Debug|Any CPU
		{A2CD1737-E43B-4A1B-B5CD-0467FEBC514D}.Debug|Mixed Platforms.Build.0 = Debug|Any CPU
		{A2CD1737-E43B-4A1B-B5CD-0467FEBC514D}.Debug|x86.ActiveCfg = Debug|Any CPU
		{A2CD1737-E43B-4A1B-B5CD-0467FEBC514D}.DebugDinamico|Any CPU.ActiveCfg = Debug|Any CPU
		{A2CD1737-E43B-4A1B-B5CD-0467FEBC514D}.DebugDinamico|Mixed Platforms.ActiveCfg = Debug|Any CPU
		{A2CD1737-E43B-4A1B-B5CD-0467FEBC514D}.DebugDinamico|x86.ActiveCfg = Debug|Any CPU
		{A2CD1737-E43B-4A1B-B5CD-0467FEBC514D}.DebugFramework|Any CPU.ActiveCfg = Debug|Any CPU
		{A2CD1737-E43B-4A1B-B5CD-0467FEBC514D}.DebugFramework|Any CPU.Build.0 = Debug|Any CPU
		{A2CD1737-E43B-4A1B-B5CD-0467FEBC514D}.DebugFramework|Mixed Platforms.ActiveCfg = Debug|Any CPU
		{A2CD1737-E43B-4A1B-B5CD-0467FEBC514D}.DebugFramework|Mixed Platforms.Build.0 = Debug|Any CPU
		{A2CD1737-E43B-4A1B-B5CD-0467FEBC514D}.DebugFramework|x86.ActiveCfg = Debug|Any CPU
		{A2CD1737-E43B-4A1B-B5CD-0467FEBC514D}.DebugMvc|Any CPU.ActiveCfg = Debug|Any CPU
		{A2CD1737-E43B-4A1B-B5CD-0467FEBC514D}.DebugMvc|Mixed Platforms.ActiveCfg = Debug|Any CPU
		{A2CD1737-E43B-4A1B-B5CD-0467FEBC514D}.DebugMvc|x86.ActiveCfg = Debug|Any CPU
		{A2CD1737-E43B-4A1B-B5CD-0467FEBC514D}.DebugWebForms|Any CPU.ActiveCfg = Debug|Any CPU
		{A2CD1737-E43B-4A1B-B5CD-0467FEBC514D}.DebugWebForms|Mixed Platforms.ActiveCfg = Debug|Any CPU
		{A2CD1737-E43B-4A1B-B5CD-0467FEBC514D}.DebugWebForms|Mixed Platforms.Build.0 = Debug|Any CPU
		{A2CD1737-E43B-4A1B-B5CD-0467FEBC514D}.DebugWebForms|x86.ActiveCfg = Debug|Any CPU
		{A2CD1737-E43B-4A1B-B5CD-0467FEBC514D}.Demo|Any CPU.ActiveCfg = Release|Any CPU
		{A2CD1737-E43B-4A1B-B5CD-0467FEBC514D}.Demo|Any CPU.Build.0 = Release|Any CPU
		{A2CD1737-E43B-4A1B-B5CD-0467FEBC514D}.Demo|Mixed Platforms.ActiveCfg = Debug|Any CPU
		{A2CD1737-E43B-4A1B-B5CD-0467FEBC514D}.Demo|Mixed Platforms.Build.0 = Debug|Any CPU
		{A2CD1737-E43B-4A1B-B5CD-0467FEBC514D}.Demo|x86.ActiveCfg = Debug|Any CPU
		{A2CD1737-E43B-4A1B-B5CD-0467FEBC514D}.Release|Any CPU.ActiveCfg = Release|Any CPU
		{A2CD1737-E43B-4A1B-B5CD-0467FEBC514D}.Release|Any CPU.Build.0 = Release|Any CPU
		{A2CD1737-E43B-4A1B-B5CD-0467FEBC514D}.Release|Mixed Platforms.ActiveCfg = Release|Any CPU
		{A2CD1737-E43B-4A1B-B5CD-0467FEBC514D}.Release|Mixed Platforms.Build.0 = Release|Any CPU
		{A2CD1737-E43B-4A1B-B5CD-0467FEBC514D}.Release|x86.ActiveCfg = Release|Any CPU
		{CEE6525F-F502-4890-AA36-7B8755A5E47D}.Debug|Any CPU.ActiveCfg = Debug|Any CPU
		{CEE6525F-F502-4890-AA36-7B8755A5E47D}.Debug|Any CPU.Build.0 = Debug|Any CPU
		{CEE6525F-F502-4890-AA36-7B8755A5E47D}.Debug|Mixed Platforms.ActiveCfg = Debug|Any CPU
		{CEE6525F-F502-4890-AA36-7B8755A5E47D}.Debug|Mixed Platforms.Build.0 = Debug|Any CPU
		{CEE6525F-F502-4890-AA36-7B8755A5E47D}.Debug|x86.ActiveCfg = Debug|Any CPU
		{CEE6525F-F502-4890-AA36-7B8755A5E47D}.DebugDinamico|Any CPU.ActiveCfg = Debug|Any CPU
		{CEE6525F-F502-4890-AA36-7B8755A5E47D}.DebugDinamico|Mixed Platforms.ActiveCfg = Debug|Any CPU
		{CEE6525F-F502-4890-AA36-7B8755A5E47D}.DebugDinamico|x86.ActiveCfg = Debug|Any CPU
		{CEE6525F-F502-4890-AA36-7B8755A5E47D}.DebugFramework|Any CPU.ActiveCfg = Debug|Any CPU
		{CEE6525F-F502-4890-AA36-7B8755A5E47D}.DebugFramework|Mixed Platforms.ActiveCfg = Debug|Any CPU
		{CEE6525F-F502-4890-AA36-7B8755A5E47D}.DebugFramework|x86.ActiveCfg = Debug|Any CPU
		{CEE6525F-F502-4890-AA36-7B8755A5E47D}.DebugMvc|Any CPU.ActiveCfg = Debug|Any CPU
		{CEE6525F-F502-4890-AA36-7B8755A5E47D}.DebugMvc|Mixed Platforms.ActiveCfg = Debug|Any CPU
		{CEE6525F-F502-4890-AA36-7B8755A5E47D}.DebugMvc|Mixed Platforms.Build.0 = Debug|Any CPU
		{CEE6525F-F502-4890-AA36-7B8755A5E47D}.DebugMvc|x86.ActiveCfg = Debug|Any CPU
		{CEE6525F-F502-4890-AA36-7B8755A5E47D}.DebugWebForms|Any CPU.ActiveCfg = Debug|Any CPU
		{CEE6525F-F502-4890-AA36-7B8755A5E47D}.DebugWebForms|Any CPU.Build.0 = Debug|Any CPU
		{CEE6525F-F502-4890-AA36-7B8755A5E47D}.DebugWebForms|Mixed Platforms.ActiveCfg = Debug|Any CPU
		{CEE6525F-F502-4890-AA36-7B8755A5E47D}.DebugWebForms|Mixed Platforms.Build.0 = Debug|Any CPU
		{CEE6525F-F502-4890-AA36-7B8755A5E47D}.DebugWebForms|x86.ActiveCfg = Debug|Any CPU
		{CEE6525F-F502-4890-AA36-7B8755A5E47D}.Demo|Any CPU.ActiveCfg = Release|Any CPU
		{CEE6525F-F502-4890-AA36-7B8755A5E47D}.Demo|Any CPU.Build.0 = Release|Any CPU
		{CEE6525F-F502-4890-AA36-7B8755A5E47D}.Demo|Mixed Platforms.ActiveCfg = Debug|Any CPU
		{CEE6525F-F502-4890-AA36-7B8755A5E47D}.Demo|Mixed Platforms.Build.0 = Debug|Any CPU
		{CEE6525F-F502-4890-AA36-7B8755A5E47D}.Demo|x86.ActiveCfg = Debug|Any CPU
		{CEE6525F-F502-4890-AA36-7B8755A5E47D}.Release|Any CPU.ActiveCfg = Release|Any CPU
		{CEE6525F-F502-4890-AA36-7B8755A5E47D}.Release|Any CPU.Build.0 = Release|Any CPU
		{CEE6525F-F502-4890-AA36-7B8755A5E47D}.Release|Mixed Platforms.ActiveCfg = Release|Any CPU
		{CEE6525F-F502-4890-AA36-7B8755A5E47D}.Release|Mixed Platforms.Build.0 = Release|Any CPU
		{CEE6525F-F502-4890-AA36-7B8755A5E47D}.Release|x86.ActiveCfg = Release|Any CPU
		{0F286C8B-A322-43E6-B02C-F118BF29D3D5}.Debug|Any CPU.ActiveCfg = Debug|Any CPU
		{0F286C8B-A322-43E6-B02C-F118BF29D3D5}.Debug|Any CPU.Build.0 = Debug|Any CPU
		{0F286C8B-A322-43E6-B02C-F118BF29D3D5}.Debug|Mixed Platforms.ActiveCfg = Debug|Any CPU
		{0F286C8B-A322-43E6-B02C-F118BF29D3D5}.Debug|Mixed Platforms.Build.0 = Debug|Any CPU
		{0F286C8B-A322-43E6-B02C-F118BF29D3D5}.Debug|x86.ActiveCfg = Debug|Any CPU
		{0F286C8B-A322-43E6-B02C-F118BF29D3D5}.DebugDinamico|Any CPU.ActiveCfg = Debug|Any CPU
		{0F286C8B-A322-43E6-B02C-F118BF29D3D5}.DebugDinamico|Mixed Platforms.ActiveCfg = Debug|Any CPU
		{0F286C8B-A322-43E6-B02C-F118BF29D3D5}.DebugDinamico|x86.ActiveCfg = Debug|Any CPU
		{0F286C8B-A322-43E6-B02C-F118BF29D3D5}.DebugFramework|Any CPU.ActiveCfg = Debug|Any CPU
		{0F286C8B-A322-43E6-B02C-F118BF29D3D5}.DebugFramework|Mixed Platforms.ActiveCfg = Debug|Any CPU
		{0F286C8B-A322-43E6-B02C-F118BF29D3D5}.DebugFramework|x86.ActiveCfg = Debug|Any CPU
		{0F286C8B-A322-43E6-B02C-F118BF29D3D5}.DebugMvc|Any CPU.ActiveCfg = Debug|Any CPU
		{0F286C8B-A322-43E6-B02C-F118BF29D3D5}.DebugMvc|Mixed Platforms.ActiveCfg = Debug|Any CPU
		{0F286C8B-A322-43E6-B02C-F118BF29D3D5}.DebugMvc|x86.ActiveCfg = Debug|Any CPU
		{0F286C8B-A322-43E6-B02C-F118BF29D3D5}.DebugWebForms|Any CPU.ActiveCfg = Debug|Any CPU
		{0F286C8B-A322-43E6-B02C-F118BF29D3D5}.DebugWebForms|Any CPU.Build.0 = Debug|Any CPU
		{0F286C8B-A322-43E6-B02C-F118BF29D3D5}.DebugWebForms|Mixed Platforms.ActiveCfg = Debug|Any CPU
		{0F286C8B-A322-43E6-B02C-F118BF29D3D5}.DebugWebForms|Mixed Platforms.Build.0 = Debug|Any CPU
		{0F286C8B-A322-43E6-B02C-F118BF29D3D5}.DebugWebForms|x86.ActiveCfg = Debug|Any CPU
		{0F286C8B-A322-43E6-B02C-F118BF29D3D5}.Demo|Any CPU.ActiveCfg = Release|Any CPU
		{0F286C8B-A322-43E6-B02C-F118BF29D3D5}.Demo|Any CPU.Build.0 = Release|Any CPU
		{0F286C8B-A322-43E6-B02C-F118BF29D3D5}.Demo|Mixed Platforms.ActiveCfg = Debug|Any CPU
		{0F286C8B-A322-43E6-B02C-F118BF29D3D5}.Demo|Mixed Platforms.Build.0 = Debug|Any CPU
		{0F286C8B-A322-43E6-B02C-F118BF29D3D5}.Demo|x86.ActiveCfg = Debug|Any CPU
		{0F286C8B-A322-43E6-B02C-F118BF29D3D5}.Release|Any CPU.ActiveCfg = Release|Any CPU
		{0F286C8B-A322-43E6-B02C-F118BF29D3D5}.Release|Any CPU.Build.0 = Release|Any CPU
		{0F286C8B-A322-43E6-B02C-F118BF29D3D5}.Release|Mixed Platforms.ActiveCfg = Release|Any CPU
		{0F286C8B-A322-43E6-B02C-F118BF29D3D5}.Release|Mixed Platforms.Build.0 = Release|Any CPU
		{0F286C8B-A322-43E6-B02C-F118BF29D3D5}.Release|x86.ActiveCfg = Release|Any CPU
		{77B21028-EA50-4CED-8334-307E836B0ECB}.Debug|Any CPU.ActiveCfg = Debug|Any CPU
		{77B21028-EA50-4CED-8334-307E836B0ECB}.Debug|Any CPU.Build.0 = Debug|Any CPU
		{77B21028-EA50-4CED-8334-307E836B0ECB}.Debug|Mixed Platforms.ActiveCfg = Debug|Any CPU
		{77B21028-EA50-4CED-8334-307E836B0ECB}.Debug|Mixed Platforms.Build.0 = Debug|Any CPU
		{77B21028-EA50-4CED-8334-307E836B0ECB}.Debug|x86.ActiveCfg = Debug|Any CPU
		{77B21028-EA50-4CED-8334-307E836B0ECB}.DebugDinamico|Any CPU.ActiveCfg = Debug|Any CPU
		{77B21028-EA50-4CED-8334-307E836B0ECB}.DebugDinamico|Mixed Platforms.ActiveCfg = Debug|Any CPU
		{77B21028-EA50-4CED-8334-307E836B0ECB}.DebugDinamico|x86.ActiveCfg = Debug|Any CPU
		{77B21028-EA50-4CED-8334-307E836B0ECB}.DebugFramework|Any CPU.ActiveCfg = Debug|Any CPU
		{77B21028-EA50-4CED-8334-307E836B0ECB}.DebugFramework|Mixed Platforms.ActiveCfg = Debug|Any CPU
		{77B21028-EA50-4CED-8334-307E836B0ECB}.DebugFramework|x86.ActiveCfg = Debug|Any CPU
		{77B21028-EA50-4CED-8334-307E836B0ECB}.DebugMvc|Any CPU.ActiveCfg = Debug|Any CPU
		{77B21028-EA50-4CED-8334-307E836B0ECB}.DebugMvc|Mixed Platforms.ActiveCfg = Debug|Any CPU
		{77B21028-EA50-4CED-8334-307E836B0ECB}.DebugMvc|x86.ActiveCfg = Debug|Any CPU
		{77B21028-EA50-4CED-8334-307E836B0ECB}.DebugWebForms|Any CPU.ActiveCfg = Debug|Any CPU
		{77B21028-EA50-4CED-8334-307E836B0ECB}.DebugWebForms|Any CPU.Build.0 = Debug|Any CPU
		{77B21028-EA50-4CED-8334-307E836B0ECB}.DebugWebForms|Mixed Platforms.ActiveCfg = Debug|Any CPU
		{77B21028-EA50-4CED-8334-307E836B0ECB}.DebugWebForms|Mixed Platforms.Build.0 = Debug|Any CPU
		{77B21028-EA50-4CED-8334-307E836B0ECB}.DebugWebForms|x86.ActiveCfg = Debug|Any CPU
		{77B21028-EA50-4CED-8334-307E836B0ECB}.Demo|Any CPU.ActiveCfg = Release|Any CPU
		{77B21028-EA50-4CED-8334-307E836B0ECB}.Demo|Any CPU.Build.0 = Release|Any CPU
		{77B21028-EA50-4CED-8334-307E836B0ECB}.Demo|Mixed Platforms.ActiveCfg = Debug|Any CPU
		{77B21028-EA50-4CED-8334-307E836B0ECB}.Demo|Mixed Platforms.Build.0 = Debug|Any CPU
		{77B21028-EA50-4CED-8334-307E836B0ECB}.Demo|x86.ActiveCfg = Debug|Any CPU
		{77B21028-EA50-4CED-8334-307E836B0ECB}.Release|Any CPU.ActiveCfg = Release|Any CPU
		{77B21028-EA50-4CED-8334-307E836B0ECB}.Release|Any CPU.Build.0 = Release|Any CPU
		{77B21028-EA50-4CED-8334-307E836B0ECB}.Release|Mixed Platforms.ActiveCfg = Release|Any CPU
		{77B21028-EA50-4CED-8334-307E836B0ECB}.Release|Mixed Platforms.Build.0 = Release|Any CPU
		{77B21028-EA50-4CED-8334-307E836B0ECB}.Release|x86.ActiveCfg = Release|Any CPU
		{250D978B-3C2C-4151-9A69-B36F3F53E8B8}.Debug|Any CPU.ActiveCfg = Debug|Any CPU
		{250D978B-3C2C-4151-9A69-B36F3F53E8B8}.Debug|Any CPU.Build.0 = Debug|Any CPU
		{250D978B-3C2C-4151-9A69-B36F3F53E8B8}.Debug|Mixed Platforms.ActiveCfg = Debug|Any CPU
		{250D978B-3C2C-4151-9A69-B36F3F53E8B8}.Debug|Mixed Platforms.Build.0 = Debug|Any CPU
		{250D978B-3C2C-4151-9A69-B36F3F53E8B8}.Debug|x86.ActiveCfg = Debug|Any CPU
		{250D978B-3C2C-4151-9A69-B36F3F53E8B8}.DebugDinamico|Any CPU.ActiveCfg = Debug|Any CPU
		{250D978B-3C2C-4151-9A69-B36F3F53E8B8}.DebugDinamico|Mixed Platforms.ActiveCfg = Debug|Any CPU
		{250D978B-3C2C-4151-9A69-B36F3F53E8B8}.DebugDinamico|x86.ActiveCfg = Debug|Any CPU
		{250D978B-3C2C-4151-9A69-B36F3F53E8B8}.DebugFramework|Any CPU.ActiveCfg = Debug|Any CPU
		{250D978B-3C2C-4151-9A69-B36F3F53E8B8}.DebugFramework|Any CPU.Build.0 = Debug|Any CPU
		{250D978B-3C2C-4151-9A69-B36F3F53E8B8}.DebugFramework|Mixed Platforms.ActiveCfg = Debug|Any CPU
		{250D978B-3C2C-4151-9A69-B36F3F53E8B8}.DebugFramework|x86.ActiveCfg = Debug|Any CPU
		{250D978B-3C2C-4151-9A69-B36F3F53E8B8}.DebugMvc|Any CPU.ActiveCfg = Debug|Any CPU
		{250D978B-3C2C-4151-9A69-B36F3F53E8B8}.DebugMvc|Mixed Platforms.ActiveCfg = Debug|Any CPU
		{250D978B-3C2C-4151-9A69-B36F3F53E8B8}.DebugMvc|x86.ActiveCfg = Debug|Any CPU
		{250D978B-3C2C-4151-9A69-B36F3F53E8B8}.DebugWebForms|Any CPU.ActiveCfg = Debug|Any CPU
		{250D978B-3C2C-4151-9A69-B36F3F53E8B8}.DebugWebForms|Any CPU.Build.0 = Debug|Any CPU
		{250D978B-3C2C-4151-9A69-B36F3F53E8B8}.DebugWebForms|Mixed Platforms.ActiveCfg = Debug|Any CPU
		{250D978B-3C2C-4151-9A69-B36F3F53E8B8}.DebugWebForms|Mixed Platforms.Build.0 = Debug|Any CPU
		{250D978B-3C2C-4151-9A69-B36F3F53E8B8}.DebugWebForms|x86.ActiveCfg = Debug|Any CPU
		{250D978B-3C2C-4151-9A69-B36F3F53E8B8}.Demo|Any CPU.ActiveCfg = Release|Any CPU
		{250D978B-3C2C-4151-9A69-B36F3F53E8B8}.Demo|Any CPU.Build.0 = Release|Any CPU
		{250D978B-3C2C-4151-9A69-B36F3F53E8B8}.Demo|Mixed Platforms.ActiveCfg = Debug|Any CPU
		{250D978B-3C2C-4151-9A69-B36F3F53E8B8}.Demo|Mixed Platforms.Build.0 = Debug|Any CPU
		{250D978B-3C2C-4151-9A69-B36F3F53E8B8}.Demo|x86.ActiveCfg = Debug|Any CPU
		{250D978B-3C2C-4151-9A69-B36F3F53E8B8}.Release|Any CPU.ActiveCfg = Release|Any CPU
		{250D978B-3C2C-4151-9A69-B36F3F53E8B8}.Release|Mixed Platforms.ActiveCfg = Release|Any CPU
		{250D978B-3C2C-4151-9A69-B36F3F53E8B8}.Release|Mixed Platforms.Build.0 = Release|Any CPU
		{250D978B-3C2C-4151-9A69-B36F3F53E8B8}.Release|x86.ActiveCfg = Release|Any CPU
		{998A9799-37C5-4BD8-9393-B8094D085B40}.Debug|Any CPU.ActiveCfg = Debug|Any CPU
		{998A9799-37C5-4BD8-9393-B8094D085B40}.Debug|Mixed Platforms.ActiveCfg = Debug|Any CPU
		{998A9799-37C5-4BD8-9393-B8094D085B40}.Debug|Mixed Platforms.Build.0 = Debug|Any CPU
		{998A9799-37C5-4BD8-9393-B8094D085B40}.Debug|x86.ActiveCfg = Debug|Any CPU
		{998A9799-37C5-4BD8-9393-B8094D085B40}.DebugDinamico|Any CPU.ActiveCfg = Debug|Any CPU
		{998A9799-37C5-4BD8-9393-B8094D085B40}.DebugDinamico|Mixed Platforms.ActiveCfg = Debug|Any CPU
		{998A9799-37C5-4BD8-9393-B8094D085B40}.DebugDinamico|x86.ActiveCfg = Debug|Any CPU
		{998A9799-37C5-4BD8-9393-B8094D085B40}.DebugFramework|Any CPU.ActiveCfg = Debug|Any CPU
		{998A9799-37C5-4BD8-9393-B8094D085B40}.DebugFramework|Mixed Platforms.ActiveCfg = Debug|Any CPU
		{998A9799-37C5-4BD8-9393-B8094D085B40}.DebugFramework|x86.ActiveCfg = Debug|Any CPU
		{998A9799-37C5-4BD8-9393-B8094D085B40}.DebugMvc|Any CPU.ActiveCfg = Debug|Any CPU
		{998A9799-37C5-4BD8-9393-B8094D085B40}.DebugMvc|Mixed Platforms.ActiveCfg = Debug|Any CPU
		{998A9799-37C5-4BD8-9393-B8094D085B40}.DebugMvc|x86.ActiveCfg = Debug|Any CPU
		{998A9799-37C5-4BD8-9393-B8094D085B40}.DebugWebForms|Any CPU.ActiveCfg = Debug|Any CPU
		{998A9799-37C5-4BD8-9393-B8094D085B40}.DebugWebForms|Mixed Platforms.ActiveCfg = Debug|Any CPU
		{998A9799-37C5-4BD8-9393-B8094D085B40}.DebugWebForms|Mixed Platforms.Build.0 = Debug|Any CPU
		{998A9799-37C5-4BD8-9393-B8094D085B40}.DebugWebForms|x86.ActiveCfg = Debug|Any CPU
		{998A9799-37C5-4BD8-9393-B8094D085B40}.Demo|Any CPU.ActiveCfg = Release|Any CPU
		{998A9799-37C5-4BD8-9393-B8094D085B40}.Demo|Any CPU.Build.0 = Release|Any CPU
		{998A9799-37C5-4BD8-9393-B8094D085B40}.Demo|Mixed Platforms.ActiveCfg = Debug|Any CPU
		{998A9799-37C5-4BD8-9393-B8094D085B40}.Demo|Mixed Platforms.Build.0 = Debug|Any CPU
		{998A9799-37C5-4BD8-9393-B8094D085B40}.Demo|x86.ActiveCfg = Debug|Any CPU
		{998A9799-37C5-4BD8-9393-B8094D085B40}.Release|Any CPU.ActiveCfg = Release|Any CPU
		{998A9799-37C5-4BD8-9393-B8094D085B40}.Release|Mixed Platforms.ActiveCfg = Release|Any CPU
		{998A9799-37C5-4BD8-9393-B8094D085B40}.Release|Mixed Platforms.Build.0 = Release|Any CPU
		{998A9799-37C5-4BD8-9393-B8094D085B40}.Release|x86.ActiveCfg = Release|Any CPU
		{1073F608-638A-463D-983A-CAB48AAC83DE}.Debug|Any CPU.ActiveCfg = Debug|Any CPU
		{1073F608-638A-463D-983A-CAB48AAC83DE}.Debug|Any CPU.Build.0 = Debug|Any CPU
		{1073F608-638A-463D-983A-CAB48AAC83DE}.Debug|Mixed Platforms.ActiveCfg = Debug|Any CPU
		{1073F608-638A-463D-983A-CAB48AAC83DE}.Debug|Mixed Platforms.Build.0 = Debug|Any CPU
		{1073F608-638A-463D-983A-CAB48AAC83DE}.Debug|x86.ActiveCfg = Debug|Any CPU
		{1073F608-638A-463D-983A-CAB48AAC83DE}.DebugDinamico|Any CPU.ActiveCfg = Debug|Any CPU
		{1073F608-638A-463D-983A-CAB48AAC83DE}.DebugDinamico|Mixed Platforms.ActiveCfg = Debug|Any CPU
		{1073F608-638A-463D-983A-CAB48AAC83DE}.DebugDinamico|x86.ActiveCfg = Debug|Any CPU
		{1073F608-638A-463D-983A-CAB48AAC83DE}.DebugFramework|Any CPU.ActiveCfg = Debug|Any CPU
		{1073F608-638A-463D-983A-CAB48AAC83DE}.DebugFramework|Mixed Platforms.ActiveCfg = Debug|Any CPU
		{1073F608-638A-463D-983A-CAB48AAC83DE}.DebugFramework|x86.ActiveCfg = Debug|Any CPU
		{1073F608-638A-463D-983A-CAB48AAC83DE}.DebugMvc|Any CPU.ActiveCfg = Debug|Any CPU
		{1073F608-638A-463D-983A-CAB48AAC83DE}.DebugMvc|Mixed Platforms.ActiveCfg = Debug|Any CPU
		{1073F608-638A-463D-983A-CAB48AAC83DE}.DebugMvc|x86.ActiveCfg = Debug|Any CPU
		{1073F608-638A-463D-983A-CAB48AAC83DE}.DebugWebForms|Any CPU.ActiveCfg = Debug|Any CPU
		{1073F608-638A-463D-983A-CAB48AAC83DE}.DebugWebForms|Any CPU.Build.0 = Debug|Any CPU
		{1073F608-638A-463D-983A-CAB48AAC83DE}.DebugWebForms|Mixed Platforms.ActiveCfg = Debug|Any CPU
		{1073F608-638A-463D-983A-CAB48AAC83DE}.DebugWebForms|Mixed Platforms.Build.0 = Debug|Any CPU
		{1073F608-638A-463D-983A-CAB48AAC83DE}.DebugWebForms|x86.ActiveCfg = Debug|Any CPU
		{1073F608-638A-463D-983A-CAB48AAC83DE}.Demo|Any CPU.ActiveCfg = Release|Any CPU
		{1073F608-638A-463D-983A-CAB48AAC83DE}.Demo|Any CPU.Build.0 = Release|Any CPU
		{1073F608-638A-463D-983A-CAB48AAC83DE}.Demo|Mixed Platforms.ActiveCfg = Debug|Any CPU
		{1073F608-638A-463D-983A-CAB48AAC83DE}.Demo|Mixed Platforms.Build.0 = Debug|Any CPU
		{1073F608-638A-463D-983A-CAB48AAC83DE}.Demo|x86.ActiveCfg = Debug|Any CPU
		{1073F608-638A-463D-983A-CAB48AAC83DE}.Release|Any CPU.ActiveCfg = Release|Any CPU
		{1073F608-638A-463D-983A-CAB48AAC83DE}.Release|Any CPU.Build.0 = Release|Any CPU
		{1073F608-638A-463D-983A-CAB48AAC83DE}.Release|Mixed Platforms.ActiveCfg = Release|Any CPU
		{1073F608-638A-463D-983A-CAB48AAC83DE}.Release|Mixed Platforms.Build.0 = Release|Any CPU
		{1073F608-638A-463D-983A-CAB48AAC83DE}.Release|x86.ActiveCfg = Release|Any CPU
		{F5DFFD06-3789-4D9F-AC67-00F7ACC9198B}.Debug|Any CPU.ActiveCfg = Debug|Any CPU
		{F5DFFD06-3789-4D9F-AC67-00F7ACC9198B}.Debug|Any CPU.Build.0 = Debug|Any CPU
		{F5DFFD06-3789-4D9F-AC67-00F7ACC9198B}.Debug|Mixed Platforms.ActiveCfg = Debug|Any CPU
		{F5DFFD06-3789-4D9F-AC67-00F7ACC9198B}.Debug|Mixed Platforms.Build.0 = Debug|Any CPU
		{F5DFFD06-3789-4D9F-AC67-00F7ACC9198B}.Debug|x86.ActiveCfg = Debug|Any CPU
		{F5DFFD06-3789-4D9F-AC67-00F7ACC9198B}.DebugDinamico|Any CPU.ActiveCfg = Debug|Any CPU
		{F5DFFD06-3789-4D9F-AC67-00F7ACC9198B}.DebugDinamico|Mixed Platforms.ActiveCfg = Debug|Any CPU
		{F5DFFD06-3789-4D9F-AC67-00F7ACC9198B}.DebugDinamico|x86.ActiveCfg = Debug|Any CPU
		{F5DFFD06-3789-4D9F-AC67-00F7ACC9198B}.DebugFramework|Any CPU.ActiveCfg = Debug|Any CPU
		{F5DFFD06-3789-4D9F-AC67-00F7ACC9198B}.DebugFramework|Mixed Platforms.ActiveCfg = Debug|Any CPU
		{F5DFFD06-3789-4D9F-AC67-00F7ACC9198B}.DebugFramework|x86.ActiveCfg = Debug|Any CPU
		{F5DFFD06-3789-4D9F-AC67-00F7ACC9198B}.DebugMvc|Any CPU.ActiveCfg = Debug|Any CPU
		{F5DFFD06-3789-4D9F-AC67-00F7ACC9198B}.DebugMvc|Mixed Platforms.ActiveCfg = Debug|Any CPU
		{F5DFFD06-3789-4D9F-AC67-00F7ACC9198B}.DebugMvc|x86.ActiveCfg = Debug|Any CPU
		{F5DFFD06-3789-4D9F-AC67-00F7ACC9198B}.DebugWebForms|Any CPU.ActiveCfg = Debug|Any CPU
		{F5DFFD06-3789-4D9F-AC67-00F7ACC9198B}.DebugWebForms|Any CPU.Build.0 = Debug|Any CPU
		{F5DFFD06-3789-4D9F-AC67-00F7ACC9198B}.DebugWebForms|Mixed Platforms.ActiveCfg = Debug|Any CPU
		{F5DFFD06-3789-4D9F-AC67-00F7ACC9198B}.DebugWebForms|Mixed Platforms.Build.0 = Debug|Any CPU
		{F5DFFD06-3789-4D9F-AC67-00F7ACC9198B}.DebugWebForms|x86.ActiveCfg = Debug|Any CPU
		{F5DFFD06-3789-4D9F-AC67-00F7ACC9198B}.Demo|Any CPU.ActiveCfg = Release|Any CPU
		{F5DFFD06-3789-4D9F-AC67-00F7ACC9198B}.Demo|Any CPU.Build.0 = Release|Any CPU
		{F5DFFD06-3789-4D9F-AC67-00F7ACC9198B}.Demo|Mixed Platforms.ActiveCfg = Debug|Any CPU
		{F5DFFD06-3789-4D9F-AC67-00F7ACC9198B}.Demo|Mixed Platforms.Build.0 = Debug|Any CPU
		{F5DFFD06-3789-4D9F-AC67-00F7ACC9198B}.Demo|x86.ActiveCfg = Debug|Any CPU
		{F5DFFD06-3789-4D9F-AC67-00F7ACC9198B}.Release|Any CPU.ActiveCfg = Release|Any CPU
		{F5DFFD06-3789-4D9F-AC67-00F7ACC9198B}.Release|Any CPU.Build.0 = Release|Any CPU
		{F5DFFD06-3789-4D9F-AC67-00F7ACC9198B}.Release|Mixed Platforms.ActiveCfg = Release|Any CPU
		{F5DFFD06-3789-4D9F-AC67-00F7ACC9198B}.Release|Mixed Platforms.Build.0 = Release|Any CPU
		{F5DFFD06-3789-4D9F-AC67-00F7ACC9198B}.Release|x86.ActiveCfg = Release|Any CPU
		{92022CD3-9BDC-4E5B-BB9D-2D47531BEBF1}.Debug|Any CPU.ActiveCfg = Debug|Any CPU
		{92022CD3-9BDC-4E5B-BB9D-2D47531BEBF1}.Debug|Any CPU.Build.0 = Debug|Any CPU
		{92022CD3-9BDC-4E5B-BB9D-2D47531BEBF1}.Debug|Mixed Platforms.ActiveCfg = Debug|Any CPU
		{92022CD3-9BDC-4E5B-BB9D-2D47531BEBF1}.Debug|Mixed Platforms.Build.0 = Debug|Any CPU
		{92022CD3-9BDC-4E5B-BB9D-2D47531BEBF1}.Debug|x86.ActiveCfg = Debug|Any CPU
		{92022CD3-9BDC-4E5B-BB9D-2D47531BEBF1}.DebugDinamico|Any CPU.ActiveCfg = Debug|Any CPU
		{92022CD3-9BDC-4E5B-BB9D-2D47531BEBF1}.DebugDinamico|Mixed Platforms.ActiveCfg = Debug|Any CPU
		{92022CD3-9BDC-4E5B-BB9D-2D47531BEBF1}.DebugDinamico|x86.ActiveCfg = Debug|Any CPU
		{92022CD3-9BDC-4E5B-BB9D-2D47531BEBF1}.DebugFramework|Any CPU.ActiveCfg = Debug|Any CPU
		{92022CD3-9BDC-4E5B-BB9D-2D47531BEBF1}.DebugFramework|Mixed Platforms.ActiveCfg = Debug|Any CPU
		{92022CD3-9BDC-4E5B-BB9D-2D47531BEBF1}.DebugFramework|x86.ActiveCfg = Debug|Any CPU
		{92022CD3-9BDC-4E5B-BB9D-2D47531BEBF1}.DebugMvc|Any CPU.ActiveCfg = Debug|Any CPU
		{92022CD3-9BDC-4E5B-BB9D-2D47531BEBF1}.DebugMvc|Any CPU.Build.0 = Debug|Any CPU
		{92022CD3-9BDC-4E5B-BB9D-2D47531BEBF1}.DebugMvc|Mixed Platforms.ActiveCfg = Debug|Any CPU
		{92022CD3-9BDC-4E5B-BB9D-2D47531BEBF1}.DebugMvc|Mixed Platforms.Build.0 = Debug|Any CPU
		{92022CD3-9BDC-4E5B-BB9D-2D47531BEBF1}.DebugMvc|x86.ActiveCfg = Debug|Any CPU
		{92022CD3-9BDC-4E5B-BB9D-2D47531BEBF1}.DebugWebForms|Any CPU.ActiveCfg = Debug|Any CPU
		{92022CD3-9BDC-4E5B-BB9D-2D47531BEBF1}.DebugWebForms|Mixed Platforms.ActiveCfg = Debug|Any CPU
		{92022CD3-9BDC-4E5B-BB9D-2D47531BEBF1}.DebugWebForms|Mixed Platforms.Build.0 = Debug|Any CPU
		{92022CD3-9BDC-4E5B-BB9D-2D47531BEBF1}.DebugWebForms|x86.ActiveCfg = Debug|Any CPU
		{92022CD3-9BDC-4E5B-BB9D-2D47531BEBF1}.Demo|Any CPU.ActiveCfg = Demo|Any CPU
		{92022CD3-9BDC-4E5B-BB9D-2D47531BEBF1}.Demo|Any CPU.Build.0 = Demo|Any CPU
		{92022CD3-9BDC-4E5B-BB9D-2D47531BEBF1}.Demo|Mixed Platforms.ActiveCfg = Demo|Any CPU
		{92022CD3-9BDC-4E5B-BB9D-2D47531BEBF1}.Demo|Mixed Platforms.Build.0 = Demo|Any CPU
		{92022CD3-9BDC-4E5B-BB9D-2D47531BEBF1}.Demo|x86.ActiveCfg = Demo|Any CPU
		{92022CD3-9BDC-4E5B-BB9D-2D47531BEBF1}.Release|Any CPU.ActiveCfg = Release|Any CPU
		{92022CD3-9BDC-4E5B-BB9D-2D47531BEBF1}.Release|Any CPU.Build.0 = Release|Any CPU
		{92022CD3-9BDC-4E5B-BB9D-2D47531BEBF1}.Release|Mixed Platforms.ActiveCfg = Release|Any CPU
		{92022CD3-9BDC-4E5B-BB9D-2D47531BEBF1}.Release|Mixed Platforms.Build.0 = Release|Any CPU
		{92022CD3-9BDC-4E5B-BB9D-2D47531BEBF1}.Release|x86.ActiveCfg = Release|Any CPU
		{72A36B7B-87AD-4E5F-AD85-BBECAA5B8322}.Debug|Any CPU.ActiveCfg = Debug|Any CPU
		{72A36B7B-87AD-4E5F-AD85-BBECAA5B8322}.Debug|Any CPU.Build.0 = Debug|Any CPU
		{72A36B7B-87AD-4E5F-AD85-BBECAA5B8322}.Debug|Mixed Platforms.ActiveCfg = Debug|Any CPU
		{72A36B7B-87AD-4E5F-AD85-BBECAA5B8322}.Debug|Mixed Platforms.Build.0 = Debug|Any CPU
		{72A36B7B-87AD-4E5F-AD85-BBECAA5B8322}.Debug|x86.ActiveCfg = Debug|Any CPU
		{72A36B7B-87AD-4E5F-AD85-BBECAA5B8322}.DebugDinamico|Any CPU.ActiveCfg = Debug|Any CPU
		{72A36B7B-87AD-4E5F-AD85-BBECAA5B8322}.DebugDinamico|Mixed Platforms.ActiveCfg = Debug|Any CPU
		{72A36B7B-87AD-4E5F-AD85-BBECAA5B8322}.DebugDinamico|x86.ActiveCfg = Debug|Any CPU
		{72A36B7B-87AD-4E5F-AD85-BBECAA5B8322}.DebugFramework|Any CPU.ActiveCfg = Debug|Any CPU
		{72A36B7B-87AD-4E5F-AD85-BBECAA5B8322}.DebugFramework|Mixed Platforms.ActiveCfg = Debug|Any CPU
		{72A36B7B-87AD-4E5F-AD85-BBECAA5B8322}.DebugFramework|x86.ActiveCfg = Debug|Any CPU
		{72A36B7B-87AD-4E5F-AD85-BBECAA5B8322}.DebugMvc|Any CPU.ActiveCfg = Debug|Any CPU
		{72A36B7B-87AD-4E5F-AD85-BBECAA5B8322}.DebugMvc|Any CPU.Build.0 = Debug|Any CPU
		{72A36B7B-87AD-4E5F-AD85-BBECAA5B8322}.DebugMvc|Mixed Platforms.ActiveCfg = Debug|Any CPU
		{72A36B7B-87AD-4E5F-AD85-BBECAA5B8322}.DebugMvc|Mixed Platforms.Build.0 = Debug|Any CPU
		{72A36B7B-87AD-4E5F-AD85-BBECAA5B8322}.DebugMvc|x86.ActiveCfg = Debug|Any CPU
		{72A36B7B-87AD-4E5F-AD85-BBECAA5B8322}.DebugWebForms|Any CPU.ActiveCfg = Debug|Any CPU
		{72A36B7B-87AD-4E5F-AD85-BBECAA5B8322}.DebugWebForms|Mixed Platforms.ActiveCfg = Debug|Any CPU
		{72A36B7B-87AD-4E5F-AD85-BBECAA5B8322}.DebugWebForms|Mixed Platforms.Build.0 = Debug|Any CPU
		{72A36B7B-87AD-4E5F-AD85-BBECAA5B8322}.DebugWebForms|x86.ActiveCfg = Debug|Any CPU
		{72A36B7B-87AD-4E5F-AD85-BBECAA5B8322}.Demo|Any CPU.ActiveCfg = Release|Any CPU
		{72A36B7B-87AD-4E5F-AD85-BBECAA5B8322}.Demo|Any CPU.Build.0 = Release|Any CPU
		{72A36B7B-87AD-4E5F-AD85-BBECAA5B8322}.Demo|Mixed Platforms.ActiveCfg = Debug|Any CPU
		{72A36B7B-87AD-4E5F-AD85-BBECAA5B8322}.Demo|Mixed Platforms.Build.0 = Debug|Any CPU
		{72A36B7B-87AD-4E5F-AD85-BBECAA5B8322}.Demo|x86.ActiveCfg = Debug|Any CPU
		{72A36B7B-87AD-4E5F-AD85-BBECAA5B8322}.Release|Any CPU.ActiveCfg = Release|Any CPU
		{72A36B7B-87AD-4E5F-AD85-BBECAA5B8322}.Release|Any CPU.Build.0 = Release|Any CPU
		{72A36B7B-87AD-4E5F-AD85-BBECAA5B8322}.Release|Mixed Platforms.ActiveCfg = Release|Any CPU
		{72A36B7B-87AD-4E5F-AD85-BBECAA5B8322}.Release|Mixed Platforms.Build.0 = Release|Any CPU
		{72A36B7B-87AD-4E5F-AD85-BBECAA5B8322}.Release|x86.ActiveCfg = Release|Any CPU
		{10F7C179-B92D-4FCA-B78C-011E428D0CA3}.Debug|Any CPU.ActiveCfg = Debug|Any CPU
		{10F7C179-B92D-4FCA-B78C-011E428D0CA3}.Debug|Any CPU.Build.0 = Debug|Any CPU
		{10F7C179-B92D-4FCA-B78C-011E428D0CA3}.Debug|Mixed Platforms.ActiveCfg = Debug|Any CPU
		{10F7C179-B92D-4FCA-B78C-011E428D0CA3}.Debug|Mixed Platforms.Build.0 = Debug|Any CPU
		{10F7C179-B92D-4FCA-B78C-011E428D0CA3}.Debug|x86.ActiveCfg = Debug|Any CPU
		{10F7C179-B92D-4FCA-B78C-011E428D0CA3}.DebugDinamico|Any CPU.ActiveCfg = Debug|Any CPU
		{10F7C179-B92D-4FCA-B78C-011E428D0CA3}.DebugDinamico|Any CPU.Build.0 = Debug|Any CPU
		{10F7C179-B92D-4FCA-B78C-011E428D0CA3}.DebugDinamico|Mixed Platforms.ActiveCfg = Debug|Any CPU
		{10F7C179-B92D-4FCA-B78C-011E428D0CA3}.DebugDinamico|Mixed Platforms.Build.0 = Debug|Any CPU
		{10F7C179-B92D-4FCA-B78C-011E428D0CA3}.DebugDinamico|x86.ActiveCfg = Debug|Any CPU
		{10F7C179-B92D-4FCA-B78C-011E428D0CA3}.DebugFramework|Any CPU.ActiveCfg = Debug|Any CPU
		{10F7C179-B92D-4FCA-B78C-011E428D0CA3}.DebugFramework|Any CPU.Build.0 = Debug|Any CPU
		{10F7C179-B92D-4FCA-B78C-011E428D0CA3}.DebugFramework|Mixed Platforms.ActiveCfg = Debug|Any CPU
		{10F7C179-B92D-4FCA-B78C-011E428D0CA3}.DebugFramework|Mixed Platforms.Build.0 = Debug|Any CPU
		{10F7C179-B92D-4FCA-B78C-011E428D0CA3}.DebugFramework|x86.ActiveCfg = Debug|Any CPU
		{10F7C179-B92D-4FCA-B78C-011E428D0CA3}.DebugMvc|Any CPU.ActiveCfg = Debug|Any CPU
		{10F7C179-B92D-4FCA-B78C-011E428D0CA3}.DebugMvc|Any CPU.Build.0 = Debug|Any CPU
		{10F7C179-B92D-4FCA-B78C-011E428D0CA3}.DebugMvc|Mixed Platforms.ActiveCfg = Debug|Any CPU
		{10F7C179-B92D-4FCA-B78C-011E428D0CA3}.DebugMvc|Mixed Platforms.Build.0 = Debug|Any CPU
		{10F7C179-B92D-4FCA-B78C-011E428D0CA3}.DebugMvc|x86.ActiveCfg = Debug|Any CPU
		{10F7C179-B92D-4FCA-B78C-011E428D0CA3}.DebugWebForms|Any CPU.ActiveCfg = Debug|Any CPU
		{10F7C179-B92D-4FCA-B78C-011E428D0CA3}.DebugWebForms|Any CPU.Build.0 = Debug|Any CPU
		{10F7C179-B92D-4FCA-B78C-011E428D0CA3}.DebugWebForms|Mixed Platforms.ActiveCfg = Debug|Any CPU
		{10F7C179-B92D-4FCA-B78C-011E428D0CA3}.DebugWebForms|Mixed Platforms.Build.0 = Debug|Any CPU
		{10F7C179-B92D-4FCA-B78C-011E428D0CA3}.DebugWebForms|x86.ActiveCfg = Debug|Any CPU
		{10F7C179-B92D-4FCA-B78C-011E428D0CA3}.Demo|Any CPU.ActiveCfg = Release|Any CPU
		{10F7C179-B92D-4FCA-B78C-011E428D0CA3}.Demo|Any CPU.Build.0 = Release|Any CPU
		{10F7C179-B92D-4FCA-B78C-011E428D0CA3}.Demo|Mixed Platforms.ActiveCfg = Debug|Any CPU
		{10F7C179-B92D-4FCA-B78C-011E428D0CA3}.Demo|Mixed Platforms.Build.0 = Debug|Any CPU
		{10F7C179-B92D-4FCA-B78C-011E428D0CA3}.Demo|x86.ActiveCfg = Debug|Any CPU
		{10F7C179-B92D-4FCA-B78C-011E428D0CA3}.Release|Any CPU.ActiveCfg = Release|Any CPU
		{10F7C179-B92D-4FCA-B78C-011E428D0CA3}.Release|Any CPU.Build.0 = Release|Any CPU
		{10F7C179-B92D-4FCA-B78C-011E428D0CA3}.Release|Mixed Platforms.ActiveCfg = Release|Any CPU
		{10F7C179-B92D-4FCA-B78C-011E428D0CA3}.Release|Mixed Platforms.Build.0 = Release|Any CPU
		{10F7C179-B92D-4FCA-B78C-011E428D0CA3}.Release|x86.ActiveCfg = Release|Any CPU
		{E09BC247-32BA-4240-B9C8-5CDDF4BAB2A9}.Debug|Any CPU.ActiveCfg = Debug|Any CPU
		{E09BC247-32BA-4240-B9C8-5CDDF4BAB2A9}.Debug|Any CPU.Build.0 = Debug|Any CPU
		{E09BC247-32BA-4240-B9C8-5CDDF4BAB2A9}.Debug|Mixed Platforms.ActiveCfg = Debug|Any CPU
		{E09BC247-32BA-4240-B9C8-5CDDF4BAB2A9}.Debug|Mixed Platforms.Build.0 = Debug|Any CPU
		{E09BC247-32BA-4240-B9C8-5CDDF4BAB2A9}.Debug|x86.ActiveCfg = Debug|Any CPU
		{E09BC247-32BA-4240-B9C8-5CDDF4BAB2A9}.DebugDinamico|Any CPU.ActiveCfg = Debug|Any CPU
		{E09BC247-32BA-4240-B9C8-5CDDF4BAB2A9}.DebugDinamico|Any CPU.Build.0 = Debug|Any CPU
		{E09BC247-32BA-4240-B9C8-5CDDF4BAB2A9}.DebugDinamico|Mixed Platforms.ActiveCfg = Debug|Any CPU
		{E09BC247-32BA-4240-B9C8-5CDDF4BAB2A9}.DebugDinamico|Mixed Platforms.Build.0 = Debug|Any CPU
		{E09BC247-32BA-4240-B9C8-5CDDF4BAB2A9}.DebugDinamico|x86.ActiveCfg = Debug|Any CPU
		{E09BC247-32BA-4240-B9C8-5CDDF4BAB2A9}.DebugFramework|Any CPU.ActiveCfg = Debug|Any CPU
		{E09BC247-32BA-4240-B9C8-5CDDF4BAB2A9}.DebugFramework|Any CPU.Build.0 = Debug|Any CPU
		{E09BC247-32BA-4240-B9C8-5CDDF4BAB2A9}.DebugFramework|Mixed Platforms.ActiveCfg = Debug|Any CPU
		{E09BC247-32BA-4240-B9C8-5CDDF4BAB2A9}.DebugFramework|x86.ActiveCfg = Debug|Any CPU
		{E09BC247-32BA-4240-B9C8-5CDDF4BAB2A9}.DebugMvc|Any CPU.ActiveCfg = Debug|Any CPU
		{E09BC247-32BA-4240-B9C8-5CDDF4BAB2A9}.DebugMvc|Any CPU.Build.0 = Debug|Any CPU
		{E09BC247-32BA-4240-B9C8-5CDDF4BAB2A9}.DebugMvc|Mixed Platforms.ActiveCfg = Debug|Any CPU
		{E09BC247-32BA-4240-B9C8-5CDDF4BAB2A9}.DebugMvc|Mixed Platforms.Build.0 = Debug|Any CPU
		{E09BC247-32BA-4240-B9C8-5CDDF4BAB2A9}.DebugMvc|x86.ActiveCfg = Debug|Any CPU
		{E09BC247-32BA-4240-B9C8-5CDDF4BAB2A9}.DebugWebForms|Any CPU.ActiveCfg = Debug|Any CPU
		{E09BC247-32BA-4240-B9C8-5CDDF4BAB2A9}.DebugWebForms|Mixed Platforms.ActiveCfg = Debug|Any CPU
		{E09BC247-32BA-4240-B9C8-5CDDF4BAB2A9}.DebugWebForms|Mixed Platforms.Build.0 = Debug|Any CPU
		{E09BC247-32BA-4240-B9C8-5CDDF4BAB2A9}.DebugWebForms|x86.ActiveCfg = Debug|Any CPU
		{E09BC247-32BA-4240-B9C8-5CDDF4BAB2A9}.Demo|Any CPU.ActiveCfg = Debug|Any CPU
		{E09BC247-32BA-4240-B9C8-5CDDF4BAB2A9}.Demo|Any CPU.Build.0 = Debug|Any CPU
		{E09BC247-32BA-4240-B9C8-5CDDF4BAB2A9}.Demo|Mixed Platforms.ActiveCfg = Debug|Any CPU
		{E09BC247-32BA-4240-B9C8-5CDDF4BAB2A9}.Demo|Mixed Platforms.Build.0 = Debug|Any CPU
		{E09BC247-32BA-4240-B9C8-5CDDF4BAB2A9}.Demo|x86.ActiveCfg = Debug|Any CPU
		{E09BC247-32BA-4240-B9C8-5CDDF4BAB2A9}.Release|Any CPU.ActiveCfg = Release|Any CPU
		{E09BC247-32BA-4240-B9C8-5CDDF4BAB2A9}.Release|Any CPU.Build.0 = Release|Any CPU
		{E09BC247-32BA-4240-B9C8-5CDDF4BAB2A9}.Release|Mixed Platforms.ActiveCfg = Release|Any CPU
		{E09BC247-32BA-4240-B9C8-5CDDF4BAB2A9}.Release|Mixed Platforms.Build.0 = Release|Any CPU
		{E09BC247-32BA-4240-B9C8-5CDDF4BAB2A9}.Release|x86.ActiveCfg = Release|Any CPU
		{D701D33B-3FBB-440C-9AAE-F0E99DFF04F9}.Debug|Any CPU.ActiveCfg = Debug|Any CPU
		{D701D33B-3FBB-440C-9AAE-F0E99DFF04F9}.Debug|Any CPU.Build.0 = Debug|Any CPU
		{D701D33B-3FBB-440C-9AAE-F0E99DFF04F9}.Debug|Mixed Platforms.ActiveCfg = Debug|Any CPU
		{D701D33B-3FBB-440C-9AAE-F0E99DFF04F9}.Debug|Mixed Platforms.Build.0 = Debug|Any CPU
		{D701D33B-3FBB-440C-9AAE-F0E99DFF04F9}.Debug|x86.ActiveCfg = Debug|Any CPU
		{D701D33B-3FBB-440C-9AAE-F0E99DFF04F9}.DebugDinamico|Any CPU.ActiveCfg = Debug|Any CPU
		{D701D33B-3FBB-440C-9AAE-F0E99DFF04F9}.DebugDinamico|Any CPU.Build.0 = Debug|Any CPU
		{D701D33B-3FBB-440C-9AAE-F0E99DFF04F9}.DebugDinamico|Mixed Platforms.ActiveCfg = Debug|Any CPU
		{D701D33B-3FBB-440C-9AAE-F0E99DFF04F9}.DebugDinamico|Mixed Platforms.Build.0 = Debug|Any CPU
		{D701D33B-3FBB-440C-9AAE-F0E99DFF04F9}.DebugDinamico|x86.ActiveCfg = Debug|Any CPU
		{D701D33B-3FBB-440C-9AAE-F0E99DFF04F9}.DebugFramework|Any CPU.ActiveCfg = Debug|Any CPU
		{D701D33B-3FBB-440C-9AAE-F0E99DFF04F9}.DebugFramework|Any CPU.Build.0 = Debug|Any CPU
		{D701D33B-3FBB-440C-9AAE-F0E99DFF04F9}.DebugFramework|Mixed Platforms.ActiveCfg = Debug|Any CPU
		{D701D33B-3FBB-440C-9AAE-F0E99DFF04F9}.DebugFramework|Mixed Platforms.Build.0 = Debug|Any CPU
		{D701D33B-3FBB-440C-9AAE-F0E99DFF04F9}.DebugFramework|x86.ActiveCfg = Debug|Any CPU
		{D701D33B-3FBB-440C-9AAE-F0E99DFF04F9}.DebugMvc|Any CPU.ActiveCfg = Debug|Any CPU
		{D701D33B-3FBB-440C-9AAE-F0E99DFF04F9}.DebugMvc|Any CPU.Build.0 = Debug|Any CPU
		{D701D33B-3FBB-440C-9AAE-F0E99DFF04F9}.DebugMvc|Mixed Platforms.ActiveCfg = Debug|Any CPU
		{D701D33B-3FBB-440C-9AAE-F0E99DFF04F9}.DebugMvc|Mixed Platforms.Build.0 = Debug|Any CPU
		{D701D33B-3FBB-440C-9AAE-F0E99DFF04F9}.DebugMvc|x86.ActiveCfg = Debug|Any CPU
		{D701D33B-3FBB-440C-9AAE-F0E99DFF04F9}.DebugWebForms|Any CPU.ActiveCfg = Debug|Any CPU
		{D701D33B-3FBB-440C-9AAE-F0E99DFF04F9}.DebugWebForms|Mixed Platforms.ActiveCfg = Debug|Any CPU
		{D701D33B-3FBB-440C-9AAE-F0E99DFF04F9}.DebugWebForms|Mixed Platforms.Build.0 = Debug|Any CPU
		{D701D33B-3FBB-440C-9AAE-F0E99DFF04F9}.DebugWebForms|x86.ActiveCfg = Debug|Any CPU
		{D701D33B-3FBB-440C-9AAE-F0E99DFF04F9}.Demo|Any CPU.ActiveCfg = Debug|Any CPU
		{D701D33B-3FBB-440C-9AAE-F0E99DFF04F9}.Demo|Any CPU.Build.0 = Debug|Any CPU
		{D701D33B-3FBB-440C-9AAE-F0E99DFF04F9}.Demo|Mixed Platforms.ActiveCfg = Debug|Any CPU
		{D701D33B-3FBB-440C-9AAE-F0E99DFF04F9}.Demo|Mixed Platforms.Build.0 = Debug|Any CPU
		{D701D33B-3FBB-440C-9AAE-F0E99DFF04F9}.Demo|x86.ActiveCfg = Debug|Any CPU
		{D701D33B-3FBB-440C-9AAE-F0E99DFF04F9}.Release|Any CPU.ActiveCfg = Release|Any CPU
		{D701D33B-3FBB-440C-9AAE-F0E99DFF04F9}.Release|Any CPU.Build.0 = Release|Any CPU
		{D701D33B-3FBB-440C-9AAE-F0E99DFF04F9}.Release|Mixed Platforms.ActiveCfg = Release|Any CPU
		{D701D33B-3FBB-440C-9AAE-F0E99DFF04F9}.Release|Mixed Platforms.Build.0 = Release|Any CPU
		{D701D33B-3FBB-440C-9AAE-F0E99DFF04F9}.Release|x86.ActiveCfg = Release|Any CPU
		{8292DB1E-D760-417B-8620-7024DE3505F2}.Debug|Any CPU.ActiveCfg = Debug|Any CPU
		{8292DB1E-D760-417B-8620-7024DE3505F2}.Debug|Any CPU.Build.0 = Debug|Any CPU
		{8292DB1E-D760-417B-8620-7024DE3505F2}.Debug|Mixed Platforms.ActiveCfg = Debug|Any CPU
		{8292DB1E-D760-417B-8620-7024DE3505F2}.Debug|Mixed Platforms.Build.0 = Debug|Any CPU
		{8292DB1E-D760-417B-8620-7024DE3505F2}.Debug|x86.ActiveCfg = Debug|Any CPU
		{8292DB1E-D760-417B-8620-7024DE3505F2}.DebugDinamico|Any CPU.ActiveCfg = Debug|Any CPU
		{8292DB1E-D760-417B-8620-7024DE3505F2}.DebugDinamico|Any CPU.Build.0 = Debug|Any CPU
		{8292DB1E-D760-417B-8620-7024DE3505F2}.DebugDinamico|Mixed Platforms.ActiveCfg = Debug|Any CPU
		{8292DB1E-D760-417B-8620-7024DE3505F2}.DebugDinamico|Mixed Platforms.Build.0 = Debug|Any CPU
		{8292DB1E-D760-417B-8620-7024DE3505F2}.DebugDinamico|x86.ActiveCfg = Debug|Any CPU
		{8292DB1E-D760-417B-8620-7024DE3505F2}.DebugFramework|Any CPU.ActiveCfg = Debug|Any CPU
		{8292DB1E-D760-417B-8620-7024DE3505F2}.DebugFramework|Any CPU.Build.0 = Debug|Any CPU
		{8292DB1E-D760-417B-8620-7024DE3505F2}.DebugFramework|Mixed Platforms.ActiveCfg = Debug|Any CPU
		{8292DB1E-D760-417B-8620-7024DE3505F2}.DebugFramework|Mixed Platforms.Build.0 = Debug|Any CPU
		{8292DB1E-D760-417B-8620-7024DE3505F2}.DebugFramework|x86.ActiveCfg = Debug|Any CPU
		{8292DB1E-D760-417B-8620-7024DE3505F2}.DebugMvc|Any CPU.ActiveCfg = Debug|Any CPU
		{8292DB1E-D760-417B-8620-7024DE3505F2}.DebugMvc|Any CPU.Build.0 = Debug|Any CPU
		{8292DB1E-D760-417B-8620-7024DE3505F2}.DebugMvc|Mixed Platforms.ActiveCfg = Debug|Any CPU
		{8292DB1E-D760-417B-8620-7024DE3505F2}.DebugMvc|Mixed Platforms.Build.0 = Debug|Any CPU
		{8292DB1E-D760-417B-8620-7024DE3505F2}.DebugMvc|x86.ActiveCfg = Debug|Any CPU
		{8292DB1E-D760-417B-8620-7024DE3505F2}.DebugWebForms|Any CPU.ActiveCfg = Debug|Any CPU
		{8292DB1E-D760-417B-8620-7024DE3505F2}.DebugWebForms|Any CPU.Build.0 = Debug|Any CPU
		{8292DB1E-D760-417B-8620-7024DE3505F2}.DebugWebForms|Mixed Platforms.ActiveCfg = Debug|Any CPU
		{8292DB1E-D760-417B-8620-7024DE3505F2}.DebugWebForms|Mixed Platforms.Build.0 = Debug|Any CPU
		{8292DB1E-D760-417B-8620-7024DE3505F2}.DebugWebForms|x86.ActiveCfg = Debug|Any CPU
		{8292DB1E-D760-417B-8620-7024DE3505F2}.Demo|Any CPU.ActiveCfg = Debug|Any CPU
		{8292DB1E-D760-417B-8620-7024DE3505F2}.Demo|Any CPU.Build.0 = Debug|Any CPU
		{8292DB1E-D760-417B-8620-7024DE3505F2}.Demo|Mixed Platforms.ActiveCfg = Debug|Any CPU
		{8292DB1E-D760-417B-8620-7024DE3505F2}.Demo|Mixed Platforms.Build.0 = Debug|Any CPU
		{8292DB1E-D760-417B-8620-7024DE3505F2}.Demo|x86.ActiveCfg = Debug|Any CPU
		{8292DB1E-D760-417B-8620-7024DE3505F2}.Release|Any CPU.ActiveCfg = Release|Any CPU
		{8292DB1E-D760-417B-8620-7024DE3505F2}.Release|Any CPU.Build.0 = Release|Any CPU
		{8292DB1E-D760-417B-8620-7024DE3505F2}.Release|Mixed Platforms.ActiveCfg = Release|Any CPU
		{8292DB1E-D760-417B-8620-7024DE3505F2}.Release|Mixed Platforms.Build.0 = Release|Any CPU
		{8292DB1E-D760-417B-8620-7024DE3505F2}.Release|x86.ActiveCfg = Release|Any CPU
		{7A9C0479-64AF-4DF1-818C-118866DB8A3D}.Debug|Any CPU.ActiveCfg = Debug|Any CPU
		{7A9C0479-64AF-4DF1-818C-118866DB8A3D}.Debug|Any CPU.Build.0 = Debug|Any CPU
		{7A9C0479-64AF-4DF1-818C-118866DB8A3D}.Debug|Mixed Platforms.ActiveCfg = Debug|Any CPU
		{7A9C0479-64AF-4DF1-818C-118866DB8A3D}.Debug|Mixed Platforms.Build.0 = Debug|Any CPU
		{7A9C0479-64AF-4DF1-818C-118866DB8A3D}.Debug|x86.ActiveCfg = Debug|Any CPU
		{7A9C0479-64AF-4DF1-818C-118866DB8A3D}.DebugDinamico|Any CPU.ActiveCfg = Debug|Any CPU
		{7A9C0479-64AF-4DF1-818C-118866DB8A3D}.DebugDinamico|Any CPU.Build.0 = Debug|Any CPU
		{7A9C0479-64AF-4DF1-818C-118866DB8A3D}.DebugDinamico|Mixed Platforms.ActiveCfg = Debug|Any CPU
		{7A9C0479-64AF-4DF1-818C-118866DB8A3D}.DebugDinamico|Mixed Platforms.Build.0 = Debug|Any CPU
		{7A9C0479-64AF-4DF1-818C-118866DB8A3D}.DebugDinamico|x86.ActiveCfg = Debug|Any CPU
		{7A9C0479-64AF-4DF1-818C-118866DB8A3D}.DebugFramework|Any CPU.ActiveCfg = Debug|Any CPU
		{7A9C0479-64AF-4DF1-818C-118866DB8A3D}.DebugFramework|Any CPU.Build.0 = Debug|Any CPU
		{7A9C0479-64AF-4DF1-818C-118866DB8A3D}.DebugFramework|Mixed Platforms.ActiveCfg = Debug|Any CPU
		{7A9C0479-64AF-4DF1-818C-118866DB8A3D}.DebugFramework|Mixed Platforms.Build.0 = Debug|Any CPU
		{7A9C0479-64AF-4DF1-818C-118866DB8A3D}.DebugFramework|x86.ActiveCfg = Debug|Any CPU
		{7A9C0479-64AF-4DF1-818C-118866DB8A3D}.DebugMvc|Any CPU.ActiveCfg = Debug|Any CPU
		{7A9C0479-64AF-4DF1-818C-118866DB8A3D}.DebugMvc|Any CPU.Build.0 = Debug|Any CPU
		{7A9C0479-64AF-4DF1-818C-118866DB8A3D}.DebugMvc|Mixed Platforms.ActiveCfg = Debug|Any CPU
		{7A9C0479-64AF-4DF1-818C-118866DB8A3D}.DebugMvc|Mixed Platforms.Build.0 = Debug|Any CPU
		{7A9C0479-64AF-4DF1-818C-118866DB8A3D}.DebugMvc|x86.ActiveCfg = Debug|Any CPU
		{7A9C0479-64AF-4DF1-818C-118866DB8A3D}.DebugWebForms|Any CPU.ActiveCfg = Debug|Any CPU
		{7A9C0479-64AF-4DF1-818C-118866DB8A3D}.DebugWebForms|Any CPU.Build.0 = Debug|Any CPU
		{7A9C0479-64AF-4DF1-818C-118866DB8A3D}.DebugWebForms|Mixed Platforms.ActiveCfg = Debug|Any CPU
		{7A9C0479-64AF-4DF1-818C-118866DB8A3D}.DebugWebForms|Mixed Platforms.Build.0 = Debug|Any CPU
		{7A9C0479-64AF-4DF1-818C-118866DB8A3D}.DebugWebForms|x86.ActiveCfg = Debug|Any CPU
		{7A9C0479-64AF-4DF1-818C-118866DB8A3D}.Demo|Any CPU.ActiveCfg = Debug|Any CPU
		{7A9C0479-64AF-4DF1-818C-118866DB8A3D}.Demo|Any CPU.Build.0 = Debug|Any CPU
		{7A9C0479-64AF-4DF1-818C-118866DB8A3D}.Demo|Mixed Platforms.ActiveCfg = Debug|Any CPU
		{7A9C0479-64AF-4DF1-818C-118866DB8A3D}.Demo|Mixed Platforms.Build.0 = Debug|Any CPU
		{7A9C0479-64AF-4DF1-818C-118866DB8A3D}.Demo|x86.ActiveCfg = Debug|Any CPU
		{7A9C0479-64AF-4DF1-818C-118866DB8A3D}.Release|Any CPU.ActiveCfg = Release|Any CPU
		{7A9C0479-64AF-4DF1-818C-118866DB8A3D}.Release|Any CPU.Build.0 = Release|Any CPU
		{7A9C0479-64AF-4DF1-818C-118866DB8A3D}.Release|Mixed Platforms.ActiveCfg = Release|Any CPU
		{7A9C0479-64AF-4DF1-818C-118866DB8A3D}.Release|Mixed Platforms.Build.0 = Release|Any CPU
		{7A9C0479-64AF-4DF1-818C-118866DB8A3D}.Release|x86.ActiveCfg = Release|Any CPU
		{234CD990-8B72-407D-AD6D-B3FBB78DBB39}.Debug|Any CPU.ActiveCfg = Debug|Any CPU
		{234CD990-8B72-407D-AD6D-B3FBB78DBB39}.Debug|Any CPU.Build.0 = Debug|Any CPU
		{234CD990-8B72-407D-AD6D-B3FBB78DBB39}.Debug|Mixed Platforms.ActiveCfg = Debug|Any CPU
		{234CD990-8B72-407D-AD6D-B3FBB78DBB39}.Debug|Mixed Platforms.Build.0 = Debug|Any CPU
		{234CD990-8B72-407D-AD6D-B3FBB78DBB39}.Debug|x86.ActiveCfg = Debug|Any CPU
		{234CD990-8B72-407D-AD6D-B3FBB78DBB39}.DebugDinamico|Any CPU.ActiveCfg = Debug|Any CPU
		{234CD990-8B72-407D-AD6D-B3FBB78DBB39}.DebugDinamico|Any CPU.Build.0 = Debug|Any CPU
		{234CD990-8B72-407D-AD6D-B3FBB78DBB39}.DebugDinamico|Mixed Platforms.ActiveCfg = Debug|Any CPU
		{234CD990-8B72-407D-AD6D-B3FBB78DBB39}.DebugDinamico|Mixed Platforms.Build.0 = Debug|Any CPU
		{234CD990-8B72-407D-AD6D-B3FBB78DBB39}.DebugDinamico|x86.ActiveCfg = Debug|Any CPU
		{234CD990-8B72-407D-AD6D-B3FBB78DBB39}.DebugFramework|Any CPU.ActiveCfg = Debug|Any CPU
		{234CD990-8B72-407D-AD6D-B3FBB78DBB39}.DebugFramework|Any CPU.Build.0 = Debug|Any CPU
		{234CD990-8B72-407D-AD6D-B3FBB78DBB39}.DebugFramework|Mixed Platforms.ActiveCfg = Debug|Any CPU
		{234CD990-8B72-407D-AD6D-B3FBB78DBB39}.DebugFramework|Mixed Platforms.Build.0 = Debug|Any CPU
		{234CD990-8B72-407D-AD6D-B3FBB78DBB39}.DebugFramework|x86.ActiveCfg = Debug|Any CPU
		{234CD990-8B72-407D-AD6D-B3FBB78DBB39}.DebugMvc|Any CPU.ActiveCfg = Debug|Any CPU
		{234CD990-8B72-407D-AD6D-B3FBB78DBB39}.DebugMvc|Any CPU.Build.0 = Debug|Any CPU
		{234CD990-8B72-407D-AD6D-B3FBB78DBB39}.DebugMvc|Mixed Platforms.ActiveCfg = Debug|Any CPU
		{234CD990-8B72-407D-AD6D-B3FBB78DBB39}.DebugMvc|Mixed Platforms.Build.0 = Debug|Any CPU
		{234CD990-8B72-407D-AD6D-B3FBB78DBB39}.DebugMvc|x86.ActiveCfg = Debug|Any CPU
		{234CD990-8B72-407D-AD6D-B3FBB78DBB39}.DebugWebForms|Any CPU.ActiveCfg = Debug|Any CPU
		{234CD990-8B72-407D-AD6D-B3FBB78DBB39}.DebugWebForms|Any CPU.Build.0 = Debug|Any CPU
		{234CD990-8B72-407D-AD6D-B3FBB78DBB39}.DebugWebForms|Mixed Platforms.ActiveCfg = Debug|Any CPU
		{234CD990-8B72-407D-AD6D-B3FBB78DBB39}.DebugWebForms|Mixed Platforms.Build.0 = Debug|Any CPU
		{234CD990-8B72-407D-AD6D-B3FBB78DBB39}.DebugWebForms|x86.ActiveCfg = Debug|Any CPU
		{234CD990-8B72-407D-AD6D-B3FBB78DBB39}.Demo|Any CPU.ActiveCfg = Debug|Any CPU
		{234CD990-8B72-407D-AD6D-B3FBB78DBB39}.Demo|Any CPU.Build.0 = Debug|Any CPU
		{234CD990-8B72-407D-AD6D-B3FBB78DBB39}.Demo|Mixed Platforms.ActiveCfg = Debug|Any CPU
		{234CD990-8B72-407D-AD6D-B3FBB78DBB39}.Demo|Mixed Platforms.Build.0 = Debug|Any CPU
		{234CD990-8B72-407D-AD6D-B3FBB78DBB39}.Demo|x86.ActiveCfg = Debug|Any CPU
		{234CD990-8B72-407D-AD6D-B3FBB78DBB39}.Release|Any CPU.ActiveCfg = Release|Any CPU
		{234CD990-8B72-407D-AD6D-B3FBB78DBB39}.Release|Any CPU.Build.0 = Release|Any CPU
		{234CD990-8B72-407D-AD6D-B3FBB78DBB39}.Release|Mixed Platforms.ActiveCfg = Release|Any CPU
		{234CD990-8B72-407D-AD6D-B3FBB78DBB39}.Release|Mixed Platforms.Build.0 = Release|Any CPU
		{234CD990-8B72-407D-AD6D-B3FBB78DBB39}.Release|x86.ActiveCfg = Release|Any CPU
	EndGlobalSection
	GlobalSection(SolutionProperties) = preSolution
		HideSolutionNode = FALSE
	EndGlobalSection
	GlobalSection(NestedProjects) = preSolution
		{E74B5507-F3B1-439D-BA8E-F5E923B327CA} = {3D81A7C9-BB9E-4D94-B502-6DBDF048FD96}
		{CC6F803A-2270-4B3B-8664-0C41C4A1F8AE} = {3D81A7C9-BB9E-4D94-B502-6DBDF048FD96}
		{3C49EAD0-C3FF-406F-8290-23229BD4BADF} = {3D81A7C9-BB9E-4D94-B502-6DBDF048FD96}
		{04E4D1B1-EE03-488C-B53D-989700FE6018} = {3D81A7C9-BB9E-4D94-B502-6DBDF048FD96}
		{0AFCEA00-8510-48F6-B949-22796F899C77} = {E74B5507-F3B1-439D-BA8E-F5E923B327CA}
		{F3C813FE-C51B-4C10-85E2-FD2560E73E72} = {D652AD73-CA2A-4EFA-A46D-0F7FCAC84AE2}
		{E1A4B329-2EA0-445E-B22F-08DBAD0DF497} = {D652AD73-CA2A-4EFA-A46D-0F7FCAC84AE2}
		{84876FD2-9055-4A02-A163-1495E5659BC7} = {D652AD73-CA2A-4EFA-A46D-0F7FCAC84AE2}
		{4B026365-D03B-40B4-862B-11608BA756B0} = {D652AD73-CA2A-4EFA-A46D-0F7FCAC84AE2}
		{A2CD1737-E43B-4A1B-B5CD-0467FEBC514D} = {D652AD73-CA2A-4EFA-A46D-0F7FCAC84AE2}
		{10F7C179-B92D-4FCA-B78C-011E428D0CA3} = {D652AD73-CA2A-4EFA-A46D-0F7FCAC84AE2}
		{D701D33B-3FBB-440C-9AAE-F0E99DFF04F9} = {D652AD73-CA2A-4EFA-A46D-0F7FCAC84AE2}
		{8292DB1E-D760-417B-8620-7024DE3505F2} = {D652AD73-CA2A-4EFA-A46D-0F7FCAC84AE2}
		{7A9C0479-64AF-4DF1-818C-118866DB8A3D} = {D652AD73-CA2A-4EFA-A46D-0F7FCAC84AE2}
		{234CD990-8B72-407D-AD6D-B3FBB78DBB39} = {D652AD73-CA2A-4EFA-A46D-0F7FCAC84AE2}
		{AA0C3414-F509-44A2-A677-409DE6B49B1C} = {59E8CCC9-1A61-489B-8605-61D5654D4DF4}
		{D42D096E-399D-4618-AEB4-9B023BA1316D} = {59E8CCC9-1A61-489B-8605-61D5654D4DF4}
		{CEE6525F-F502-4890-AA36-7B8755A5E47D} = {59E8CCC9-1A61-489B-8605-61D5654D4DF4}
		{5B744FE6-34F6-4BEC-A500-570D703BB946} = {CC6F803A-2270-4B3B-8664-0C41C4A1F8AE}
		{4508EBF5-CF13-47DD-942E-72E34B26FE48} = {CC6F803A-2270-4B3B-8664-0C41C4A1F8AE}
		{0F286C8B-A322-43E6-B02C-F118BF29D3D5} = {AA0C3414-F509-44A2-A677-409DE6B49B1C}
		{77B21028-EA50-4CED-8334-307E836B0ECB} = {AA0C3414-F509-44A2-A677-409DE6B49B1C}
		{250D978B-3C2C-4151-9A69-B36F3F53E8B8} = {AA0C3414-F509-44A2-A677-409DE6B49B1C}
		{998A9799-37C5-4BD8-9393-B8094D085B40} = {AA0C3414-F509-44A2-A677-409DE6B49B1C}
		{1073F608-638A-463D-983A-CAB48AAC83DE} = {AA0C3414-F509-44A2-A677-409DE6B49B1C}
		{F5DFFD06-3789-4D9F-AC67-00F7ACC9198B} = {AA0C3414-F509-44A2-A677-409DE6B49B1C}
		{92022CD3-9BDC-4E5B-BB9D-2D47531BEBF1} = {C69DDE3C-8B79-4DDC-867B-C461F605AAA7}
		{72A36B7B-87AD-4E5F-AD85-BBECAA5B8322} = {C69DDE3C-8B79-4DDC-867B-C461F605AAA7}
		{E09BC247-32BA-4240-B9C8-5CDDF4BAB2A9} = {C69DDE3C-8B79-4DDC-867B-C461F605AAA7}
		{68ABA761-8210-4BE8-9F6D-6D3A69D273B0} = {4508EBF5-CF13-47DD-942E-72E34B26FE48}
		{18314BAF-CA7C-491D-9CBF-0B458B8E150B} = {4508EBF5-CF13-47DD-942E-72E34B26FE48}
		{CCE2DE93-7719-48BA-80E7-20E8C52BAEBE} = {4508EBF5-CF13-47DD-942E-72E34B26FE48}
		{541230E3-044D-4B21-90EB-B93B491C6AFE} = {4508EBF5-CF13-47DD-942E-72E34B26FE48}
		{97670B82-7B2E-4EE4-8527-8342877AD08C} = {4508EBF5-CF13-47DD-942E-72E34B26FE48}
		{F4E05C2E-256E-4C71-9AE3-6CFF8F8D997C} = {4508EBF5-CF13-47DD-942E-72E34B26FE48}
		{B6189255-B554-4AE8-9F31-13E693BD7F67} = {4508EBF5-CF13-47DD-942E-72E34B26FE48}
		{9D0BACB7-1032-4E80-94FE-22515CE821B3} = {4508EBF5-CF13-47DD-942E-72E34B26FE48}
		{B3835F3D-C170-49C8-A4FC-CA52F0714B83} = {68ABA761-8210-4BE8-9F6D-6D3A69D273B0}
		{B0AF013A-2386-4774-8EE6-FB5AE43390B2} = {18314BAF-CA7C-491D-9CBF-0B458B8E150B}
		{F00EA637-6C32-4504-A248-AB6E5B7D395D} = {B0AF013A-2386-4774-8EE6-FB5AE43390B2}
		{9C9945AF-7DE6-459D-A783-C026E5B7F596} = {541230E3-044D-4B21-90EB-B93B491C6AFE}
		{A4646281-64FB-4CE0-A3D7-9167070FF19A} = {B3835F3D-C170-49C8-A4FC-CA52F0714B83}
	EndGlobalSection
EndGlobal
