
Microsoft Visual Studio Solution File, Format Version 10.00
# Visual Studio 2008
Project("{FAE04EC0-301F-11D3-BF4B-00C04F79EFBC}") = "Scrum", "Scrum.csproj", "{5ACE012F-5031-45F2-ABB9-AC3C23C692C6}"
EndProject
Project("{FAE04EC0-301F-11D3-BF4B-00C04F79EFBC}") = "N2.Templates", "..\..\N2.Templates.csproj", "{D42D096E-399D-4618-AEB4-9B023BA1316D}"
EndProject
Project("{FAE04EC0-301F-11D3-BF4B-00C04F79EFBC}") = "N2", "..\..\..\N2\N2.csproj", "{F3C813FE-C51B-4C10-85E2-FD2560E73E72}"
EndProject
Project("{FAE04EC0-301F-11D3-BF4B-00C04F79EFBC}") = "N2.Security", "..\..\..\N2.Security\N2.Security.csproj", "{CB6A29C5-8355-4C4C-B437-619F652B7540}"
EndProject
Global
	GlobalSection(SolutionConfigurationPlatforms) = preSolution
		Debug|Any CPU = Debug|Any CPU
		Release|Any CPU = Release|Any CPU
	EndGlobalSection
	GlobalSection(ProjectConfigurationPlatforms) = postSolution
		{5ACE012F-5031-45F2-ABB9-AC3C23C692C6}.Debug|Any CPU.ActiveCfg = Debug|Any CPU
		{5ACE012F-5031-45F2-ABB9-AC3C23C692C6}.Debug|Any CPU.Build.0 = Debug|Any CPU
		{5ACE012F-5031-45F2-ABB9-AC3C23C692C6}.Release|Any CPU.ActiveCfg = Release|Any CPU
		{5ACE012F-5031-45F2-ABB9-AC3C23C692C6}.Release|Any CPU.Build.0 = Release|Any CPU
		{D42D096E-399D-4618-AEB4-9B023BA1316D}.Debug|Any CPU.ActiveCfg = Debug|Any CPU
		{D42D096E-399D-4618-AEB4-9B023BA1316D}.Debug|Any CPU.Build.0 = Debug|Any CPU
		{D42D096E-399D-4618-AEB4-9B023BA1316D}.Release|Any CPU.ActiveCfg = Release|Any CPU
		{D42D096E-399D-4618-AEB4-9B023BA1316D}.Release|Any CPU.Build.0 = Release|Any CPU
		{F3C813FE-C51B-4C10-85E2-FD2560E73E72}.Debug|Any CPU.ActiveCfg = Debug|Any CPU
		{F3C813FE-C51B-4C10-85E2-FD2560E73E72}.Debug|Any CPU.Build.0 = Debug|Any CPU
		{F3C813FE-C51B-4C10-85E2-FD2560E73E72}.Release|Any CPU.ActiveCfg = Release|Any CPU
		{F3C813FE-C51B-4C10-85E2-FD2560E73E72}.Release|Any CPU.Build.0 = Release|Any CPU
		{CB6A29C5-8355-4C4C-B437-619F652B7540}.Debug|Any CPU.ActiveCfg = Debug|Any CPU
		{CB6A29C5-8355-4C4C-B437-619F652B7540}.Debug|Any CPU.Build.0 = Debug|Any CPU
		{CB6A29C5-8355-4C4C-B437-619F652B7540}.Release|Any CPU.ActiveCfg = Release|Any CPU
		{CB6A29C5-8355-4C4C-B437-619F652B7540}.Release|Any CPU.Build.0 = Release|Any CPU
	EndGlobalSection
	GlobalSection(SolutionProperties) = preSolution
		HideSolutionNode = FALSE
	EndGlobalSection
EndGlobal
